
Microsoft Visual Studio Solution File, Format Version 12.00
# Visual Studio 15
VisualStudioVersion = 15.0.26430.15
MinimumVisualStudioVersion = 10.0.40219.1
Project("{8BC9CEB8-8B4A-11D0-8D11-00A0C91BC942}") = "proxyd-shared", "src\proxyd\proxyd-shared.vcxitems", "{C0464CB1-8C41-40CB-ADDC-99A256FD5978}"
EndProject
Project("{8BC9CEB8-8B4A-11D0-8D11-00A0C91BC942}") = "proxyd-win32", "src\proxyd\proxyd-win32.vcxproj", "{84B34344-F7EC-4AC3-BDFF-CEDE60BDF195}"
EndProject
Project("{2150E333-8FDC-42A3-9474-1A3956D46DE8}") = "lib", "lib", "{F3B6C968-6933-4CCF-823E-A47F72C43C0B}"
	ProjectSection(SolutionItems) = preProject
		CMakeLists.txt = CMakeLists.txt
	EndProjectSection
EndProject
Project("{2150E333-8FDC-42A3-9474-1A3956D46DE8}") = "libiotsdk", "libiotsdk", "{BEBC5CE8-1655-4A51-9BF6-AB245F7BF69E}"
	ProjectSection(SolutionItems) = preProject
		src\libiotsdk\CMakeLists.txt = src\libiotsdk\CMakeLists.txt
	EndProjectSection
EndProject
Project("{8BC9CEB8-8B4A-11D0-8D11-00A0C91BC942}") = "libiotsdk-shared", "src\libiotsdk\libiotsdk-shared.vcxitems", "{45D41ACC-2C3C-43D2-BC10-02AA73FFC7C7}"
EndProject
Project("{8BC9CEB8-8B4A-11D0-8D11-00A0C91BC942}") = "libiotsdk-win32", "src\libiotsdk\libiotsdk-win32.vcxproj", "{6D8BE690-5BD5-4964-8C98-C18E6117877F}"
EndProject
Project("{2150E333-8FDC-42A3-9474-1A3956D46DE8}") = "libproxy", "libproxy", "{7AF09A3A-9349-4AAF-8F63-91168D99AFD3}"
	ProjectSection(SolutionItems) = preProject
		src\libproxy\CMakeLists.txt = src\libproxy\CMakeLists.txt
	EndProjectSection
EndProject
Project("{8BC9CEB8-8B4A-11D0-8D11-00A0C91BC942}") = "libproxy-shared", "src\libproxy\libproxy-shared.vcxitems", "{4A4BCE85-9D92-4B68-92E9-F010C82E3A5F}"
EndProject
Project("{8BC9CEB8-8B4A-11D0-8D11-00A0C91BC942}") = "libproxy-win32-dll", "src\libproxy\libproxy-win32.vcxproj", "{0F7E0590-FCEF-4FD9-AC3D-8A202DFC20C3}"
EndProject
Project("{8BC9CEB8-8B4A-11D0-8D11-00A0C91BC942}") = "libproxy-win32-lib", "src\libproxy\libproxy-win32-static.vcxproj", "{697C4297-7BB2-4810-8947-BA87EE399EA5}"
EndProject
Project("{2150E333-8FDC-42A3-9474-1A3956D46DE8}") = "libzlog", "libzlog", "{6CFB85CE-0674-4FAA-8E68-E53602AE53B2}"
	ProjectSection(SolutionItems) = preProject
		src\libzlog\CMakeLists.txt = src\libzlog\CMakeLists.txt
	EndProjectSection
EndProject
Project("{8BC9CEB8-8B4A-11D0-8D11-00A0C91BC942}") = "libzlog-shared", "src\libzlog\libzlog-shared.vcxitems", "{9DE32F51-262E-471C-B74B-8189FD1920F8}"
EndProject
Project("{8BC9CEB8-8B4A-11D0-8D11-00A0C91BC942}") = "libzlog-win32", "src\libzlog\libzlog-win32.vcxproj", "{B1F92E2E-23C2-48E8-94BA-2D73DCE95EBC}"
EndProject
Project("{2150E333-8FDC-42A3-9474-1A3956D46DE8}") = "test", "test", "{8F397D5C-F766-4E5E-AE7C-FA2441CD95E0}"
	ProjectSection(SolutionItems) = preProject
		test\CMakeLists.txt = test\CMakeLists.txt
	EndProjectSection
EndProject
Project("{2150E333-8FDC-42A3-9474-1A3956D46DE8}") = "libproxy-ut", "libproxy-ut", "{271F4EB5-982D-49B8-953F-B79CEFA81791}"
EndProject
Project("{2150E333-8FDC-42A3-9474-1A3956D46DE8}") = "libpal-ut", "libpal-ut", "{28565ADA-69BA-4564-B276-972AC7354845}"
	ProjectSection(SolutionItems) = preProject
		test\ut\libpal\CMakeLists.txt = test\ut\libpal\CMakeLists.txt
	EndProjectSection
EndProject
Project("{8BC9CEB8-8B4A-11D0-8D11-00A0C91BC942}") = "libpal-win-ut-shared", "test\ut\libpal\libpal-win-ut-shared.vcxitems", "{1EFB4D4D-6CD7-4FD7-B203-5A1CB8076F2B}"
EndProject
Project("{8BC9CEB8-8B4A-11D0-8D11-00A0C91BC942}") = "libpal-win-ut-win32", "test\ut\libpal\libpal-win-ut-win32.vcxproj", "{CC3F298F-E748-43A7-8662-9C99985D76BB}"
EndProject
Project("{2150E333-8FDC-42A3-9474-1A3956D46DE8}") = "libtest", "libtest", "{BDD885BC-4738-4F91-A6AE-03A3186719C7}"
	ProjectSection(SolutionItems) = preProject
		test\libtest\CMakeLists.txt = test\libtest\CMakeLists.txt
	EndProjectSection
EndProject
Project("{8BC9CEB8-8B4A-11D0-8D11-00A0C91BC942}") = "libtest-shared", "test\libtest\libtest-shared.vcxitems", "{225282AE-47FC-4538-B087-795AC8FB1160}"
EndProject
Project("{8BC9CEB8-8B4A-11D0-8D11-00A0C91BC942}") = "libtest-win32", "test\libtest\libtest-win32.vcxproj", "{92CB9ACB-6141-43CA-B4FD-CD59287A1C7B}"
EndProject
Project("{2150E333-8FDC-42A3-9474-1A3956D46DE8}") = "libproto", "libproto", "{778ABE3A-7FB9-49A4-9B23-9C10DE02061C}"
	ProjectSection(SolutionItems) = preProject
		test\libproto\CMakeLists.txt = test\libproto\CMakeLists.txt
	EndProjectSection
EndProject
Project("{8BC9CEB8-8B4A-11D0-8D11-00A0C91BC942}") = "libpal-linux-ut-shared", "test\ut\libpal\libpal-linux-ut-shared.vcxitems", "{277304A3-797B-4A63-8CA9-3CF5DDC4AEC0}"
EndProject
Project("{8BC9CEB8-8B4A-11D0-8D11-00A0C91BC942}") = "libpal-linux-ut-win32", "test\ut\libpal\libpal-linux-ut-win32.vcxproj", "{68359CF7-6F9F-4288-90EA-F70355C67F89}"
EndProject
Project("{8BC9CEB8-8B4A-11D0-8D11-00A0C91BC942}") = "libpal-posix-ut-shared", "test\ut\libpal\libpal-posix-ut-shared.vcxitems", "{7B4328FB-B71D-4F2B-9CC6-140FA4AF8581}"
EndProject
Project("{8BC9CEB8-8B4A-11D0-8D11-00A0C91BC942}") = "libpal-posix-ut-win32", "test\ut\libpal\libpal-posix-ut-win32.vcxproj", "{58332CF7-6F9F-5588-90EA-A70365C67F89}"
EndProject
Project("{8BC9CEB8-8B4A-11D0-8D11-00A0C91BC942}") = "libproxy-ut-shared", "test\ut\libproxy\libproxy-ut-shared.vcxitems", "{782AEA3C-62AC-4C34-B5C2-AC8F879A2C9A}"
EndProject
Project("{8BC9CEB8-8B4A-11D0-8D11-00A0C91BC942}") = "libproxy-ut-win32", "test\ut\libproxy\libproxy-ut-win32.vcxproj", "{64B34344-F7EC-4AC3-BDFF-CEDE60BDF196}"
EndProject
Project("{8BC9CEB8-8B4A-11D0-8D11-00A0C91BC942}") = "libproto-shared", "test\libproto\libproto-shared.vcxitems", "{782AEA3C-5234-4C34-B5C2-BE8F879A2C9F}"
EndProject
Project("{8BC9CEB8-8B4A-11D0-8D11-00A0C91BC942}") = "libproto-win32", "test\libproto\libproto-win32.vcxproj", "{23153B11-AF0A-4BBA-85E0-390D0B3BFC89}"
EndProject
Project("{2150E333-8FDC-42A3-9474-1A3956D46DE8}") = "ut", "ut", "{42A51C94-22B7-4B33-B830-E0E80FD65655}"
EndProject
Project("{2150E333-8FDC-42A3-9474-1A3956D46DE8}") = "fuzz", "fuzz", "{6BF81736-464E-47B6-A066-D50C84F5FEAD}"
	ProjectSection(SolutionItems) = preProject
		test\fuzz\CMakeLists.txt = test\fuzz\CMakeLists.txt
	EndProjectSection
EndProject
Project("{8BC9CEB8-8B4A-11D0-8D11-00A0C91BC942}") = "protofuzz-win32", "test\fuzz\protofuzz-win32.vcxproj", "{57ABCB70-35DC-429B-B1F3-70A72343DCFF}"
EndProject
Project("{8BC9CEB8-8B4A-11D0-8D11-00A0C91BC942}") = "protofuzz-shared", "test\fuzz\protofuzz-shared.vcxitems", "{89EB2816-6F2D-4528-8D68-6CFCCE11FF53}"
EndProject
Project("{8BC9CEB8-8B4A-11D0-8D11-00A0C91BC942}") = "csfuzz-shared", "test\fuzz\csfuzz-shared.vcxitems", "{FA8CD31F-B6CE-4B67-91C8-CAD6D6FD359D}"
EndProject
Project("{8BC9CEB8-8B4A-11D0-8D11-00A0C91BC942}") = "csfuzz-win32", "test\fuzz\csfuzz-win32.vcxproj", "{7F223A58-4227-4050-97B9-09122EA95111}"
EndProject
Project("{8BC9CEB8-8B4A-11D0-8D11-00A0C91BC942}") = "nsfuzz-shared", "test\fuzz\nsfuzz-shared.vcxitems", "{052C3823-365A-44C1-99A0-65519D4ABE45}"
EndProject
Project("{8BC9CEB8-8B4A-11D0-8D11-00A0C91BC942}") = "nsfuzz-win32", "test\fuzz\nsfuzz-win32.vcxproj", "{14E801B2-B66E-4E65-9B4F-0A8DEF4A2230}"
EndProject
Project("{2150E333-8FDC-42A3-9474-1A3956D46DE8}") = "libdnssd", "libdnssd", "{D2423592-3B23-460C-AFFE-6F43EE7041C2}"
	ProjectSection(SolutionItems) = preProject
		src\libdnssd\CMakeLists.txt = src\libdnssd\CMakeLists.txt
	EndProjectSection
EndProject
Project("{8BC9CEB8-8B4A-11D0-8D11-00A0C91BC942}") = "libdnssd-shared", "src\libdnssd\libdnssd-shared.vcxitems", "{7348426C-23DA-4E24-87AF-243EEB2F326C}"
EndProject
Project("{8BC9CEB8-8B4A-11D0-8D11-00A0C91BC942}") = "libdnssd-win32-dll", "src\libdnssd\libdnssd-win32.vcxproj", "{2BFC69D2-0912-4C08-9B6C-2AF422FA823B}"
EndProject
Project("{2150E333-8FDC-42A3-9474-1A3956D46DE8}") = "it", "it", "{336CD919-0983-4B2D-AA0F-F6595A1D7404}"
EndProject
Project("{8BC9CEB8-8B4A-11D0-8D11-00A0C91BC942}") = "libproxy-it-win32", "test\it\libproxy-it-win32.vcxproj", "{14F901B2-C66E-4E65-AB4F-5A8DEF4A3230}"
EndProject
Project("{8BC9CEB8-8B4A-11D0-8D11-00A0C91BC942}") = "libproxy-it-shared", "test\it\libproxy-it-shared.vcxitems", "{AED68C23-54CE-4BB9-BCBB-C5CDD38CC622}"
EndProject
Project("{8BC9CEB8-8B4A-11D0-8D11-00A0C91BC942}") = "libpal-darwin-ut-shared", "test\ut\libpal\libpal-darwin-ut-shared.vcxitems", "{193E3E89-A1FC-47B7-86E4-CCE49D070697}"
EndProject
Project("{8BC9CEB8-8B4A-11D0-8D11-00A0C91BC942}") = "libpal-darwin-ut-win32", "test\ut\libpal\libpal-darwin-ut-win32.vcxproj", "{0211F93C-055A-4724-9E1E-A3772F2A8855}"
EndProject
Project("{8BC9CEB8-8B4A-11D0-8D11-00A0C91BC942}") = "libdnssd-win32-lib", "src\libdnssd\libdnssd-win32-static.vcxproj", "{7ADC69D2-1912-4D23-9B6C-2FA423FA823B}"
EndProject
Global
	GlobalSection(SharedMSBuildProjectFiles) = preSolution
		test\ut\libpal\libpal-darwin-ut-shared.vcxitems*{0211f93c-055a-4724-9e1e-a3772f2a8855}*SharedItemsImports = 4
		test\fuzz\nsfuzz-shared.vcxitems*{052c3823-365a-44c1-99a0-65519d4abe45}*SharedItemsImports = 9
		src\libproxy\libproxy-shared.vcxitems*{0f7e0590-fcef-4fd9-ac3d-8a202dfc20c3}*SharedItemsImports = 4
		test\fuzz\nsfuzz-shared.vcxitems*{14e801b2-b66e-4e65-9b4f-0a8def4a2230}*SharedItemsImports = 4
		test\it\libproxy-it-shared.vcxitems*{14f901b2-c66e-4e65-ab4f-5a8def4a3230}*SharedItemsImports = 4
		test\ut\libpal\libpal-darwin-ut-shared.vcxitems*{193e3e89-a1fc-47b7-86e4-cce49d070697}*SharedItemsImports = 9
		test\ut\libpal\libpal-win-ut-shared.vcxitems*{1efb4d4d-6cd7-4fd7-b203-5a1cb8076f2b}*SharedItemsImports = 9
		test\libtest\libtest-shared.vcxitems*{225282ae-47fc-4538-b087-795ac8fb1160}*SharedItemsImports = 9
		test\libproto\libproto-shared.vcxitems*{23153b11-af0a-4bba-85e0-390d0b3bfc89}*SharedItemsImports = 4
		test\ut\libpal\libpal-linux-ut-shared.vcxitems*{277304a3-797b-4a63-8ca9-3cf5ddc4aec0}*SharedItemsImports = 9
		src\libdnssd\libdnssd-shared.vcxitems*{2bfc69d2-0912-4c08-9b6c-2af422fa823b}*SharedItemsImports = 4
		src\libiotsdk\libiotsdk-shared.vcxitems*{45d41acc-2c3c-43d2-bc10-02aa73ffc7c7}*SharedItemsImports = 9
		src\libproxy\libproxy-shared.vcxitems*{4a4bce85-9d92-4b68-92e9-f010c82e3a5f}*SharedItemsImports = 9
		test\fuzz\protofuzz-shared.vcxitems*{57abcb70-35dc-429b-b1f3-70a72343dcff}*SharedItemsImports = 4
		test\libproto\libproto-shared.vcxitems*{57abcb70-35dc-429b-b1f3-70a72343dcff}*SharedItemsImports = 4
		test\ut\libpal\libpal-posix-ut-shared.vcxitems*{58332cf7-6f9f-5588-90ea-a70365c67f89}*SharedItemsImports = 4
		test\ut\libproxy\libproxy-ut-shared.vcxitems*{64b34344-f7ec-4ac3-bdff-cede60bdf196}*SharedItemsImports = 4
		test\ut\libpal\libpal-linux-ut-shared.vcxitems*{68359cf7-6f9f-4288-90ea-f70355c67f89}*SharedItemsImports = 4
		src\libproxy\libproxy-shared.vcxitems*{697c4297-7bb2-4810-8947-ba87ee399ea5}*SharedItemsImports = 4
		src\libiotsdk\libiotsdk-shared.vcxitems*{6d8be690-5bd5-4964-8c98-c18e6117877f}*SharedItemsImports = 4
		src\libdnssd\libdnssd-shared.vcxitems*{7348426c-23da-4e24-87af-243eeb2f326c}*SharedItemsImports = 9
		test\libproto\libproto-shared.vcxitems*{782aea3c-5234-4c34-b5c2-be8f879a2c9f}*SharedItemsImports = 9
		test\ut\libproxy\libproxy-ut-shared.vcxitems*{782aea3c-62ac-4c34-b5c2-ac8f879a2c9a}*SharedItemsImports = 9
		src\libdnssd\libdnssd-shared.vcxitems*{7adc69d2-1912-4d23-9b6c-2fa423fa823b}*SharedItemsImports = 4
		test\ut\libpal\libpal-posix-ut-shared.vcxitems*{7b4328fb-b71d-4f2b-9cc6-140fa4af8581}*SharedItemsImports = 9
		test\fuzz\csfuzz-shared.vcxitems*{7f223a58-4227-4050-97b9-09122ea95111}*SharedItemsImports = 4
		src\proxyd\proxyd-shared.vcxitems*{84b34344-f7ec-4ac3-bdff-cede60bdf195}*SharedItemsImports = 4
		test\fuzz\protofuzz-shared.vcxitems*{89eb2816-6f2d-4528-8d68-6cfcce11ff53}*SharedItemsImports = 9
		test\libtest\libtest-shared.vcxitems*{92cb9acb-6141-43ca-b4fd-cd59287a1c7b}*SharedItemsImports = 4
		src\libzlog\libzlog-shared.vcxitems*{9de32f51-262e-471c-b74b-8189fd1920f8}*SharedItemsImports = 9
		test\it\libproxy-it-shared.vcxitems*{aed68c23-54ce-4bb9-bcbb-c5cdd38cc622}*SharedItemsImports = 9
		src\libzlog\libzlog-shared.vcxitems*{b1f92e2e-23c2-48e8-94ba-2d73dce95ebc}*SharedItemsImports = 4
		src\proxyd\proxyd-shared.vcxitems*{c0464cb1-8c41-40cb-addc-99a256fd5978}*SharedItemsImports = 9
		test\ut\libpal\libpal-win-ut-shared.vcxitems*{cc3f298f-e748-43a7-8662-9c99985d76bb}*SharedItemsImports = 4
		test\fuzz\csfuzz-shared.vcxitems*{fa8cd31f-b6ce-4b67-91c8-cad6d6fd359d}*SharedItemsImports = 9
	EndGlobalSection
	GlobalSection(SolutionConfigurationPlatforms) = preSolution
		Debug|ARM = Debug|ARM
		Debug|ARM64 = Debug|ARM64
		Debug|x64 = Debug|x64
		Debug|x86 = Debug|x86
		Release|ARM = Release|ARM
		Release|ARM64 = Release|ARM64
		Release|x64 = Release|x64
		Release|x86 = Release|x86
	EndGlobalSection
	GlobalSection(ProjectConfigurationPlatforms) = postSolution
		{84B34344-F7EC-4AC3-BDFF-CEDE60BDF195}.Debug|ARM.ActiveCfg = Debug|ARM
		{84B34344-F7EC-4AC3-BDFF-CEDE60BDF195}.Debug|ARM.Build.0 = Debug|ARM
		{84B34344-F7EC-4AC3-BDFF-CEDE60BDF195}.Debug|ARM64.ActiveCfg = Debug|ARM64
		{84B34344-F7EC-4AC3-BDFF-CEDE60BDF195}.Debug|ARM64.Build.0 = Debug|ARM64
		{84B34344-F7EC-4AC3-BDFF-CEDE60BDF195}.Debug|x64.ActiveCfg = Debug|x64
		{84B34344-F7EC-4AC3-BDFF-CEDE60BDF195}.Debug|x64.Build.0 = Debug|x64
		{84B34344-F7EC-4AC3-BDFF-CEDE60BDF195}.Debug|x86.ActiveCfg = Debug|Win32
		{84B34344-F7EC-4AC3-BDFF-CEDE60BDF195}.Debug|x86.Build.0 = Debug|Win32
		{84B34344-F7EC-4AC3-BDFF-CEDE60BDF195}.Release|ARM.ActiveCfg = Release|Win32
		{84B34344-F7EC-4AC3-BDFF-CEDE60BDF195}.Release|ARM.Build.0 = Release|Win32
		{84B34344-F7EC-4AC3-BDFF-CEDE60BDF195}.Release|ARM64.ActiveCfg = Release|ARM64
		{84B34344-F7EC-4AC3-BDFF-CEDE60BDF195}.Release|ARM64.Build.0 = Release|ARM64
		{84B34344-F7EC-4AC3-BDFF-CEDE60BDF195}.Release|x64.ActiveCfg = Release|x64
		{84B34344-F7EC-4AC3-BDFF-CEDE60BDF195}.Release|x64.Build.0 = Release|x64
		{84B34344-F7EC-4AC3-BDFF-CEDE60BDF195}.Release|x86.ActiveCfg = Release|Win32
		{84B34344-F7EC-4AC3-BDFF-CEDE60BDF195}.Release|x86.Build.0 = Release|Win32
		{6D8BE690-5BD5-4964-8C98-C18E6117877F}.Debug|ARM.ActiveCfg = Debug|ARM
		{6D8BE690-5BD5-4964-8C98-C18E6117877F}.Debug|ARM.Build.0 = Debug|ARM
		{6D8BE690-5BD5-4964-8C98-C18E6117877F}.Debug|ARM64.ActiveCfg = Debug|ARM64
		{6D8BE690-5BD5-4964-8C98-C18E6117877F}.Debug|ARM64.Build.0 = Debug|ARM64
		{6D8BE690-5BD5-4964-8C98-C18E6117877F}.Debug|x64.ActiveCfg = Debug|x64
		{6D8BE690-5BD5-4964-8C98-C18E6117877F}.Debug|x64.Build.0 = Debug|x64
		{6D8BE690-5BD5-4964-8C98-C18E6117877F}.Debug|x86.ActiveCfg = Debug|Win32
		{6D8BE690-5BD5-4964-8C98-C18E6117877F}.Debug|x86.Build.0 = Debug|Win32
		{6D8BE690-5BD5-4964-8C98-C18E6117877F}.Release|ARM.ActiveCfg = Release|Win32
		{6D8BE690-5BD5-4964-8C98-C18E6117877F}.Release|ARM.Build.0 = Release|Win32
		{6D8BE690-5BD5-4964-8C98-C18E6117877F}.Release|ARM64.ActiveCfg = Release|ARM64
		{6D8BE690-5BD5-4964-8C98-C18E6117877F}.Release|ARM64.Build.0 = Release|ARM64
		{6D8BE690-5BD5-4964-8C98-C18E6117877F}.Release|x64.ActiveCfg = Release|x64
		{6D8BE690-5BD5-4964-8C98-C18E6117877F}.Release|x64.Build.0 = Release|x64
		{6D8BE690-5BD5-4964-8C98-C18E6117877F}.Release|x86.ActiveCfg = Release|Win32
		{6D8BE690-5BD5-4964-8C98-C18E6117877F}.Release|x86.Build.0 = Release|Win32
		{0F7E0590-FCEF-4FD9-AC3D-8A202DFC20C3}.Debug|ARM.ActiveCfg = Debug|ARM
		{0F7E0590-FCEF-4FD9-AC3D-8A202DFC20C3}.Debug|ARM.Build.0 = Debug|ARM
		{0F7E0590-FCEF-4FD9-AC3D-8A202DFC20C3}.Debug|ARM64.ActiveCfg = Debug|ARM64
		{0F7E0590-FCEF-4FD9-AC3D-8A202DFC20C3}.Debug|ARM64.Build.0 = Debug|ARM64
		{0F7E0590-FCEF-4FD9-AC3D-8A202DFC20C3}.Debug|x64.ActiveCfg = Debug|x64
		{0F7E0590-FCEF-4FD9-AC3D-8A202DFC20C3}.Debug|x64.Build.0 = Debug|x64
		{0F7E0590-FCEF-4FD9-AC3D-8A202DFC20C3}.Debug|x86.ActiveCfg = Debug|Win32
		{0F7E0590-FCEF-4FD9-AC3D-8A202DFC20C3}.Debug|x86.Build.0 = Debug|Win32
		{0F7E0590-FCEF-4FD9-AC3D-8A202DFC20C3}.Release|ARM.ActiveCfg = Release|Win32
		{0F7E0590-FCEF-4FD9-AC3D-8A202DFC20C3}.Release|ARM.Build.0 = Release|Win32
		{0F7E0590-FCEF-4FD9-AC3D-8A202DFC20C3}.Release|ARM64.ActiveCfg = Release|ARM64
		{0F7E0590-FCEF-4FD9-AC3D-8A202DFC20C3}.Release|ARM64.Build.0 = Release|ARM64
		{0F7E0590-FCEF-4FD9-AC3D-8A202DFC20C3}.Release|x64.ActiveCfg = Release|x64
		{0F7E0590-FCEF-4FD9-AC3D-8A202DFC20C3}.Release|x64.Build.0 = Release|x64
		{0F7E0590-FCEF-4FD9-AC3D-8A202DFC20C3}.Release|x86.ActiveCfg = Release|Win32
		{0F7E0590-FCEF-4FD9-AC3D-8A202DFC20C3}.Release|x86.Build.0 = Release|Win32
		{697C4297-7BB2-4810-8947-BA87EE399EA5}.Debug|ARM.ActiveCfg = Debug|ARM
		{697C4297-7BB2-4810-8947-BA87EE399EA5}.Debug|ARM.Build.0 = Debug|ARM
		{697C4297-7BB2-4810-8947-BA87EE399EA5}.Debug|ARM64.ActiveCfg = Debug|ARM64
		{697C4297-7BB2-4810-8947-BA87EE399EA5}.Debug|ARM64.Build.0 = Debug|ARM64
		{697C4297-7BB2-4810-8947-BA87EE399EA5}.Debug|x64.ActiveCfg = Debug|x64
		{697C4297-7BB2-4810-8947-BA87EE399EA5}.Debug|x64.Build.0 = Debug|x64
		{697C4297-7BB2-4810-8947-BA87EE399EA5}.Debug|x86.ActiveCfg = Debug|Win32
		{697C4297-7BB2-4810-8947-BA87EE399EA5}.Debug|x86.Build.0 = Debug|Win32
		{697C4297-7BB2-4810-8947-BA87EE399EA5}.Release|ARM.ActiveCfg = Release|Win32
		{697C4297-7BB2-4810-8947-BA87EE399EA5}.Release|ARM.Build.0 = Release|Win32
		{697C4297-7BB2-4810-8947-BA87EE399EA5}.Release|ARM64.ActiveCfg = Release|ARM64
		{697C4297-7BB2-4810-8947-BA87EE399EA5}.Release|ARM64.Build.0 = Release|ARM64
		{697C4297-7BB2-4810-8947-BA87EE399EA5}.Release|x64.ActiveCfg = Release|x64
		{697C4297-7BB2-4810-8947-BA87EE399EA5}.Release|x64.Build.0 = Release|x64
		{697C4297-7BB2-4810-8947-BA87EE399EA5}.Release|x86.ActiveCfg = Release|Win32
		{697C4297-7BB2-4810-8947-BA87EE399EA5}.Release|x86.Build.0 = Release|Win32
		{B1F92E2E-23C2-48E8-94BA-2D73DCE95EBC}.Debug|ARM.ActiveCfg = Debug|ARM
		{B1F92E2E-23C2-48E8-94BA-2D73DCE95EBC}.Debug|ARM.Build.0 = Debug|ARM
		{B1F92E2E-23C2-48E8-94BA-2D73DCE95EBC}.Debug|ARM64.ActiveCfg = Debug|ARM64
		{B1F92E2E-23C2-48E8-94BA-2D73DCE95EBC}.Debug|ARM64.Build.0 = Debug|ARM64
		{B1F92E2E-23C2-48E8-94BA-2D73DCE95EBC}.Debug|x64.ActiveCfg = Debug|x64
		{B1F92E2E-23C2-48E8-94BA-2D73DCE95EBC}.Debug|x64.Build.0 = Debug|x64
		{B1F92E2E-23C2-48E8-94BA-2D73DCE95EBC}.Debug|x86.ActiveCfg = Debug|Win32
		{B1F92E2E-23C2-48E8-94BA-2D73DCE95EBC}.Debug|x86.Build.0 = Debug|Win32
		{B1F92E2E-23C2-48E8-94BA-2D73DCE95EBC}.Release|ARM.ActiveCfg = Release|Win32
		{B1F92E2E-23C2-48E8-94BA-2D73DCE95EBC}.Release|ARM.Build.0 = Release|Win32
		{B1F92E2E-23C2-48E8-94BA-2D73DCE95EBC}.Release|ARM64.ActiveCfg = Release|ARM64
		{B1F92E2E-23C2-48E8-94BA-2D73DCE95EBC}.Release|ARM64.Build.0 = Release|ARM64
		{B1F92E2E-23C2-48E8-94BA-2D73DCE95EBC}.Release|x64.ActiveCfg = Release|x64
		{B1F92E2E-23C2-48E8-94BA-2D73DCE95EBC}.Release|x64.Build.0 = Release|x64
		{B1F92E2E-23C2-48E8-94BA-2D73DCE95EBC}.Release|x86.ActiveCfg = Release|Win32
		{B1F92E2E-23C2-48E8-94BA-2D73DCE95EBC}.Release|x86.Build.0 = Release|Win32
		{CC3F298F-E748-43A7-8662-9C99985D76BB}.Debug|ARM.ActiveCfg = Debug|ARM
		{CC3F298F-E748-43A7-8662-9C99985D76BB}.Debug|ARM.Build.0 = Debug|ARM
		{CC3F298F-E748-43A7-8662-9C99985D76BB}.Debug|ARM64.ActiveCfg = Debug|ARM64
		{CC3F298F-E748-43A7-8662-9C99985D76BB}.Debug|ARM64.Build.0 = Debug|ARM64
		{CC3F298F-E748-43A7-8662-9C99985D76BB}.Debug|x64.ActiveCfg = Debug|x64
		{CC3F298F-E748-43A7-8662-9C99985D76BB}.Debug|x64.Build.0 = Debug|x64
		{CC3F298F-E748-43A7-8662-9C99985D76BB}.Debug|x86.ActiveCfg = Debug|Win32
		{CC3F298F-E748-43A7-8662-9C99985D76BB}.Debug|x86.Build.0 = Debug|Win32
		{CC3F298F-E748-43A7-8662-9C99985D76BB}.Release|ARM.ActiveCfg = Release|Win32
		{CC3F298F-E748-43A7-8662-9C99985D76BB}.Release|ARM.Build.0 = Release|Win32
		{CC3F298F-E748-43A7-8662-9C99985D76BB}.Release|ARM64.ActiveCfg = Release|ARM64
		{CC3F298F-E748-43A7-8662-9C99985D76BB}.Release|ARM64.Build.0 = Release|ARM64
		{CC3F298F-E748-43A7-8662-9C99985D76BB}.Release|x64.ActiveCfg = Release|x64
		{CC3F298F-E748-43A7-8662-9C99985D76BB}.Release|x64.Build.0 = Release|x64
		{CC3F298F-E748-43A7-8662-9C99985D76BB}.Release|x86.ActiveCfg = Release|Win32
		{CC3F298F-E748-43A7-8662-9C99985D76BB}.Release|x86.Build.0 = Release|Win32
		{92CB9ACB-6141-43CA-B4FD-CD59287A1C7B}.Debug|ARM.ActiveCfg = Debug|ARM
		{92CB9ACB-6141-43CA-B4FD-CD59287A1C7B}.Debug|ARM.Build.0 = Debug|ARM
		{92CB9ACB-6141-43CA-B4FD-CD59287A1C7B}.Debug|ARM64.ActiveCfg = Debug|ARM64
		{92CB9ACB-6141-43CA-B4FD-CD59287A1C7B}.Debug|ARM64.Build.0 = Debug|ARM64
		{92CB9ACB-6141-43CA-B4FD-CD59287A1C7B}.Debug|x64.ActiveCfg = Debug|x64
		{92CB9ACB-6141-43CA-B4FD-CD59287A1C7B}.Debug|x64.Build.0 = Debug|x64
		{92CB9ACB-6141-43CA-B4FD-CD59287A1C7B}.Debug|x86.ActiveCfg = Debug|Win32
		{92CB9ACB-6141-43CA-B4FD-CD59287A1C7B}.Debug|x86.Build.0 = Debug|Win32
		{92CB9ACB-6141-43CA-B4FD-CD59287A1C7B}.Release|ARM.ActiveCfg = Release|Win32
		{92CB9ACB-6141-43CA-B4FD-CD59287A1C7B}.Release|ARM.Build.0 = Release|Win32
		{92CB9ACB-6141-43CA-B4FD-CD59287A1C7B}.Release|ARM64.ActiveCfg = Release|ARM64
		{92CB9ACB-6141-43CA-B4FD-CD59287A1C7B}.Release|ARM64.Build.0 = Release|ARM64
		{92CB9ACB-6141-43CA-B4FD-CD59287A1C7B}.Release|x64.ActiveCfg = Release|x64
		{92CB9ACB-6141-43CA-B4FD-CD59287A1C7B}.Release|x64.Build.0 = Release|x64
		{92CB9ACB-6141-43CA-B4FD-CD59287A1C7B}.Release|x86.ActiveCfg = Release|Win32
		{92CB9ACB-6141-43CA-B4FD-CD59287A1C7B}.Release|x86.Build.0 = Release|Win32
		{68359CF7-6F9F-4288-90EA-F70355C67F89}.Debug|ARM.ActiveCfg = Debug|ARM
		{68359CF7-6F9F-4288-90EA-F70355C67F89}.Debug|ARM.Build.0 = Debug|ARM
		{68359CF7-6F9F-4288-90EA-F70355C67F89}.Debug|ARM64.ActiveCfg = Debug|ARM64
		{68359CF7-6F9F-4288-90EA-F70355C67F89}.Debug|ARM64.Build.0 = Debug|ARM64
		{68359CF7-6F9F-4288-90EA-F70355C67F89}.Debug|x64.ActiveCfg = Debug|x64
		{68359CF7-6F9F-4288-90EA-F70355C67F89}.Debug|x64.Build.0 = Debug|x64
		{68359CF7-6F9F-4288-90EA-F70355C67F89}.Debug|x86.ActiveCfg = Debug|Win32
		{68359CF7-6F9F-4288-90EA-F70355C67F89}.Debug|x86.Build.0 = Debug|Win32
		{68359CF7-6F9F-4288-90EA-F70355C67F89}.Release|ARM.ActiveCfg = Release|Win32
		{68359CF7-6F9F-4288-90EA-F70355C67F89}.Release|ARM.Build.0 = Release|Win32
		{68359CF7-6F9F-4288-90EA-F70355C67F89}.Release|ARM64.ActiveCfg = Release|ARM64
		{68359CF7-6F9F-4288-90EA-F70355C67F89}.Release|ARM64.Build.0 = Release|ARM64
		{68359CF7-6F9F-4288-90EA-F70355C67F89}.Release|x64.ActiveCfg = Release|x64
		{68359CF7-6F9F-4288-90EA-F70355C67F89}.Release|x64.Build.0 = Release|x64
		{68359CF7-6F9F-4288-90EA-F70355C67F89}.Release|x86.ActiveCfg = Release|Win32
		{68359CF7-6F9F-4288-90EA-F70355C67F89}.Release|x86.Build.0 = Release|Win32
		{58332CF7-6F9F-5588-90EA-A70365C67F89}.Debug|ARM.ActiveCfg = Debug|ARM
		{58332CF7-6F9F-5588-90EA-A70365C67F89}.Debug|ARM.Build.0 = Debug|ARM
		{58332CF7-6F9F-5588-90EA-A70365C67F89}.Debug|ARM64.ActiveCfg = Debug|ARM64
		{58332CF7-6F9F-5588-90EA-A70365C67F89}.Debug|ARM64.Build.0 = Debug|ARM64
		{58332CF7-6F9F-5588-90EA-A70365C67F89}.Debug|x64.ActiveCfg = Debug|x64
		{58332CF7-6F9F-5588-90EA-A70365C67F89}.Debug|x64.Build.0 = Debug|x64
		{58332CF7-6F9F-5588-90EA-A70365C67F89}.Debug|x86.ActiveCfg = Debug|Win32
		{58332CF7-6F9F-5588-90EA-A70365C67F89}.Debug|x86.Build.0 = Debug|Win32
		{58332CF7-6F9F-5588-90EA-A70365C67F89}.Release|ARM.ActiveCfg = Release|Win32
		{58332CF7-6F9F-5588-90EA-A70365C67F89}.Release|ARM.Build.0 = Release|Win32
		{58332CF7-6F9F-5588-90EA-A70365C67F89}.Release|ARM64.ActiveCfg = Release|ARM64
		{58332CF7-6F9F-5588-90EA-A70365C67F89}.Release|ARM64.Build.0 = Release|ARM64
		{58332CF7-6F9F-5588-90EA-A70365C67F89}.Release|x64.ActiveCfg = Release|x64
		{58332CF7-6F9F-5588-90EA-A70365C67F89}.Release|x64.Build.0 = Release|x64
		{58332CF7-6F9F-5588-90EA-A70365C67F89}.Release|x86.ActiveCfg = Release|Win32
		{58332CF7-6F9F-5588-90EA-A70365C67F89}.Release|x86.Build.0 = Release|Win32
		{64B34344-F7EC-4AC3-BDFF-CEDE60BDF196}.Debug|ARM.ActiveCfg = Debug|ARM
		{64B34344-F7EC-4AC3-BDFF-CEDE60BDF196}.Debug|ARM.Build.0 = Debug|ARM
		{64B34344-F7EC-4AC3-BDFF-CEDE60BDF196}.Debug|ARM64.ActiveCfg = Debug|ARM64
		{64B34344-F7EC-4AC3-BDFF-CEDE60BDF196}.Debug|ARM64.Build.0 = Debug|ARM64
		{64B34344-F7EC-4AC3-BDFF-CEDE60BDF196}.Debug|x64.ActiveCfg = Debug|x64
		{64B34344-F7EC-4AC3-BDFF-CEDE60BDF196}.Debug|x64.Build.0 = Debug|x64
		{64B34344-F7EC-4AC3-BDFF-CEDE60BDF196}.Debug|x86.ActiveCfg = Debug|Win32
		{64B34344-F7EC-4AC3-BDFF-CEDE60BDF196}.Debug|x86.Build.0 = Debug|Win32
		{64B34344-F7EC-4AC3-BDFF-CEDE60BDF196}.Release|ARM.ActiveCfg = Release|Win32
		{64B34344-F7EC-4AC3-BDFF-CEDE60BDF196}.Release|ARM.Build.0 = Release|Win32
		{64B34344-F7EC-4AC3-BDFF-CEDE60BDF196}.Release|ARM64.ActiveCfg = Release|ARM64
		{64B34344-F7EC-4AC3-BDFF-CEDE60BDF196}.Release|ARM64.Build.0 = Release|ARM64
		{64B34344-F7EC-4AC3-BDFF-CEDE60BDF196}.Release|x64.ActiveCfg = Release|x64
		{64B34344-F7EC-4AC3-BDFF-CEDE60BDF196}.Release|x64.Build.0 = Release|x64
		{64B34344-F7EC-4AC3-BDFF-CEDE60BDF196}.Release|x86.ActiveCfg = Release|Win32
		{64B34344-F7EC-4AC3-BDFF-CEDE60BDF196}.Release|x86.Build.0 = Release|Win32
		{23153B11-AF0A-4BBA-85E0-390D0B3BFC89}.Debug|ARM.ActiveCfg = Debug|ARM
		{23153B11-AF0A-4BBA-85E0-390D0B3BFC89}.Debug|ARM.Build.0 = Debug|ARM
		{23153B11-AF0A-4BBA-85E0-390D0B3BFC89}.Debug|ARM64.ActiveCfg = Debug|ARM64
		{23153B11-AF0A-4BBA-85E0-390D0B3BFC89}.Debug|ARM64.Build.0 = Debug|ARM64
		{23153B11-AF0A-4BBA-85E0-390D0B3BFC89}.Debug|x64.ActiveCfg = Debug|x64
		{23153B11-AF0A-4BBA-85E0-390D0B3BFC89}.Debug|x64.Build.0 = Debug|x64
		{23153B11-AF0A-4BBA-85E0-390D0B3BFC89}.Debug|x86.ActiveCfg = Debug|Win32
		{23153B11-AF0A-4BBA-85E0-390D0B3BFC89}.Debug|x86.Build.0 = Debug|Win32
		{23153B11-AF0A-4BBA-85E0-390D0B3BFC89}.Release|ARM.ActiveCfg = Release|Win32
		{23153B11-AF0A-4BBA-85E0-390D0B3BFC89}.Release|ARM.Build.0 = Release|Win32
		{23153B11-AF0A-4BBA-85E0-390D0B3BFC89}.Release|ARM64.ActiveCfg = Release|ARM64
		{23153B11-AF0A-4BBA-85E0-390D0B3BFC89}.Release|ARM64.Build.0 = Release|ARM64
		{23153B11-AF0A-4BBA-85E0-390D0B3BFC89}.Release|x64.ActiveCfg = Release|x64
		{23153B11-AF0A-4BBA-85E0-390D0B3BFC89}.Release|x64.Build.0 = Release|x64
		{23153B11-AF0A-4BBA-85E0-390D0B3BFC89}.Release|x86.ActiveCfg = Release|Win32
		{23153B11-AF0A-4BBA-85E0-390D0B3BFC89}.Release|x86.Build.0 = Release|Win32
		{57ABCB70-35DC-429B-B1F3-70A72343DCFF}.Debug|ARM.ActiveCfg = Debug|ARM
		{57ABCB70-35DC-429B-B1F3-70A72343DCFF}.Debug|ARM.Build.0 = Debug|ARM
		{57ABCB70-35DC-429B-B1F3-70A72343DCFF}.Debug|ARM64.ActiveCfg = Debug|ARM64
		{57ABCB70-35DC-429B-B1F3-70A72343DCFF}.Debug|ARM64.Build.0 = Debug|ARM64
		{57ABCB70-35DC-429B-B1F3-70A72343DCFF}.Debug|x64.ActiveCfg = Debug|x64
		{57ABCB70-35DC-429B-B1F3-70A72343DCFF}.Debug|x64.Build.0 = Debug|x64
		{57ABCB70-35DC-429B-B1F3-70A72343DCFF}.Debug|x86.ActiveCfg = Debug|Win32
		{57ABCB70-35DC-429B-B1F3-70A72343DCFF}.Debug|x86.Build.0 = Debug|Win32
		{57ABCB70-35DC-429B-B1F3-70A72343DCFF}.Release|ARM.ActiveCfg = Release|Win32
		{57ABCB70-35DC-429B-B1F3-70A72343DCFF}.Release|ARM.Build.0 = Release|Win32
		{57ABCB70-35DC-429B-B1F3-70A72343DCFF}.Release|ARM64.ActiveCfg = Release|ARM64
		{57ABCB70-35DC-429B-B1F3-70A72343DCFF}.Release|ARM64.Build.0 = Release|ARM64
		{57ABCB70-35DC-429B-B1F3-70A72343DCFF}.Release|x64.ActiveCfg = Release|x64
		{57ABCB70-35DC-429B-B1F3-70A72343DCFF}.Release|x64.Build.0 = Release|x64
		{57ABCB70-35DC-429B-B1F3-70A72343DCFF}.Release|x86.ActiveCfg = Release|Win32
		{57ABCB70-35DC-429B-B1F3-70A72343DCFF}.Release|x86.Build.0 = Release|Win32
		{7F223A58-4227-4050-97B9-09122EA95111}.Debug|ARM.ActiveCfg = Debug|ARM
		{7F223A58-4227-4050-97B9-09122EA95111}.Debug|ARM.Build.0 = Debug|ARM
		{7F223A58-4227-4050-97B9-09122EA95111}.Debug|ARM64.ActiveCfg = Debug|ARM64
		{7F223A58-4227-4050-97B9-09122EA95111}.Debug|ARM64.Build.0 = Debug|ARM64
		{7F223A58-4227-4050-97B9-09122EA95111}.Debug|x64.ActiveCfg = Debug|x64
		{7F223A58-4227-4050-97B9-09122EA95111}.Debug|x64.Build.0 = Debug|x64
		{7F223A58-4227-4050-97B9-09122EA95111}.Debug|x86.ActiveCfg = Debug|Win32
		{7F223A58-4227-4050-97B9-09122EA95111}.Debug|x86.Build.0 = Debug|Win32
		{7F223A58-4227-4050-97B9-09122EA95111}.Release|ARM.ActiveCfg = Release|Win32
		{7F223A58-4227-4050-97B9-09122EA95111}.Release|ARM.Build.0 = Release|Win32
		{7F223A58-4227-4050-97B9-09122EA95111}.Release|ARM64.ActiveCfg = Release|ARM64
		{7F223A58-4227-4050-97B9-09122EA95111}.Release|ARM64.Build.0 = Release|ARM64
		{7F223A58-4227-4050-97B9-09122EA95111}.Release|x64.ActiveCfg = Release|x64
		{7F223A58-4227-4050-97B9-09122EA95111}.Release|x64.Build.0 = Release|x64
		{7F223A58-4227-4050-97B9-09122EA95111}.Release|x86.ActiveCfg = Release|Win32
		{7F223A58-4227-4050-97B9-09122EA95111}.Release|x86.Build.0 = Release|Win32
		{14E801B2-B66E-4E65-9B4F-0A8DEF4A2230}.Debug|ARM.ActiveCfg = Debug|ARM
		{14E801B2-B66E-4E65-9B4F-0A8DEF4A2230}.Debug|ARM.Build.0 = Debug|ARM
		{14E801B2-B66E-4E65-9B4F-0A8DEF4A2230}.Debug|ARM64.ActiveCfg = Debug|ARM64
		{14E801B2-B66E-4E65-9B4F-0A8DEF4A2230}.Debug|ARM64.Build.0 = Debug|ARM64
		{14E801B2-B66E-4E65-9B4F-0A8DEF4A2230}.Debug|x64.ActiveCfg = Debug|x64
		{14E801B2-B66E-4E65-9B4F-0A8DEF4A2230}.Debug|x64.Build.0 = Debug|x64
		{14E801B2-B66E-4E65-9B4F-0A8DEF4A2230}.Debug|x86.ActiveCfg = Debug|Win32
		{14E801B2-B66E-4E65-9B4F-0A8DEF4A2230}.Debug|x86.Build.0 = Debug|Win32
		{14E801B2-B66E-4E65-9B4F-0A8DEF4A2230}.Release|ARM.ActiveCfg = Release|Win32
		{14E801B2-B66E-4E65-9B4F-0A8DEF4A2230}.Release|ARM.Build.0 = Release|Win32
		{14E801B2-B66E-4E65-9B4F-0A8DEF4A2230}.Release|ARM64.ActiveCfg = Release|ARM64
		{14E801B2-B66E-4E65-9B4F-0A8DEF4A2230}.Release|ARM64.Build.0 = Release|ARM64
		{14E801B2-B66E-4E65-9B4F-0A8DEF4A2230}.Release|x64.ActiveCfg = Release|x64
		{14E801B2-B66E-4E65-9B4F-0A8DEF4A2230}.Release|x64.Build.0 = Release|x64
		{14E801B2-B66E-4E65-9B4F-0A8DEF4A2230}.Release|x86.ActiveCfg = Release|Win32
		{14E801B2-B66E-4E65-9B4F-0A8DEF4A2230}.Release|x86.Build.0 = Release|Win32
		{2BFC69D2-0912-4C08-9B6C-2AF422FA823B}.Debug|ARM.ActiveCfg = Debug|ARM
		{2BFC69D2-0912-4C08-9B6C-2AF422FA823B}.Debug|ARM.Build.0 = Debug|ARM
		{2BFC69D2-0912-4C08-9B6C-2AF422FA823B}.Debug|ARM64.ActiveCfg = Debug|ARM64
		{2BFC69D2-0912-4C08-9B6C-2AF422FA823B}.Debug|ARM64.Build.0 = Debug|ARM64
		{2BFC69D2-0912-4C08-9B6C-2AF422FA823B}.Debug|x64.ActiveCfg = Debug|x64
		{2BFC69D2-0912-4C08-9B6C-2AF422FA823B}.Debug|x64.Build.0 = Debug|x64
		{2BFC69D2-0912-4C08-9B6C-2AF422FA823B}.Debug|x86.ActiveCfg = Debug|Win32
		{2BFC69D2-0912-4C08-9B6C-2AF422FA823B}.Debug|x86.Build.0 = Debug|Win32
		{2BFC69D2-0912-4C08-9B6C-2AF422FA823B}.Release|ARM.ActiveCfg = Release|Win32
		{2BFC69D2-0912-4C08-9B6C-2AF422FA823B}.Release|ARM.Build.0 = Release|Win32
		{2BFC69D2-0912-4C08-9B6C-2AF422FA823B}.Release|ARM64.ActiveCfg = Release|ARM64
		{2BFC69D2-0912-4C08-9B6C-2AF422FA823B}.Release|ARM64.Build.0 = Release|ARM64
		{2BFC69D2-0912-4C08-9B6C-2AF422FA823B}.Release|x64.ActiveCfg = Release|x64
		{2BFC69D2-0912-4C08-9B6C-2AF422FA823B}.Release|x64.Build.0 = Release|x64
		{2BFC69D2-0912-4C08-9B6C-2AF422FA823B}.Release|x86.ActiveCfg = Release|Win32
		{2BFC69D2-0912-4C08-9B6C-2AF422FA823B}.Release|x86.Build.0 = Release|Win32
		{14F901B2-C66E-4E65-AB4F-5A8DEF4A3230}.Debug|ARM.ActiveCfg = Debug|ARM
		{14F901B2-C66E-4E65-AB4F-5A8DEF4A3230}.Debug|ARM.Build.0 = Debug|ARM
		{14F901B2-C66E-4E65-AB4F-5A8DEF4A3230}.Debug|ARM64.ActiveCfg = Debug|ARM64
		{14F901B2-C66E-4E65-AB4F-5A8DEF4A3230}.Debug|ARM64.Build.0 = Debug|ARM64
		{14F901B2-C66E-4E65-AB4F-5A8DEF4A3230}.Debug|x64.ActiveCfg = Debug|x64
		{14F901B2-C66E-4E65-AB4F-5A8DEF4A3230}.Debug|x64.Build.0 = Debug|x64
		{14F901B2-C66E-4E65-AB4F-5A8DEF4A3230}.Debug|x86.ActiveCfg = Debug|Win32
		{14F901B2-C66E-4E65-AB4F-5A8DEF4A3230}.Debug|x86.Build.0 = Debug|Win32
		{14F901B2-C66E-4E65-AB4F-5A8DEF4A3230}.Release|ARM.ActiveCfg = Release|Win32
		{14F901B2-C66E-4E65-AB4F-5A8DEF4A3230}.Release|ARM.Build.0 = Release|Win32
		{14F901B2-C66E-4E65-AB4F-5A8DEF4A3230}.Release|ARM64.ActiveCfg = Release|ARM64
		{14F901B2-C66E-4E65-AB4F-5A8DEF4A3230}.Release|ARM64.Build.0 = Release|ARM64
		{14F901B2-C66E-4E65-AB4F-5A8DEF4A3230}.Release|x64.ActiveCfg = Release|x64
		{14F901B2-C66E-4E65-AB4F-5A8DEF4A3230}.Release|x64.Build.0 = Release|x64
		{14F901B2-C66E-4E65-AB4F-5A8DEF4A3230}.Release|x86.ActiveCfg = Release|Win32
		{14F901B2-C66E-4E65-AB4F-5A8DEF4A3230}.Release|x86.Build.0 = Release|Win32
		{0211F93C-055A-4724-9E1E-A3772F2A8855}.Debug|ARM.ActiveCfg = Debug|ARM
		{0211F93C-055A-4724-9E1E-A3772F2A8855}.Debug|ARM.Build.0 = Debug|ARM
		{0211F93C-055A-4724-9E1E-A3772F2A8855}.Debug|ARM64.ActiveCfg = Debug|ARM64
		{0211F93C-055A-4724-9E1E-A3772F2A8855}.Debug|ARM64.Build.0 = Debug|ARM64
		{0211F93C-055A-4724-9E1E-A3772F2A8855}.Debug|x64.ActiveCfg = Debug|x64
		{0211F93C-055A-4724-9E1E-A3772F2A8855}.Debug|x64.Build.0 = Debug|x64
		{0211F93C-055A-4724-9E1E-A3772F2A8855}.Debug|x86.ActiveCfg = Debug|Win32
		{0211F93C-055A-4724-9E1E-A3772F2A8855}.Debug|x86.Build.0 = Debug|Win32
		{0211F93C-055A-4724-9E1E-A3772F2A8855}.Release|ARM.ActiveCfg = Release|Win32
		{0211F93C-055A-4724-9E1E-A3772F2A8855}.Release|ARM.Build.0 = Release|Win32
		{0211F93C-055A-4724-9E1E-A3772F2A8855}.Release|ARM64.ActiveCfg = Release|ARM64
		{0211F93C-055A-4724-9E1E-A3772F2A8855}.Release|ARM64.Build.0 = Release|ARM64
		{0211F93C-055A-4724-9E1E-A3772F2A8855}.Release|x64.ActiveCfg = Release|x64
		{0211F93C-055A-4724-9E1E-A3772F2A8855}.Release|x64.Build.0 = Release|x64
		{0211F93C-055A-4724-9E1E-A3772F2A8855}.Release|x86.ActiveCfg = Release|Win32
		{0211F93C-055A-4724-9E1E-A3772F2A8855}.Release|x86.Build.0 = Release|Win32
		{7ADC69D2-1912-4D23-9B6C-2FA423FA823B}.Debug|ARM.ActiveCfg = Debug|ARM
		{7ADC69D2-1912-4D23-9B6C-2FA423FA823B}.Debug|ARM.Build.0 = Debug|ARM
		{7ADC69D2-1912-4D23-9B6C-2FA423FA823B}.Debug|ARM64.ActiveCfg = Debug|ARM64
		{7ADC69D2-1912-4D23-9B6C-2FA423FA823B}.Debug|ARM64.Build.0 = Debug|ARM64
		{7ADC69D2-1912-4D23-9B6C-2FA423FA823B}.Debug|x64.ActiveCfg = Debug|x64
		{7ADC69D2-1912-4D23-9B6C-2FA423FA823B}.Debug|x64.Build.0 = Debug|x64
		{7ADC69D2-1912-4D23-9B6C-2FA423FA823B}.Debug|x86.ActiveCfg = Debug|Win32
		{7ADC69D2-1912-4D23-9B6C-2FA423FA823B}.Debug|x86.Build.0 = Debug|Win32
		{7ADC69D2-1912-4D23-9B6C-2FA423FA823B}.Release|ARM.ActiveCfg = Release|ARM
		{7ADC69D2-1912-4D23-9B6C-2FA423FA823B}.Release|ARM.Build.0 = Release|ARM
		{7ADC69D2-1912-4D23-9B6C-2FA423FA823B}.Release|ARM64.ActiveCfg = Release|ARM64
		{7ADC69D2-1912-4D23-9B6C-2FA423FA823B}.Release|ARM64.Build.0 = Release|ARM64
		{7ADC69D2-1912-4D23-9B6C-2FA423FA823B}.Release|x64.ActiveCfg = Release|x64
		{7ADC69D2-1912-4D23-9B6C-2FA423FA823B}.Release|x64.Build.0 = Release|x64
		{7ADC69D2-1912-4D23-9B6C-2FA423FA823B}.Release|x86.ActiveCfg = Release|Win32
		{7ADC69D2-1912-4D23-9B6C-2FA423FA823B}.Release|x86.Build.0 = Release|Win32
	EndGlobalSection
	GlobalSection(SolutionProperties) = preSolution
		HideSolutionNode = FALSE
	EndGlobalSection
	GlobalSection(NestedProjects) = preSolution
		{BEBC5CE8-1655-4A51-9BF6-AB245F7BF69E} = {F3B6C968-6933-4CCF-823E-A47F72C43C0B}
		{45D41ACC-2C3C-43D2-BC10-02AA73FFC7C7} = {BEBC5CE8-1655-4A51-9BF6-AB245F7BF69E}
		{6D8BE690-5BD5-4964-8C98-C18E6117877F} = {BEBC5CE8-1655-4A51-9BF6-AB245F7BF69E}
		{7AF09A3A-9349-4AAF-8F63-91168D99AFD3} = {F3B6C968-6933-4CCF-823E-A47F72C43C0B}
		{4A4BCE85-9D92-4B68-92E9-F010C82E3A5F} = {7AF09A3A-9349-4AAF-8F63-91168D99AFD3}
		{0F7E0590-FCEF-4FD9-AC3D-8A202DFC20C3} = {7AF09A3A-9349-4AAF-8F63-91168D99AFD3}
		{697C4297-7BB2-4810-8947-BA87EE399EA5} = {7AF09A3A-9349-4AAF-8F63-91168D99AFD3}
		{6CFB85CE-0674-4FAA-8E68-E53602AE53B2} = {F3B6C968-6933-4CCF-823E-A47F72C43C0B}
		{9DE32F51-262E-471C-B74B-8189FD1920F8} = {6CFB85CE-0674-4FAA-8E68-E53602AE53B2}
		{B1F92E2E-23C2-48E8-94BA-2D73DCE95EBC} = {6CFB85CE-0674-4FAA-8E68-E53602AE53B2}
		{271F4EB5-982D-49B8-953F-B79CEFA81791} = {42A51C94-22B7-4B33-B830-E0E80FD65655}
		{28565ADA-69BA-4564-B276-972AC7354845} = {42A51C94-22B7-4B33-B830-E0E80FD65655}
		{1EFB4D4D-6CD7-4FD7-B203-5A1CB8076F2B} = {28565ADA-69BA-4564-B276-972AC7354845}
		{CC3F298F-E748-43A7-8662-9C99985D76BB} = {28565ADA-69BA-4564-B276-972AC7354845}
		{BDD885BC-4738-4F91-A6AE-03A3186719C7} = {8F397D5C-F766-4E5E-AE7C-FA2441CD95E0}
		{225282AE-47FC-4538-B087-795AC8FB1160} = {BDD885BC-4738-4F91-A6AE-03A3186719C7}
		{92CB9ACB-6141-43CA-B4FD-CD59287A1C7B} = {BDD885BC-4738-4F91-A6AE-03A3186719C7}
		{778ABE3A-7FB9-49A4-9B23-9C10DE02061C} = {8F397D5C-F766-4E5E-AE7C-FA2441CD95E0}
		{277304A3-797B-4A63-8CA9-3CF5DDC4AEC0} = {28565ADA-69BA-4564-B276-972AC7354845}
		{68359CF7-6F9F-4288-90EA-F70355C67F89} = {28565ADA-69BA-4564-B276-972AC7354845}
		{7B4328FB-B71D-4F2B-9CC6-140FA4AF8581} = {28565ADA-69BA-4564-B276-972AC7354845}
		{58332CF7-6F9F-5588-90EA-A70365C67F89} = {28565ADA-69BA-4564-B276-972AC7354845}
		{782AEA3C-62AC-4C34-B5C2-AC8F879A2C9A} = {271F4EB5-982D-49B8-953F-B79CEFA81791}
		{64B34344-F7EC-4AC3-BDFF-CEDE60BDF196} = {271F4EB5-982D-49B8-953F-B79CEFA81791}
		{782AEA3C-5234-4C34-B5C2-BE8F879A2C9F} = {778ABE3A-7FB9-49A4-9B23-9C10DE02061C}
		{23153B11-AF0A-4BBA-85E0-390D0B3BFC89} = {778ABE3A-7FB9-49A4-9B23-9C10DE02061C}
		{42A51C94-22B7-4B33-B830-E0E80FD65655} = {8F397D5C-F766-4E5E-AE7C-FA2441CD95E0}
		{6BF81736-464E-47B6-A066-D50C84F5FEAD} = {8F397D5C-F766-4E5E-AE7C-FA2441CD95E0}
		{57ABCB70-35DC-429B-B1F3-70A72343DCFF} = {6BF81736-464E-47B6-A066-D50C84F5FEAD}
		{89EB2816-6F2D-4528-8D68-6CFCCE11FF53} = {6BF81736-464E-47B6-A066-D50C84F5FEAD}
		{FA8CD31F-B6CE-4B67-91C8-CAD6D6FD359D} = {6BF81736-464E-47B6-A066-D50C84F5FEAD}
		{7F223A58-4227-4050-97B9-09122EA95111} = {6BF81736-464E-47B6-A066-D50C84F5FEAD}
		{052C3823-365A-44C1-99A0-65519D4ABE45} = {6BF81736-464E-47B6-A066-D50C84F5FEAD}
		{14E801B2-B66E-4E65-9B4F-0A8DEF4A2230} = {6BF81736-464E-47B6-A066-D50C84F5FEAD}
		{D2423592-3B23-460C-AFFE-6F43EE7041C2} = {F3B6C968-6933-4CCF-823E-A47F72C43C0B}
		{7348426C-23DA-4E24-87AF-243EEB2F326C} = {D2423592-3B23-460C-AFFE-6F43EE7041C2}
		{2BFC69D2-0912-4C08-9B6C-2AF422FA823B} = {D2423592-3B23-460C-AFFE-6F43EE7041C2}
		{336CD919-0983-4B2D-AA0F-F6595A1D7404} = {8F397D5C-F766-4E5E-AE7C-FA2441CD95E0}
		{14F901B2-C66E-4E65-AB4F-5A8DEF4A3230} = {336CD919-0983-4B2D-AA0F-F6595A1D7404}
		{AED68C23-54CE-4BB9-BCBB-C5CDD38CC622} = {336CD919-0983-4B2D-AA0F-F6595A1D7404}
		{193E3E89-A1FC-47B7-86E4-CCE49D070697} = {28565ADA-69BA-4564-B276-972AC7354845}
		{0211F93C-055A-4724-9E1E-A3772F2A8855} = {28565ADA-69BA-4564-B276-972AC7354845}
		{7ADC69D2-1912-4D23-9B6C-2FA423FA823B} = {D2423592-3B23-460C-AFFE-6F43EE7041C2}
	EndGlobalSection
EndGlobal
