<?xml version="1.0" encoding="utf-8"?>
<Project ToolsVersion="4.0" xmlns="http://schemas.microsoft.com/developer/msbuild/2003">
  <ItemGroup>
    <Filter Include="src">
      <UniqueIdentifier>{531c833b-fcda-4956-8bf0-20dd1dc5fe9b}</UniqueIdentifier>
      <Extensions>cpp;c;cc;cxx;def;odl;idl;hpj;bat;asm;asmx</Extensions>
    </Filter>
    <Filter Include="inc">
      <UniqueIdentifier>{bc1c9e89-06e5-4a64-bcb2-09bf7a6b1edf}</UniqueIdentifier>
      <Extensions>h;hh;hpp;hxx;hm;inl;inc;xsd</Extensions>
    </Filter>
    <Filter Include="inc\zlog">
      <UniqueIdentifier>{3aaa66ea-2d92-4c23-b58b-0b23f65b2be4}</UniqueIdentifier>
      <Extensions>h;hh;hpp;hxx;hm;inl;inc;xsd</Extensions>
    </Filter>
    <Filter Include="src\zlog">
      <UniqueIdentifier>{183e14e6-6d64-4d92-91c4-4a761629ce67}</UniqueIdentifier>
      <Extensions>cpp;c;cc;cxx;def;odl;idl;hpj;bat;asm;asmx</Extensions>
    </Filter>
  </ItemGroup>
  <ItemGroup>
    <ClInclude Include="$(MSBuildThisFileDirectory)..\..\..\deps\zlog\src\buf.h">
      <Filter>inc\zlog</Filter>
    </ClInclude>
    <ClInclude Include="$(MSBuildThisFileDirectory)..\..\..\deps\zlog\src\category.h">
      <Filter>inc\zlog</Filter>
    </ClInclude>
    <ClInclude Include="$(MSBuildThisFileDirectory)..\..\..\deps\zlog\src\category_table.h">
      <Filter>inc\zlog</Filter>
    </ClInclude>
    <ClInclude Include="$(MSBuildThisFileDirectory)..\..\..\deps\zlog\src\conf.h">
      <Filter>inc\zlog</Filter>
    </ClInclude>
    <ClInclude Include="$(MSBuildThisFileDirectory)..\..\..\deps\zlog\src\event.h">
      <Filter>inc\zlog</Filter>
    </ClInclude>
    <ClInclude Include="$(MSBuildThisFileDirectory)..\..\..\deps\zlog\src\fmacros.h">
      <Filter>inc\zlog</Filter>
    </ClInclude>
    <ClInclude Include="$(MSBuildThisFileDirectory)..\..\..\deps\zlog\src\format.h">
      <Filter>inc\zlog</Filter>
    </ClInclude>
    <ClInclude Include="$(MSBuildThisFileDirectory)..\..\..\deps\zlog\src\level.h">
      <Filter>inc\zlog</Filter>
    </ClInclude>
    <ClInclude Include="$(MSBuildThisFileDirectory)..\..\..\deps\zlog\src\level_list.h">
      <Filter>inc\zlog</Filter>
    </ClInclude>
    <ClInclude Include="$(MSBuildThisFileDirectory)..\..\..\deps\zlog\src\mdc.h">
      <Filter>inc\zlog</Filter>
    </ClInclude>
    <ClInclude Include="$(MSBuildThisFileDirectory)..\..\..\deps\zlog\src\record.h">
      <Filter>inc\zlog</Filter>
    </ClInclude>
    <ClInclude Include="$(MSBuildThisFileDirectory)..\..\..\deps\zlog\src\record_table.h">
      <Filter>inc\zlog</Filter>
    </ClInclude>
    <ClInclude Include="$(MSBuildThisFileDirectory)..\..\..\deps\zlog\src\rotater.h">
      <Filter>inc\zlog</Filter>
    </ClInclude>
    <ClInclude Include="$(MSBuildThisFileDirectory)..\..\..\deps\zlog\src\rule.h">
      <Filter>inc\zlog</Filter>
    </ClInclude>
    <ClInclude Include="$(MSBuildThisFileDirectory)..\..\..\deps\zlog\src\spec.h">
      <Filter>inc\zlog</Filter>
    </ClInclude>
    <ClInclude Include="$(MSBuildThisFileDirectory)..\..\..\deps\zlog\src\thread.h">
      <Filter>inc\zlog</Filter>
    </ClInclude>
    <ClInclude Include="$(MSBuildThisFileDirectory)..\..\..\deps\zlog\src\version.h">
      <Filter>inc\zlog</Filter>
    </ClInclude>
    <ClInclude Include="$(MSBuildThisFileDirectory)..\..\..\deps\zlog\src\zc_arraylist.h">
      <Filter>inc\zlog</Filter>
    </ClInclude>
    <ClInclude Include="$(MSBuildThisFileDirectory)..\..\..\deps\zlog\src\zc_defs.h">
      <Filter>inc\zlog</Filter>
    </ClInclude>
    <ClInclude Include="$(MSBuildThisFileDirectory)..\..\..\deps\zlog\src\zc_hashtable.h">
      <Filter>inc\zlog</Filter>
    </ClInclude>
    <ClInclude Include="$(MSBuildThisFileDirectory)..\..\..\deps\zlog\src\zc_profile.h">
      <Filter>inc\zlog</Filter>
    </ClInclude>
    <ClInclude Include="$(MSBuildThisFileDirectory)..\..\..\deps\zlog\src\zc_threads.h">
      <Filter>inc\zlog</Filter>
    </ClInclude>
    <ClInclude Include="$(MSBuildThisFileDirectory)..\..\..\deps\zlog\src\zc_util.h">
      <Filter>inc\zlog</Filter>
    </ClInclude>
    <ClInclude Include="$(MSBuildThisFileDirectory)..\..\..\deps\zlog\src\zc_xplatform.h">
      <Filter>inc\zlog</Filter>
    </ClInclude>
    <ClInclude Include="$(MSBuildThisFileDirectory)..\..\..\deps\zlog\src\zlog.h">
      <Filter>inc\zlog</Filter>
    </ClInclude>
    <ClInclude Include="$(MSBuildThisFileDirectory)..\..\..\inc\util_zlog.h">
      <Filter>inc</Filter>
    </ClInclude>
    <ClInclude Include="$(MSBuildThisFileDirectory)..\..\..\inc\util_dbg.h">
      <Filter>inc</Filter>
    </ClInclude>
    <ClInclude Include="$(MSBuildThisFileDirectory)..\..\..\inc\api.h">
      <Filter>inc</Filter>
    </ClInclude>
  </ItemGroup>
  <ItemGroup>
    <ClCompile Include="$(MSBuildThisFileDirectory)..\..\..\deps\zlog\src\buf.c">
      <Filter>src\zlog</Filter>
    </ClCompile>
    <ClCompile Include="$(MSBuildThisFileDirectory)..\..\..\deps\zlog\src\category.c">
      <Filter>src\zlog</Filter>
    </ClCompile>
    <ClCompile Include="$(MSBuildThisFileDirectory)..\..\..\deps\zlog\src\category_table.c">
      <Filter>src\zlog</Filter>
    </ClCompile>
    <ClCompile Include="$(MSBuildThisFileDirectory)..\..\..\deps\zlog\src\conf.c">
      <Filter>src\zlog</Filter>
    </ClCompile>
    <ClCompile Include="$(MSBuildThisFileDirectory)..\..\..\deps\zlog\src\event.c">
      <Filter>src\zlog</Filter>
    </ClCompile>
    <ClCompile Include="$(MSBuildThisFileDirectory)..\..\..\deps\zlog\src\format.c">
      <Filter>src\zlog</Filter>
    </ClCompile>
    <ClCompile Include="$(MSBuildThisFileDirectory)..\..\..\deps\zlog\src\level.c">
      <Filter>src\zlog</Filter>
    </ClCompile>
    <ClCompile Include="$(MSBuildThisFileDirectory)..\..\..\deps\zlog\src\level_list.c">
      <Filter>src\zlog</Filter>
    </ClCompile>
    <ClCompile Include="$(MSBuildThisFileDirectory)..\..\..\deps\zlog\src\mdc.c">
      <Filter>src\zlog</Filter>
    </ClCompile>
    <ClCompile Include="$(MSBuildThisFileDirectory)..\..\..\deps\zlog\src\record.c">
      <Filter>src\zlog</Filter>
    </ClCompile>
    <ClCompile Include="$(MSBuildThisFileDirectory)..\..\..\deps\zlog\src\record_table.c">
      <Filter>src\zlog</Filter>
    </ClCompile>
    <ClCompile Include="$(MSBuildThisFileDirectory)..\..\..\deps\zlog\src\rotater.c">
      <Filter>src\zlog</Filter>
    </ClCompile>
    <ClCompile Include="$(MSBuildThisFileDirectory)..\..\..\deps\zlog\src\rule.c">
      <Filter>src\zlog</Filter>
    </ClCompile>
    <ClCompile Include="$(MSBuildThisFileDirectory)..\..\..\deps\zlog\src\spec.c">
      <Filter>src\zlog</Filter>
    </ClCompile>
    <ClCompile Include="$(MSBuildThisFileDirectory)..\..\..\deps\zlog\src\thread.c">
      <Filter>src\zlog</Filter>
    </ClCompile>
    <ClCompile Include="$(MSBuildThisFileDirectory)..\..\..\deps\zlog\src\zc_arraylist.c">
      <Filter>src\zlog</Filter>
    </ClCompile>
    <ClCompile Include="$(MSBuildThisFileDirectory)..\..\..\deps\zlog\src\zc_hashtable.c">
      <Filter>src\zlog</Filter>
    </ClCompile>
    <ClCompile Include="$(MSBuildThisFileDirectory)..\..\..\deps\zlog\src\zc_profile.c">
      <Filter>src\zlog</Filter>
    </ClCompile>
    <ClCompile Include="$(MSBuildThisFileDirectory)..\..\..\deps\zlog\src\zc_threads.c">
      <Filter>src\zlog</Filter>
    </ClCompile>
    <ClCompile Include="$(MSBuildThisFileDirectory)..\..\..\deps\zlog\src\zc_util.c">
      <Filter>src\zlog</Filter>
    </ClCompile>
    <ClCompile Include="$(MSBuildThisFileDirectory)..\..\..\deps\zlog\src\zlog.c">
      <Filter>src\zlog</Filter>
    </ClCompile>
    <ClCompile Include="$(MSBuildThisFileDirectory)..\..\..\src\util_zlog.c">
      <Filter>src</Filter>
    </ClCompile>
  </ItemGroup>
</Project>