
Microsoft Visual Studio Solution File, Format Version 12.00
# Visual Studio 14
VisualStudioVersion = 14.0.25420.1
MinimumVisualStudioVersion = 10.0.40219.1
Project("{8BC9CEB8-8B4A-11D0-8D11-00A0C91BC942}") = "mocket", "mocket.vcxproj", "{A20E80CD-16EF-452F-81C6-C41FACF53965}"
EndProject
Project("{2150E333-8FDC-42A3-9474-1A3956D46DE8}") = "lib", "lib", "{7105C469-485A-4F14-AC60-598883B054AD}"
EndProject
Project("{2150E333-8FDC-42A3-9474-1A3956D46DE8}") = "libiotsdk", "libiotsdk", "{6A00F07F-9805-42B3-B89D-C09E286B05A4}"
EndProject
Project("{2150E333-8FDC-42A3-9474-1A3956D46DE8}") = "libzlog", "libzlog", "{E997B000-CC20-48BE-955A-6AB771C3E3BD}"
EndProject
Project("{2150E333-8FDC-42A3-9474-1A3956D46DE8}") = "libproxy", "libproxy", "{379DF021-4BC4-43DE-B05D-0CBED384920C}"
EndProject
Project("{8BC9CEB8-8B4A-11D0-8D11-00A0C91BC942}") = "libproxy-shared", "..\src\libproxy\libproxy-shared.vcxitems", "{4A4BCE85-9D92-4B68-92E9-F010C82E3A5F}"
EndProject
Project("{8BC9CEB8-8B4A-11D0-8D11-00A0C91BC942}") = "libiotsdk-shared", "..\src\libiotsdk\libiotsdk-shared.vcxitems", "{45D41ACC-2C3C-43D2-BC10-02AA73FFC7C7}"
EndProject
Project("{8BC9CEB8-8B4A-11D0-8D11-00A0C91BC942}") = "libiotsdk-win32", "..\src\libiotsdk\libiotsdk-win32.vcxproj", "{6D8BE690-5BD5-4964-8C98-C18E6117877F}"
EndProject
Project("{2150E333-8FDC-42A3-9474-1A3956D46DE8}") = "libmocket", "libmocket", "{283945B3-DA0D-427B-AB52-BE6BB5EAAFF4}"
EndProject
Project("{8BC9CEB8-8B4A-11D0-8D11-00A0C91BC942}") = "libmocket-shared", "..\src\libmocket\libmocket-shared.vcxitems", "{05F5A67A-643B-4E70-B797-37620458A8CF}"
EndProject
Project("{8BC9CEB8-8B4A-11D0-8D11-00A0C91BC942}") = "libmocket-win32", "..\src\libmocket\libmocket-win32.vcxproj", "{E0A8F758-73D5-491F-81F6-0EF99AD35F77}"
EndProject
Project("{8BC9CEB8-8B4A-11D0-8D11-00A0C91BC942}") = "libproxy-win32 (.dll)", "..\src\libproxy\libproxy-win32.vcxproj", "{0F7E0590-FCEF-4FD9-AC3D-8A202DFC20C3}"
EndProject
Project("{2150E333-8FDC-42A3-9474-1A3956D46DE8}") = "libumqtt", "libumqtt", "{07E24668-90C8-4087-816E-C4342F1F2867}"
EndProject
Project("{8BC9CEB8-8B4A-11D0-8D11-00A0C91BC942}") = "libumqtt-shared", "..\src\libumqtt\libumqtt-shared.vcxitems", "{46A5FF79-0746-4D81-990D-684AE2229753}"
EndProject
Project("{8BC9CEB8-8B4A-11D0-8D11-00A0C91BC942}") = "libumqtt-win32", "..\src\libumqtt\libumqtt-win32.vcxproj", "{225A3E54-B551-4100-AE8B-42D5EE7C7261}"
EndProject
Project("{8BC9CEB8-8B4A-11D0-8D11-00A0C91BC942}") = "libzlog-shared", "..\src\libzlog\libzlog-shared.vcxitems", "{9DE32F51-262E-471C-B74B-8189FD1920F8}"
EndProject
Project("{8BC9CEB8-8B4A-11D0-8D11-00A0C91BC942}") = "libzlog-win32", "..\src\libzlog\libzlog-win32.vcxproj", "{B1F92E2E-23C2-48E8-94BA-2D73DCE95EBC}"
EndProject
Global
	GlobalSection(SharedMSBuildProjectFiles) = preSolution
		..\src\libmocket\libmocket-shared.vcxitems*{05f5a67a-643b-4e70-b797-37620458a8cf}*SharedItemsImports = 9
		..\src\libproxy\libproxy-shared.vcxitems*{0f7e0590-fcef-4fd9-ac3d-8a202dfc20c3}*SharedItemsImports = 4
		..\src\libumqtt\libumqtt-shared.vcxitems*{225a3e54-b551-4100-ae8b-42d5ee7c7261}*SharedItemsImports = 4
		..\src\libiotsdk\libiotsdk-shared.vcxitems*{45d41acc-2c3c-43d2-bc10-02aa73ffc7c7}*SharedItemsImports = 9
		..\src\libumqtt\libumqtt-shared.vcxitems*{46a5ff79-0746-4d81-990d-684ae2229753}*SharedItemsImports = 9
		..\src\libproxy\libproxy-shared.vcxitems*{4a4bce85-9d92-4b68-92e9-f010c82e3a5f}*SharedItemsImports = 9
		..\src\libiotsdk\libiotsdk-shared.vcxitems*{6d8be690-5bd5-4964-8c98-c18e6117877f}*SharedItemsImports = 4
		..\src\libzlog\libzlog-shared.vcxitems*{9de32f51-262e-471c-b74b-8189fd1920f8}*SharedItemsImports = 9
		..\src\libzlog\libzlog-shared.vcxitems*{b1f92e2e-23c2-48e8-94ba-2d73dce95ebc}*SharedItemsImports = 4
		..\src\libmocket\libmocket-shared.vcxitems*{e0a8f758-73d5-491f-81f6-0ef99ad35f77}*SharedItemsImports = 4
	EndGlobalSection
	GlobalSection(SolutionConfigurationPlatforms) = preSolution
		Debug|x64 = Debug|x64
		Debug|x86 = Debug|x86
		Release|x64 = Release|x64
		Release|x86 = Release|x86
	EndGlobalSection
	GlobalSection(ProjectConfigurationPlatforms) = postSolution
		{A20E80CD-16EF-452F-81C6-C41FACF53965}.Debug|x64.ActiveCfg = Debug|x64
		{A20E80CD-16EF-452F-81C6-C41FACF53965}.Debug|x64.Build.0 = Debug|x64
		{A20E80CD-16EF-452F-81C6-C41FACF53965}.Debug|x86.ActiveCfg = Debug|Win32
		{A20E80CD-16EF-452F-81C6-C41FACF53965}.Debug|x86.Build.0 = Debug|Win32
		{A20E80CD-16EF-452F-81C6-C41FACF53965}.Release|x64.ActiveCfg = Release|x64
		{A20E80CD-16EF-452F-81C6-C41FACF53965}.Release|x64.Build.0 = Release|x64
		{A20E80CD-16EF-452F-81C6-C41FACF53965}.Release|x86.ActiveCfg = Release|Win32
		{A20E80CD-16EF-452F-81C6-C41FACF53965}.Release|x86.Build.0 = Release|Win32
		{225A3E54-A551-4100-AE8B-42D5EE7C7261}.Debug|x64.ActiveCfg = Debug|x64
		{225A3E54-A551-4100-AE8B-42D5EE7C7261}.Debug|x64.Build.0 = Debug|x64
		{225A3E54-A551-4100-AE8B-42D5EE7C7261}.Debug|x86.ActiveCfg = Debug|Win32
		{225A3E54-A551-4100-AE8B-42D5EE7C7261}.Debug|x86.Build.0 = Debug|Win32
		{225A3E54-A551-4100-AE8B-42D5EE7C7261}.Release|x64.ActiveCfg = Release|x64
		{225A3E54-A551-4100-AE8B-42D5EE7C7261}.Release|x64.Build.0 = Release|x64
		{225A3E54-A551-4100-AE8B-42D5EE7C7261}.Release|x86.ActiveCfg = Release|Win32
		{225A3E54-A551-4100-AE8B-42D5EE7C7261}.Release|x86.Build.0 = Release|Win32
		{6D8BE690-5BD5-4964-8C98-C18E6117877F}.Debug|x64.ActiveCfg = Debug|x64
		{6D8BE690-5BD5-4964-8C98-C18E6117877F}.Debug|x64.Build.0 = Debug|x64
		{6D8BE690-5BD5-4964-8C98-C18E6117877F}.Debug|x86.ActiveCfg = Debug|Win32
		{6D8BE690-5BD5-4964-8C98-C18E6117877F}.Debug|x86.Build.0 = Debug|Win32
		{6D8BE690-5BD5-4964-8C98-C18E6117877F}.Release|x64.ActiveCfg = Release|x64
		{6D8BE690-5BD5-4964-8C98-C18E6117877F}.Release|x64.Build.0 = Release|x64
		{6D8BE690-5BD5-4964-8C98-C18E6117877F}.Release|x86.ActiveCfg = Release|Win32
		{6D8BE690-5BD5-4964-8C98-C18E6117877F}.Release|x86.Build.0 = Release|Win32
		{E0A8F758-73D5-491F-81F6-0EF99AD35F77}.Debug|x64.ActiveCfg = Debug|x64
		{E0A8F758-73D5-491F-81F6-0EF99AD35F77}.Debug|x64.Build.0 = Debug|x64
		{E0A8F758-73D5-491F-81F6-0EF99AD35F77}.Debug|x86.ActiveCfg = Debug|Win32
		{E0A8F758-73D5-491F-81F6-0EF99AD35F77}.Debug|x86.Build.0 = Debug|Win32
		{E0A8F758-73D5-491F-81F6-0EF99AD35F77}.Release|x64.ActiveCfg = Release|x64
		{E0A8F758-73D5-491F-81F6-0EF99AD35F77}.Release|x64.Build.0 = Release|x64
		{E0A8F758-73D5-491F-81F6-0EF99AD35F77}.Release|x86.ActiveCfg = Release|Win32
		{E0A8F758-73D5-491F-81F6-0EF99AD35F77}.Release|x86.Build.0 = Release|Win32
		{0F7E0590-FCEF-4FD9-AC3D-8A202DFC20C3}.Debug|x64.ActiveCfg = Debug|x64
		{0F7E0590-FCEF-4FD9-AC3D-8A202DFC20C3}.Debug|x64.Build.0 = Debug|x64
		{0F7E0590-FCEF-4FD9-AC3D-8A202DFC20C3}.Debug|x86.ActiveCfg = Debug|Win32
		{0F7E0590-FCEF-4FD9-AC3D-8A202DFC20C3}.Debug|x86.Build.0 = Debug|Win32
		{0F7E0590-FCEF-4FD9-AC3D-8A202DFC20C3}.Release|x64.ActiveCfg = Release|x64
		{0F7E0590-FCEF-4FD9-AC3D-8A202DFC20C3}.Release|x64.Build.0 = Release|x64
		{0F7E0590-FCEF-4FD9-AC3D-8A202DFC20C3}.Release|x86.ActiveCfg = Release|Win32
		{0F7E0590-FCEF-4FD9-AC3D-8A202DFC20C3}.Release|x86.Build.0 = Release|Win32
		{225A3E54-B551-4100-AE8B-42D5EE7C7261}.Debug|x64.ActiveCfg = Debug|x64
		{225A3E54-B551-4100-AE8B-42D5EE7C7261}.Debug|x64.Build.0 = Debug|x64
		{225A3E54-B551-4100-AE8B-42D5EE7C7261}.Debug|x86.ActiveCfg = Debug|Win32
		{225A3E54-B551-4100-AE8B-42D5EE7C7261}.Debug|x86.Build.0 = Debug|Win32
		{225A3E54-B551-4100-AE8B-42D5EE7C7261}.Release|x64.ActiveCfg = Release|x64
		{225A3E54-B551-4100-AE8B-42D5EE7C7261}.Release|x64.Build.0 = Release|x64
		{225A3E54-B551-4100-AE8B-42D5EE7C7261}.Release|x86.ActiveCfg = Release|Win32
		{225A3E54-B551-4100-AE8B-42D5EE7C7261}.Release|x86.Build.0 = Release|Win32
		{B1F92E2E-23C2-48E8-94BA-2D73DCE95EBC}.Debug|x64.ActiveCfg = Debug|x64
		{B1F92E2E-23C2-48E8-94BA-2D73DCE95EBC}.Debug|x64.Build.0 = Debug|x64
		{B1F92E2E-23C2-48E8-94BA-2D73DCE95EBC}.Debug|x86.ActiveCfg = Debug|Win32
		{B1F92E2E-23C2-48E8-94BA-2D73DCE95EBC}.Debug|x86.Build.0 = Debug|Win32
		{B1F92E2E-23C2-48E8-94BA-2D73DCE95EBC}.Release|x64.ActiveCfg = Release|x64
		{B1F92E2E-23C2-48E8-94BA-2D73DCE95EBC}.Release|x64.Build.0 = Release|x64
		{B1F92E2E-23C2-48E8-94BA-2D73DCE95EBC}.Release|x86.ActiveCfg = Release|Win32
		{B1F92E2E-23C2-48E8-94BA-2D73DCE95EBC}.Release|x86.Build.0 = Release|Win32
	EndGlobalSection
	GlobalSection(SolutionProperties) = preSolution
		HideSolutionNode = FALSE
	EndGlobalSection
	GlobalSection(NestedProjects) = preSolution
		{6A00F07F-9805-42B3-B89D-C09E286B05A4} = {7105C469-485A-4F14-AC60-598883B054AD}
		{E997B000-CC20-48BE-955A-6AB771C3E3BD} = {7105C469-485A-4F14-AC60-598883B054AD}
		{379DF021-4BC4-43DE-B05D-0CBED384920C} = {7105C469-485A-4F14-AC60-598883B054AD}
		{D9573550-D2C6-4ECA-8ED2-3A7ADDA5871B} = {7105C469-485A-4F14-AC60-598883B054AD}
		{E113EC9B-1D47-437E-87B9-2044F68F086C} = {D9573550-D2C6-4ECA-8ED2-3A7ADDA5871B}
		{225A3E54-A551-4100-AE8B-42D5EE7C7261} = {D9573550-D2C6-4ECA-8ED2-3A7ADDA5871B}
		{4A4BCE85-9D92-4B68-92E9-F010C82E3A5F} = {379DF021-4BC4-43DE-B05D-0CBED384920C}
		{45D41ACC-2C3C-43D2-BC10-02AA73FFC7C7} = {6A00F07F-9805-42B3-B89D-C09E286B05A4}
		{6D8BE690-5BD5-4964-8C98-C18E6117877F} = {6A00F07F-9805-42B3-B89D-C09E286B05A4}
		{283945B3-DA0D-427B-AB52-BE6BB5EAAFF4} = {7105C469-485A-4F14-AC60-598883B054AD}
		{05F5A67A-643B-4E70-B797-37620458A8CF} = {283945B3-DA0D-427B-AB52-BE6BB5EAAFF4}
		{E0A8F758-73D5-491F-81F6-0EF99AD35F77} = {283945B3-DA0D-427B-AB52-BE6BB5EAAFF4}
		{0F7E0590-FCEF-4FD9-AC3D-8A202DFC20C3} = {379DF021-4BC4-43DE-B05D-0CBED384920C}
		{07E24668-90C8-4087-816E-C4342F1F2867} = {7105C469-485A-4F14-AC60-598883B054AD}
		{46A5FF79-0746-4D81-990D-684AE2229753} = {07E24668-90C8-4087-816E-C4342F1F2867}
		{225A3E54-B551-4100-AE8B-42D5EE7C7261} = {07E24668-90C8-4087-816E-C4342F1F2867}
		{9DE32F51-262E-471C-B74B-8189FD1920F8} = {E997B000-CC20-48BE-955A-6AB771C3E3BD}
		{B1F92E2E-23C2-48E8-94BA-2D73DCE95EBC} = {E997B000-CC20-48BE-955A-6AB771C3E3BD}
	EndGlobalSection
EndGlobal
