
Microsoft Visual Studio Solution File, Format Version 12.00
# Visual Studio 14
VisualStudioVersion = 14.0.25420.1
MinimumVisualStudioVersion = 10.0.40219.1
Project("{2150E333-8FDC-42A3-9474-1A3956D46DE8}") = "Microsoft.Azure.Devices.Proxy.Samples", "Microsoft.Azure.Devices.Proxy.Samples", "{F78C9A16-78B2-4100-BB38-3889C17D6D01}"
EndProject
Project("{8BB2217D-0F2D-49D1-97BC-3654ED321F3B}") = "Microsoft.Azure.Devices.Proxy", "src\Microsoft.Azure.Devices.Proxy\Microsoft.Azure.Devices.Proxy.xproj", "{43311AFB-D7C4-4E5A-B1DE-855407F90D1B}"
EndProject
Project("{8BB2217D-0F2D-49D1-97BC-3654ED321F3B}") = "Simple", "samples\Simple\Simple.xproj", "{09EE653E-A545-4D4A-8291-DC8B1FBBC62F}"
EndProject
Project("{8BB2217D-0F2D-49D1-97BC-3654ED321F3B}") = "Opc.Ua.Proxy", "samples\Opc-ua\src\Opc.Ua.Proxy\Opc.Ua.Proxy.xproj", "{88811AFB-D7C4-AB5A-B1DE-955407F90D1B}"
EndProject
Project("{2150E333-8FDC-42A3-9474-1A3956D46DE8}") = "Opc.Ua", "Opc.Ua", "{A2C5F44E-4EF3-4E24-8FF7-E2D392A81016}"
EndProject
Project("{8BB2217D-0F2D-49D1-97BC-3654ED321F3B}") = "Client", "samples\Opc-ua\test\Client\Client.xproj", "{A9E3812C-982C-426F-987F-7882C712F64C}"
EndProject
Project("{2150E333-8FDC-42A3-9474-1A3956D46DE8}") = "Test", "Test", "{D39B6BF5-FC00-4CB9-8B65-22332F3909D5}"
EndProject
Project("{2150E333-8FDC-42A3-9474-1A3956D46DE8}") = "Vnc", "Vnc", "{BEEECBE0-E84C-4EB4-9F7C-90C19652D31C}"
EndProject
Project("{8BB2217D-0F2D-49D1-97BC-3654ED321F3B}") = "RemoteViewing", "samples\vnc\src\Client\RemoteViewing.Client.xproj", "{FBFEBD57-7B53-49E4-AEA9-90040936C70F}"
EndProject
Project("{2150E333-8FDC-42A3-9474-1A3956D46DE8}") = "Test", "Test", "{5128A38C-059A-4DA8-B3AD-169C96C03EA3}"
EndProject
Project("{8BB2217D-0F2D-49D1-97BC-3654ED321F3B}") = "RemoteViewing.Server", "samples\vnc\test\Server\RemoteViewing.Server.xproj", "{B651D952-FDEC-4E46-8BA6-9C19B6766984}"
EndProject
Global
	GlobalSection(SolutionConfigurationPlatforms) = preSolution
		Debug|Any CPU = Debug|Any CPU
		Debug|x64 = Debug|x64
		Debug|x86 = Debug|x86
		Release|Any CPU = Release|Any CPU
		Release|x64 = Release|x64
		Release|x86 = Release|x86
	EndGlobalSection
	GlobalSection(ProjectConfigurationPlatforms) = postSolution
		{43311AFB-D7C4-4E5A-B1DE-855407F90D1B}.Debug|Any CPU.ActiveCfg = Debug|Any CPU
		{43311AFB-D7C4-4E5A-B1DE-855407F90D1B}.Debug|Any CPU.Build.0 = Debug|Any CPU
		{43311AFB-D7C4-4E5A-B1DE-855407F90D1B}.Debug|x64.ActiveCfg = Debug|Any CPU
		{43311AFB-D7C4-4E5A-B1DE-855407F90D1B}.Debug|x64.Build.0 = Debug|Any CPU
		{43311AFB-D7C4-4E5A-B1DE-855407F90D1B}.Debug|x86.ActiveCfg = Debug|Any CPU
		{43311AFB-D7C4-4E5A-B1DE-855407F90D1B}.Debug|x86.Build.0 = Debug|Any CPU
		{43311AFB-D7C4-4E5A-B1DE-855407F90D1B}.Release|Any CPU.ActiveCfg = Release|Any CPU
		{43311AFB-D7C4-4E5A-B1DE-855407F90D1B}.Release|Any CPU.Build.0 = Release|Any CPU
		{43311AFB-D7C4-4E5A-B1DE-855407F90D1B}.Release|x64.ActiveCfg = Release|Any CPU
		{43311AFB-D7C4-4E5A-B1DE-855407F90D1B}.Release|x64.Build.0 = Release|Any CPU
		{43311AFB-D7C4-4E5A-B1DE-855407F90D1B}.Release|x86.ActiveCfg = Release|Any CPU
		{43311AFB-D7C4-4E5A-B1DE-855407F90D1B}.Release|x86.Build.0 = Release|Any CPU
		{09EE653E-A545-4D4A-8291-DC8B1FBBC62F}.Debug|Any CPU.ActiveCfg = Debug|Any CPU
		{09EE653E-A545-4D4A-8291-DC8B1FBBC62F}.Debug|Any CPU.Build.0 = Debug|Any CPU
		{09EE653E-A545-4D4A-8291-DC8B1FBBC62F}.Debug|x64.ActiveCfg = Debug|Any CPU
		{09EE653E-A545-4D4A-8291-DC8B1FBBC62F}.Debug|x64.Build.0 = Debug|Any CPU
		{09EE653E-A545-4D4A-8291-DC8B1FBBC62F}.Debug|x86.ActiveCfg = Debug|Any CPU
		{09EE653E-A545-4D4A-8291-DC8B1FBBC62F}.Debug|x86.Build.0 = Debug|Any CPU
		{09EE653E-A545-4D4A-8291-DC8B1FBBC62F}.Release|Any CPU.ActiveCfg = Release|Any CPU
		{09EE653E-A545-4D4A-8291-DC8B1FBBC62F}.Release|Any CPU.Build.0 = Release|Any CPU
		{09EE653E-A545-4D4A-8291-DC8B1FBBC62F}.Release|x64.ActiveCfg = Release|Any CPU
		{09EE653E-A545-4D4A-8291-DC8B1FBBC62F}.Release|x64.Build.0 = Release|Any CPU
		{09EE653E-A545-4D4A-8291-DC8B1FBBC62F}.Release|x86.ActiveCfg = Release|Any CPU
		{09EE653E-A545-4D4A-8291-DC8B1FBBC62F}.Release|x86.Build.0 = Release|Any CPU
		{88811AFB-D7C4-AB5A-B1DE-955407F90D1B}.Debug|Any CPU.ActiveCfg = Debug|Any CPU
		{88811AFB-D7C4-AB5A-B1DE-955407F90D1B}.Debug|Any CPU.Build.0 = Debug|Any CPU
		{88811AFB-D7C4-AB5A-B1DE-955407F90D1B}.Debug|x64.ActiveCfg = Debug|Any CPU
		{88811AFB-D7C4-AB5A-B1DE-955407F90D1B}.Debug|x64.Build.0 = Debug|Any CPU
		{88811AFB-D7C4-AB5A-B1DE-955407F90D1B}.Debug|x86.ActiveCfg = Debug|Any CPU
		{88811AFB-D7C4-AB5A-B1DE-955407F90D1B}.Debug|x86.Build.0 = Debug|Any CPU
		{88811AFB-D7C4-AB5A-B1DE-955407F90D1B}.Release|Any CPU.ActiveCfg = Release|Any CPU
		{88811AFB-D7C4-AB5A-B1DE-955407F90D1B}.Release|Any CPU.Build.0 = Release|Any CPU
		{88811AFB-D7C4-AB5A-B1DE-955407F90D1B}.Release|x64.ActiveCfg = Release|Any CPU
		{88811AFB-D7C4-AB5A-B1DE-955407F90D1B}.Release|x64.Build.0 = Release|Any CPU
		{88811AFB-D7C4-AB5A-B1DE-955407F90D1B}.Release|x86.ActiveCfg = Release|Any CPU
		{88811AFB-D7C4-AB5A-B1DE-955407F90D1B}.Release|x86.Build.0 = Release|Any CPU
		{A9E3812C-982C-426F-987F-7882C712F64C}.Debug|Any CPU.ActiveCfg = Debug|Any CPU
		{A9E3812C-982C-426F-987F-7882C712F64C}.Debug|Any CPU.Build.0 = Debug|Any CPU
		{A9E3812C-982C-426F-987F-7882C712F64C}.Debug|x64.ActiveCfg = Debug|Any CPU
		{A9E3812C-982C-426F-987F-7882C712F64C}.Debug|x64.Build.0 = Debug|Any CPU
		{A9E3812C-982C-426F-987F-7882C712F64C}.Debug|x86.ActiveCfg = Debug|Any CPU
		{A9E3812C-982C-426F-987F-7882C712F64C}.Debug|x86.Build.0 = Debug|Any CPU
		{A9E3812C-982C-426F-987F-7882C712F64C}.Release|Any CPU.ActiveCfg = Release|Any CPU
		{A9E3812C-982C-426F-987F-7882C712F64C}.Release|Any CPU.Build.0 = Release|Any CPU
		{A9E3812C-982C-426F-987F-7882C712F64C}.Release|x64.ActiveCfg = Release|Any CPU
		{A9E3812C-982C-426F-987F-7882C712F64C}.Release|x64.Build.0 = Release|Any CPU
		{A9E3812C-982C-426F-987F-7882C712F64C}.Release|x86.ActiveCfg = Release|Any CPU
		{A9E3812C-982C-426F-987F-7882C712F64C}.Release|x86.Build.0 = Release|Any CPU
		{FBFEBD57-7B53-49E4-AEA9-90040936C70F}.Debug|Any CPU.ActiveCfg = Debug|Any CPU
		{FBFEBD57-7B53-49E4-AEA9-90040936C70F}.Debug|Any CPU.Build.0 = Debug|Any CPU
		{FBFEBD57-7B53-49E4-AEA9-90040936C70F}.Debug|x64.ActiveCfg = Debug|Any CPU
		{FBFEBD57-7B53-49E4-AEA9-90040936C70F}.Debug|x64.Build.0 = Debug|Any CPU
		{FBFEBD57-7B53-49E4-AEA9-90040936C70F}.Debug|x86.ActiveCfg = Debug|Any CPU
		{FBFEBD57-7B53-49E4-AEA9-90040936C70F}.Debug|x86.Build.0 = Debug|Any CPU
		{FBFEBD57-7B53-49E4-AEA9-90040936C70F}.Release|Any CPU.ActiveCfg = Release|Any CPU
		{FBFEBD57-7B53-49E4-AEA9-90040936C70F}.Release|Any CPU.Build.0 = Release|Any CPU
		{FBFEBD57-7B53-49E4-AEA9-90040936C70F}.Release|x64.ActiveCfg = Release|Any CPU
		{FBFEBD57-7B53-49E4-AEA9-90040936C70F}.Release|x64.Build.0 = Release|Any CPU
		{FBFEBD57-7B53-49E4-AEA9-90040936C70F}.Release|x86.ActiveCfg = Release|Any CPU
		{FBFEBD57-7B53-49E4-AEA9-90040936C70F}.Release|x86.Build.0 = Release|Any CPU
		{B651D952-FDEC-4E46-8BA6-9C19B6766984}.Debug|Any CPU.ActiveCfg = Debug|Any CPU
		{B651D952-FDEC-4E46-8BA6-9C19B6766984}.Debug|Any CPU.Build.0 = Debug|Any CPU
		{B651D952-FDEC-4E46-8BA6-9C19B6766984}.Debug|x64.ActiveCfg = Debug|Any CPU
		{B651D952-FDEC-4E46-8BA6-9C19B6766984}.Debug|x64.Build.0 = Debug|Any CPU
		{B651D952-FDEC-4E46-8BA6-9C19B6766984}.Debug|x86.ActiveCfg = Debug|Any CPU
		{B651D952-FDEC-4E46-8BA6-9C19B6766984}.Debug|x86.Build.0 = Debug|Any CPU
		{B651D952-FDEC-4E46-8BA6-9C19B6766984}.Release|Any CPU.ActiveCfg = Release|Any CPU
		{B651D952-FDEC-4E46-8BA6-9C19B6766984}.Release|Any CPU.Build.0 = Release|Any CPU
		{B651D952-FDEC-4E46-8BA6-9C19B6766984}.Release|x64.ActiveCfg = Release|Any CPU
		{B651D952-FDEC-4E46-8BA6-9C19B6766984}.Release|x64.Build.0 = Release|Any CPU
		{B651D952-FDEC-4E46-8BA6-9C19B6766984}.Release|x86.ActiveCfg = Release|Any CPU
		{B651D952-FDEC-4E46-8BA6-9C19B6766984}.Release|x86.Build.0 = Release|Any CPU
	EndGlobalSection
	GlobalSection(SolutionProperties) = preSolution
		HideSolutionNode = FALSE
	EndGlobalSection
	GlobalSection(NestedProjects) = preSolution
		{09EE653E-A545-4D4A-8291-DC8B1FBBC62F} = {F78C9A16-78B2-4100-BB38-3889C17D6D01}
		{88811AFB-D7C4-AB5A-B1DE-955407F90D1B} = {A2C5F44E-4EF3-4E24-8FF7-E2D392A81016}
		{A2C5F44E-4EF3-4E24-8FF7-E2D392A81016} = {F78C9A16-78B2-4100-BB38-3889C17D6D01}
		{A9E3812C-982C-426F-987F-7882C712F64C} = {D39B6BF5-FC00-4CB9-8B65-22332F3909D5}
		{D39B6BF5-FC00-4CB9-8B65-22332F3909D5} = {A2C5F44E-4EF3-4E24-8FF7-E2D392A81016}
		{BEEECBE0-E84C-4EB4-9F7C-90C19652D31C} = {F78C9A16-78B2-4100-BB38-3889C17D6D01}
		{FBFEBD57-7B53-49E4-AEA9-90040936C70F} = {BEEECBE0-E84C-4EB4-9F7C-90C19652D31C}
		{5128A38C-059A-4DA8-B3AD-169C96C03EA3} = {BEEECBE0-E84C-4EB4-9F7C-90C19652D31C}
		{B651D952-FDEC-4E46-8BA6-9C19B6766984} = {5128A38C-059A-4DA8-B3AD-169C96C03EA3}
	EndGlobalSection
EndGlobal
