
Microsoft Visual Studio Solution File, Format Version 12.00
# Visual Studio 15
VisualStudioVersion = 15.0.26228.9
MinimumVisualStudioVersion = 10.0.40219.1
Project("{2150E333-8FDC-42A3-9474-1A3956D46DE8}") = "Microsoft.Azure.Devices.Proxy.Samples", "Microsoft.Azure.Devices.Proxy.Samples", "{F78C9A16-78B2-4100-BB38-3889C17D6D01}"
EndProject
Project("{2150E333-8FDC-42A3-9474-1A3956D46DE8}") = "Opc.Ua", "Opc.Ua", "{A2C5F44E-4EF3-4E24-8FF7-E2D392A81016}"
EndProject
Project("{2150E333-8FDC-42A3-9474-1A3956D46DE8}") = "Test", "Test", "{D39B6BF5-FC00-4CB9-8B65-22332F3909D5}"
EndProject
Project("{2150E333-8FDC-42A3-9474-1A3956D46DE8}") = "Vnc", "Vnc", "{BEEECBE0-E84C-4EB4-9F7C-90C19652D31C}"
EndProject
Project("{2150E333-8FDC-42A3-9474-1A3956D46DE8}") = "Test", "Test", "{5128A38C-059A-4DA8-B3AD-169C96C03EA3}"
EndProject
Project("{2150E333-8FDC-42A3-9474-1A3956D46DE8}") = "Provider", "Provider", "{C25A958E-DCF0-41ED-82C6-80B1F2959440}"
EndProject
Project("{9A19103F-16F7-4668-BE54-9A1E7A4F7556}") = "Microsoft.Azure.Devices.Proxy", "src\Microsoft.Azure.Devices.Proxy\Microsoft.Azure.Devices.Proxy.csproj", "{43311AFB-D7C4-4E5A-B1DE-855407F90D1B}"
EndProject
Project("{9A19103F-16F7-4668-BE54-9A1E7A4F7556}") = "Simple", "samples\simple\Simple.csproj", "{09EE653E-A545-4D4A-8291-DC8B1FBBC62F}"
EndProject
Project("{9A19103F-16F7-4668-BE54-9A1E7A4F7556}") = "Microsoft.Azure.Devices.Opc.Ua.Proxy", "samples\opc-ua\src\Microsoft.Azure.Devices.Opc.Ua.Proxy\Microsoft.Azure.Devices.Opc.Ua.Proxy.csproj", "{88811AFB-D7C4-AB5A-B1DE-955407F90D1B}"
EndProject
Project("{9A19103F-16F7-4668-BE54-9A1E7A4F7556}") = "Client", "samples\opc-ua\test\Client\Client.csproj", "{A9E3812C-982C-426F-987F-7882C712F64C}"
EndProject
Project("{9A19103F-16F7-4668-BE54-9A1E7A4F7556}") = "Client", "samples\vnc\src\Client\Client.csproj", "{FBFEBD57-7B53-49E4-AEA9-90040936C70F}"
EndProject
Project("{9A19103F-16F7-4668-BE54-9A1E7A4F7556}") = "Server", "samples\vnc\test\Server\Server.csproj", "{B651D952-FDEC-4E46-8BA6-9C19B6766984}"
EndProject
Project("{9A19103F-16F7-4668-BE54-9A1E7A4F7556}") = "Microsoft.Azure.Devices.Proxy.Relay", "samples\provider\relay\src\Microsoft.Azure.Devices.Proxy.Relay\Microsoft.Azure.Devices.Proxy.Relay.csproj", "{A848F6A0-3EFB-480A-AE26-3EF8079C812D}"
EndProject
Project("{9A19103F-16F7-4668-BE54-9A1E7A4F7556}") = "Microsoft.Azure.Devices.Proxy.AspNet", "samples\provider\webapp\src\Microsoft.Azure.Devices.Proxy.AspNet\Microsoft.Azure.Devices.Proxy.AspNet.csproj", "{1A18D70A-C496-49A1-9229-9122B0F187F8}"
EndProject
Project("{2150E333-8FDC-42A3-9474-1A3956D46DE8}") = "Http", "Http", "{E20C2F94-7804-486A-B017-EBA67E118167}"
EndProject
Project("{9A19103F-16F7-4668-BE54-9A1E7A4F7556}") = "WebServer", "samples\http\WebServer.csproj", "{6BF89AB7-E016-422B-AE54-B30C1072B011}"
EndProject
Global
	GlobalSection(SolutionConfigurationPlatforms) = preSolution
		Debug|Any CPU = Debug|Any CPU
		Debug|x64 = Debug|x64
		Debug|x86 = Debug|x86
		Perf|Any CPU = Perf|Any CPU
		Perf|x64 = Perf|x64
		Perf|x86 = Perf|x86
		Release|Any CPU = Release|Any CPU
		Release|x64 = Release|x64
		Release|x86 = Release|x86
		Signed|Any CPU = Signed|Any CPU
		Signed|x64 = Signed|x64
		Signed|x86 = Signed|x86
	EndGlobalSection
	GlobalSection(ProjectConfigurationPlatforms) = postSolution
		{43311AFB-D7C4-4E5A-B1DE-855407F90D1B}.Debug|Any CPU.ActiveCfg = Debug|Any CPU
		{43311AFB-D7C4-4E5A-B1DE-855407F90D1B}.Debug|Any CPU.Build.0 = Debug|Any CPU
		{43311AFB-D7C4-4E5A-B1DE-855407F90D1B}.Debug|x64.ActiveCfg = Debug|Any CPU
		{43311AFB-D7C4-4E5A-B1DE-855407F90D1B}.Debug|x64.Build.0 = Debug|Any CPU
		{43311AFB-D7C4-4E5A-B1DE-855407F90D1B}.Debug|x86.ActiveCfg = Debug|Any CPU
		{43311AFB-D7C4-4E5A-B1DE-855407F90D1B}.Debug|x86.Build.0 = Debug|Any CPU
		{43311AFB-D7C4-4E5A-B1DE-855407F90D1B}.Perf|Any CPU.ActiveCfg = Signed|Any CPU
		{43311AFB-D7C4-4E5A-B1DE-855407F90D1B}.Perf|Any CPU.Build.0 = Signed|Any CPU
		{43311AFB-D7C4-4E5A-B1DE-855407F90D1B}.Perf|x64.ActiveCfg = Signed|Any CPU
		{43311AFB-D7C4-4E5A-B1DE-855407F90D1B}.Perf|x64.Build.0 = Signed|Any CPU
		{43311AFB-D7C4-4E5A-B1DE-855407F90D1B}.Perf|x86.ActiveCfg = Signed|Any CPU
		{43311AFB-D7C4-4E5A-B1DE-855407F90D1B}.Perf|x86.Build.0 = Signed|Any CPU
		{43311AFB-D7C4-4E5A-B1DE-855407F90D1B}.Release|Any CPU.ActiveCfg = Release|Any CPU
		{43311AFB-D7C4-4E5A-B1DE-855407F90D1B}.Release|Any CPU.Build.0 = Release|Any CPU
		{43311AFB-D7C4-4E5A-B1DE-855407F90D1B}.Release|x64.ActiveCfg = Release|Any CPU
		{43311AFB-D7C4-4E5A-B1DE-855407F90D1B}.Release|x64.Build.0 = Release|Any CPU
		{43311AFB-D7C4-4E5A-B1DE-855407F90D1B}.Release|x86.ActiveCfg = Release|Any CPU
		{43311AFB-D7C4-4E5A-B1DE-855407F90D1B}.Release|x86.Build.0 = Release|Any CPU
		{43311AFB-D7C4-4E5A-B1DE-855407F90D1B}.Signed|Any CPU.ActiveCfg = Signed|Any CPU
		{43311AFB-D7C4-4E5A-B1DE-855407F90D1B}.Signed|Any CPU.Build.0 = Signed|Any CPU
		{43311AFB-D7C4-4E5A-B1DE-855407F90D1B}.Signed|x64.ActiveCfg = Signed|Any CPU
		{43311AFB-D7C4-4E5A-B1DE-855407F90D1B}.Signed|x64.Build.0 = Signed|Any CPU
		{43311AFB-D7C4-4E5A-B1DE-855407F90D1B}.Signed|x86.ActiveCfg = Signed|Any CPU
		{43311AFB-D7C4-4E5A-B1DE-855407F90D1B}.Signed|x86.Build.0 = Signed|Any CPU
		{09EE653E-A545-4D4A-8291-DC8B1FBBC62F}.Debug|Any CPU.ActiveCfg = Debug|Any CPU
		{09EE653E-A545-4D4A-8291-DC8B1FBBC62F}.Debug|Any CPU.Build.0 = Debug|Any CPU
		{09EE653E-A545-4D4A-8291-DC8B1FBBC62F}.Debug|x64.ActiveCfg = Debug|Any CPU
		{09EE653E-A545-4D4A-8291-DC8B1FBBC62F}.Debug|x64.Build.0 = Debug|Any CPU
		{09EE653E-A545-4D4A-8291-DC8B1FBBC62F}.Debug|x86.ActiveCfg = Debug|Any CPU
		{09EE653E-A545-4D4A-8291-DC8B1FBBC62F}.Debug|x86.Build.0 = Debug|Any CPU
		{09EE653E-A545-4D4A-8291-DC8B1FBBC62F}.Perf|Any CPU.ActiveCfg = Signed|Any CPU
		{09EE653E-A545-4D4A-8291-DC8B1FBBC62F}.Perf|Any CPU.Build.0 = Signed|Any CPU
		{09EE653E-A545-4D4A-8291-DC8B1FBBC62F}.Perf|x64.ActiveCfg = Signed|Any CPU
		{09EE653E-A545-4D4A-8291-DC8B1FBBC62F}.Perf|x64.Build.0 = Signed|Any CPU
		{09EE653E-A545-4D4A-8291-DC8B1FBBC62F}.Perf|x86.ActiveCfg = Signed|Any CPU
		{09EE653E-A545-4D4A-8291-DC8B1FBBC62F}.Perf|x86.Build.0 = Signed|Any CPU
		{09EE653E-A545-4D4A-8291-DC8B1FBBC62F}.Release|Any CPU.ActiveCfg = Release|Any CPU
		{09EE653E-A545-4D4A-8291-DC8B1FBBC62F}.Release|Any CPU.Build.0 = Release|Any CPU
		{09EE653E-A545-4D4A-8291-DC8B1FBBC62F}.Release|x64.ActiveCfg = Release|Any CPU
		{09EE653E-A545-4D4A-8291-DC8B1FBBC62F}.Release|x64.Build.0 = Release|Any CPU
		{09EE653E-A545-4D4A-8291-DC8B1FBBC62F}.Release|x86.ActiveCfg = Release|Any CPU
		{09EE653E-A545-4D4A-8291-DC8B1FBBC62F}.Release|x86.Build.0 = Release|Any CPU
		{09EE653E-A545-4D4A-8291-DC8B1FBBC62F}.Signed|Any CPU.ActiveCfg = Signed|Any CPU
		{09EE653E-A545-4D4A-8291-DC8B1FBBC62F}.Signed|Any CPU.Build.0 = Signed|Any CPU
		{09EE653E-A545-4D4A-8291-DC8B1FBBC62F}.Signed|x64.ActiveCfg = Signed|Any CPU
		{09EE653E-A545-4D4A-8291-DC8B1FBBC62F}.Signed|x64.Build.0 = Signed|Any CPU
		{09EE653E-A545-4D4A-8291-DC8B1FBBC62F}.Signed|x86.ActiveCfg = Signed|Any CPU
		{09EE653E-A545-4D4A-8291-DC8B1FBBC62F}.Signed|x86.Build.0 = Signed|Any CPU
		{88811AFB-D7C4-AB5A-B1DE-955407F90D1B}.Debug|Any CPU.ActiveCfg = Debug|Any CPU
		{88811AFB-D7C4-AB5A-B1DE-955407F90D1B}.Debug|Any CPU.Build.0 = Debug|Any CPU
		{88811AFB-D7C4-AB5A-B1DE-955407F90D1B}.Debug|x64.ActiveCfg = Debug|Any CPU
		{88811AFB-D7C4-AB5A-B1DE-955407F90D1B}.Debug|x64.Build.0 = Debug|Any CPU
		{88811AFB-D7C4-AB5A-B1DE-955407F90D1B}.Debug|x86.ActiveCfg = Debug|Any CPU
		{88811AFB-D7C4-AB5A-B1DE-955407F90D1B}.Debug|x86.Build.0 = Debug|Any CPU
		{88811AFB-D7C4-AB5A-B1DE-955407F90D1B}.Perf|Any CPU.ActiveCfg = Signed|Any CPU
		{88811AFB-D7C4-AB5A-B1DE-955407F90D1B}.Perf|Any CPU.Build.0 = Signed|Any CPU
		{88811AFB-D7C4-AB5A-B1DE-955407F90D1B}.Perf|x64.ActiveCfg = Signed|Any CPU
		{88811AFB-D7C4-AB5A-B1DE-955407F90D1B}.Perf|x64.Build.0 = Signed|Any CPU
		{88811AFB-D7C4-AB5A-B1DE-955407F90D1B}.Perf|x86.ActiveCfg = Signed|Any CPU
		{88811AFB-D7C4-AB5A-B1DE-955407F90D1B}.Perf|x86.Build.0 = Signed|Any CPU
		{88811AFB-D7C4-AB5A-B1DE-955407F90D1B}.Release|Any CPU.ActiveCfg = Release|Any CPU
		{88811AFB-D7C4-AB5A-B1DE-955407F90D1B}.Release|Any CPU.Build.0 = Release|Any CPU
		{88811AFB-D7C4-AB5A-B1DE-955407F90D1B}.Release|x64.ActiveCfg = Release|Any CPU
		{88811AFB-D7C4-AB5A-B1DE-955407F90D1B}.Release|x64.Build.0 = Release|Any CPU
		{88811AFB-D7C4-AB5A-B1DE-955407F90D1B}.Release|x86.ActiveCfg = Release|Any CPU
		{88811AFB-D7C4-AB5A-B1DE-955407F90D1B}.Release|x86.Build.0 = Release|Any CPU
		{88811AFB-D7C4-AB5A-B1DE-955407F90D1B}.Signed|Any CPU.ActiveCfg = Signed|Any CPU
		{88811AFB-D7C4-AB5A-B1DE-955407F90D1B}.Signed|Any CPU.Build.0 = Signed|Any CPU
		{88811AFB-D7C4-AB5A-B1DE-955407F90D1B}.Signed|x64.ActiveCfg = Signed|Any CPU
		{88811AFB-D7C4-AB5A-B1DE-955407F90D1B}.Signed|x64.Build.0 = Signed|Any CPU
		{88811AFB-D7C4-AB5A-B1DE-955407F90D1B}.Signed|x86.ActiveCfg = Signed|Any CPU
		{88811AFB-D7C4-AB5A-B1DE-955407F90D1B}.Signed|x86.Build.0 = Signed|Any CPU
		{A9E3812C-982C-426F-987F-7882C712F64C}.Debug|Any CPU.ActiveCfg = Debug|Any CPU
		{A9E3812C-982C-426F-987F-7882C712F64C}.Debug|Any CPU.Build.0 = Debug|Any CPU
		{A9E3812C-982C-426F-987F-7882C712F64C}.Debug|x64.ActiveCfg = Debug|Any CPU
		{A9E3812C-982C-426F-987F-7882C712F64C}.Debug|x64.Build.0 = Debug|Any CPU
		{A9E3812C-982C-426F-987F-7882C712F64C}.Debug|x86.ActiveCfg = Debug|Any CPU
		{A9E3812C-982C-426F-987F-7882C712F64C}.Debug|x86.Build.0 = Debug|Any CPU
		{A9E3812C-982C-426F-987F-7882C712F64C}.Perf|Any CPU.ActiveCfg = Release|Any CPU
		{A9E3812C-982C-426F-987F-7882C712F64C}.Perf|Any CPU.Build.0 = Release|Any CPU
		{A9E3812C-982C-426F-987F-7882C712F64C}.Perf|x64.ActiveCfg = Release|Any CPU
		{A9E3812C-982C-426F-987F-7882C712F64C}.Perf|x64.Build.0 = Release|Any CPU
		{A9E3812C-982C-426F-987F-7882C712F64C}.Perf|x86.ActiveCfg = Release|Any CPU
		{A9E3812C-982C-426F-987F-7882C712F64C}.Perf|x86.Build.0 = Release|Any CPU
		{A9E3812C-982C-426F-987F-7882C712F64C}.Release|Any CPU.ActiveCfg = Release|Any CPU
		{A9E3812C-982C-426F-987F-7882C712F64C}.Release|Any CPU.Build.0 = Release|Any CPU
		{A9E3812C-982C-426F-987F-7882C712F64C}.Release|x64.ActiveCfg = Release|Any CPU
		{A9E3812C-982C-426F-987F-7882C712F64C}.Release|x64.Build.0 = Release|Any CPU
		{A9E3812C-982C-426F-987F-7882C712F64C}.Release|x86.ActiveCfg = Release|Any CPU
		{A9E3812C-982C-426F-987F-7882C712F64C}.Release|x86.Build.0 = Release|Any CPU
		{A9E3812C-982C-426F-987F-7882C712F64C}.Signed|Any CPU.ActiveCfg = Release|Any CPU
		{A9E3812C-982C-426F-987F-7882C712F64C}.Signed|Any CPU.Build.0 = Release|Any CPU
		{A9E3812C-982C-426F-987F-7882C712F64C}.Signed|x64.ActiveCfg = Release|Any CPU
		{A9E3812C-982C-426F-987F-7882C712F64C}.Signed|x64.Build.0 = Release|Any CPU
		{A9E3812C-982C-426F-987F-7882C712F64C}.Signed|x86.ActiveCfg = Release|Any CPU
		{A9E3812C-982C-426F-987F-7882C712F64C}.Signed|x86.Build.0 = Release|Any CPU
		{FBFEBD57-7B53-49E4-AEA9-90040936C70F}.Debug|Any CPU.ActiveCfg = Debug|Any CPU
		{FBFEBD57-7B53-49E4-AEA9-90040936C70F}.Debug|Any CPU.Build.0 = Debug|Any CPU
		{FBFEBD57-7B53-49E4-AEA9-90040936C70F}.Debug|x64.ActiveCfg = Debug|Any CPU
		{FBFEBD57-7B53-49E4-AEA9-90040936C70F}.Debug|x64.Build.0 = Debug|Any CPU
		{FBFEBD57-7B53-49E4-AEA9-90040936C70F}.Debug|x86.ActiveCfg = Debug|Any CPU
		{FBFEBD57-7B53-49E4-AEA9-90040936C70F}.Debug|x86.Build.0 = Debug|Any CPU
		{FBFEBD57-7B53-49E4-AEA9-90040936C70F}.Perf|Any CPU.ActiveCfg = Release|Any CPU
		{FBFEBD57-7B53-49E4-AEA9-90040936C70F}.Perf|Any CPU.Build.0 = Release|Any CPU
		{FBFEBD57-7B53-49E4-AEA9-90040936C70F}.Perf|x64.ActiveCfg = Release|Any CPU
		{FBFEBD57-7B53-49E4-AEA9-90040936C70F}.Perf|x64.Build.0 = Release|Any CPU
		{FBFEBD57-7B53-49E4-AEA9-90040936C70F}.Perf|x86.ActiveCfg = Release|Any CPU
		{FBFEBD57-7B53-49E4-AEA9-90040936C70F}.Perf|x86.Build.0 = Release|Any CPU
		{FBFEBD57-7B53-49E4-AEA9-90040936C70F}.Release|Any CPU.ActiveCfg = Release|Any CPU
		{FBFEBD57-7B53-49E4-AEA9-90040936C70F}.Release|Any CPU.Build.0 = Release|Any CPU
		{FBFEBD57-7B53-49E4-AEA9-90040936C70F}.Release|x64.ActiveCfg = Release|Any CPU
		{FBFEBD57-7B53-49E4-AEA9-90040936C70F}.Release|x64.Build.0 = Release|Any CPU
		{FBFEBD57-7B53-49E4-AEA9-90040936C70F}.Release|x86.ActiveCfg = Release|Any CPU
		{FBFEBD57-7B53-49E4-AEA9-90040936C70F}.Release|x86.Build.0 = Release|Any CPU
		{FBFEBD57-7B53-49E4-AEA9-90040936C70F}.Signed|Any CPU.ActiveCfg = Release|Any CPU
		{FBFEBD57-7B53-49E4-AEA9-90040936C70F}.Signed|Any CPU.Build.0 = Release|Any CPU
		{FBFEBD57-7B53-49E4-AEA9-90040936C70F}.Signed|x64.ActiveCfg = Release|Any CPU
		{FBFEBD57-7B53-49E4-AEA9-90040936C70F}.Signed|x64.Build.0 = Release|Any CPU
		{FBFEBD57-7B53-49E4-AEA9-90040936C70F}.Signed|x86.ActiveCfg = Release|Any CPU
		{FBFEBD57-7B53-49E4-AEA9-90040936C70F}.Signed|x86.Build.0 = Release|Any CPU
		{B651D952-FDEC-4E46-8BA6-9C19B6766984}.Debug|Any CPU.ActiveCfg = Debug|Any CPU
		{B651D952-FDEC-4E46-8BA6-9C19B6766984}.Debug|Any CPU.Build.0 = Debug|Any CPU
		{B651D952-FDEC-4E46-8BA6-9C19B6766984}.Debug|x64.ActiveCfg = Debug|Any CPU
		{B651D952-FDEC-4E46-8BA6-9C19B6766984}.Debug|x64.Build.0 = Debug|Any CPU
		{B651D952-FDEC-4E46-8BA6-9C19B6766984}.Debug|x86.ActiveCfg = Debug|Any CPU
		{B651D952-FDEC-4E46-8BA6-9C19B6766984}.Debug|x86.Build.0 = Debug|Any CPU
		{B651D952-FDEC-4E46-8BA6-9C19B6766984}.Perf|Any CPU.ActiveCfg = Perf|Any CPU
		{B651D952-FDEC-4E46-8BA6-9C19B6766984}.Perf|Any CPU.Build.0 = Perf|Any CPU
		{B651D952-FDEC-4E46-8BA6-9C19B6766984}.Perf|x64.ActiveCfg = Perf|Any CPU
		{B651D952-FDEC-4E46-8BA6-9C19B6766984}.Perf|x64.Build.0 = Perf|Any CPU
		{B651D952-FDEC-4E46-8BA6-9C19B6766984}.Perf|x86.ActiveCfg = Perf|Any CPU
		{B651D952-FDEC-4E46-8BA6-9C19B6766984}.Perf|x86.Build.0 = Perf|Any CPU
		{B651D952-FDEC-4E46-8BA6-9C19B6766984}.Release|Any CPU.ActiveCfg = Release|Any CPU
		{B651D952-FDEC-4E46-8BA6-9C19B6766984}.Release|Any CPU.Build.0 = Release|Any CPU
		{B651D952-FDEC-4E46-8BA6-9C19B6766984}.Release|x64.ActiveCfg = Release|Any CPU
		{B651D952-FDEC-4E46-8BA6-9C19B6766984}.Release|x64.Build.0 = Release|Any CPU
		{B651D952-FDEC-4E46-8BA6-9C19B6766984}.Release|x86.ActiveCfg = Release|Any CPU
		{B651D952-FDEC-4E46-8BA6-9C19B6766984}.Release|x86.Build.0 = Release|Any CPU
		{B651D952-FDEC-4E46-8BA6-9C19B6766984}.Signed|Any CPU.ActiveCfg = Release|Any CPU
		{B651D952-FDEC-4E46-8BA6-9C19B6766984}.Signed|Any CPU.Build.0 = Release|Any CPU
		{B651D952-FDEC-4E46-8BA6-9C19B6766984}.Signed|x64.ActiveCfg = Release|Any CPU
		{B651D952-FDEC-4E46-8BA6-9C19B6766984}.Signed|x64.Build.0 = Release|Any CPU
		{B651D952-FDEC-4E46-8BA6-9C19B6766984}.Signed|x86.ActiveCfg = Release|Any CPU
		{B651D952-FDEC-4E46-8BA6-9C19B6766984}.Signed|x86.Build.0 = Release|Any CPU
		{A848F6A0-3EFB-480A-AE26-3EF8079C812D}.Debug|Any CPU.ActiveCfg = Debug|Any CPU
		{A848F6A0-3EFB-480A-AE26-3EF8079C812D}.Debug|Any CPU.Build.0 = Debug|Any CPU
		{A848F6A0-3EFB-480A-AE26-3EF8079C812D}.Debug|x64.ActiveCfg = Debug|Any CPU
		{A848F6A0-3EFB-480A-AE26-3EF8079C812D}.Debug|x64.Build.0 = Debug|Any CPU
		{A848F6A0-3EFB-480A-AE26-3EF8079C812D}.Debug|x86.ActiveCfg = Debug|Any CPU
		{A848F6A0-3EFB-480A-AE26-3EF8079C812D}.Debug|x86.Build.0 = Debug|Any CPU
		{A848F6A0-3EFB-480A-AE26-3EF8079C812D}.Perf|Any CPU.ActiveCfg = Signed|Any CPU
		{A848F6A0-3EFB-480A-AE26-3EF8079C812D}.Perf|Any CPU.Build.0 = Signed|Any CPU
		{A848F6A0-3EFB-480A-AE26-3EF8079C812D}.Perf|x64.ActiveCfg = Signed|Any CPU
		{A848F6A0-3EFB-480A-AE26-3EF8079C812D}.Perf|x64.Build.0 = Signed|Any CPU
		{A848F6A0-3EFB-480A-AE26-3EF8079C812D}.Perf|x86.ActiveCfg = Signed|Any CPU
		{A848F6A0-3EFB-480A-AE26-3EF8079C812D}.Perf|x86.Build.0 = Signed|Any CPU
		{A848F6A0-3EFB-480A-AE26-3EF8079C812D}.Release|Any CPU.ActiveCfg = Release|Any CPU
		{A848F6A0-3EFB-480A-AE26-3EF8079C812D}.Release|Any CPU.Build.0 = Release|Any CPU
		{A848F6A0-3EFB-480A-AE26-3EF8079C812D}.Release|x64.ActiveCfg = Release|Any CPU
		{A848F6A0-3EFB-480A-AE26-3EF8079C812D}.Release|x64.Build.0 = Release|Any CPU
		{A848F6A0-3EFB-480A-AE26-3EF8079C812D}.Release|x86.ActiveCfg = Release|Any CPU
		{A848F6A0-3EFB-480A-AE26-3EF8079C812D}.Release|x86.Build.0 = Release|Any CPU
		{A848F6A0-3EFB-480A-AE26-3EF8079C812D}.Signed|Any CPU.ActiveCfg = Signed|Any CPU
		{A848F6A0-3EFB-480A-AE26-3EF8079C812D}.Signed|Any CPU.Build.0 = Signed|Any CPU
		{A848F6A0-3EFB-480A-AE26-3EF8079C812D}.Signed|x64.ActiveCfg = Signed|Any CPU
		{A848F6A0-3EFB-480A-AE26-3EF8079C812D}.Signed|x64.Build.0 = Signed|Any CPU
		{A848F6A0-3EFB-480A-AE26-3EF8079C812D}.Signed|x86.ActiveCfg = Signed|Any CPU
		{A848F6A0-3EFB-480A-AE26-3EF8079C812D}.Signed|x86.Build.0 = Signed|Any CPU
		{1A18D70A-C496-49A1-9229-9122B0F187F8}.Debug|Any CPU.ActiveCfg = Debug|Any CPU
		{1A18D70A-C496-49A1-9229-9122B0F187F8}.Debug|Any CPU.Build.0 = Debug|Any CPU
		{1A18D70A-C496-49A1-9229-9122B0F187F8}.Debug|x64.ActiveCfg = Debug|Any CPU
		{1A18D70A-C496-49A1-9229-9122B0F187F8}.Debug|x64.Build.0 = Debug|Any CPU
		{1A18D70A-C496-49A1-9229-9122B0F187F8}.Debug|x86.ActiveCfg = Debug|Any CPU
		{1A18D70A-C496-49A1-9229-9122B0F187F8}.Debug|x86.Build.0 = Debug|Any CPU
		{1A18D70A-C496-49A1-9229-9122B0F187F8}.Perf|Any CPU.ActiveCfg = Signed|Any CPU
		{1A18D70A-C496-49A1-9229-9122B0F187F8}.Perf|x64.ActiveCfg = Signed|Any CPU
		{1A18D70A-C496-49A1-9229-9122B0F187F8}.Perf|x86.ActiveCfg = Signed|Any CPU
		{1A18D70A-C496-49A1-9229-9122B0F187F8}.Release|Any CPU.ActiveCfg = Release|Any CPU
		{1A18D70A-C496-49A1-9229-9122B0F187F8}.Release|Any CPU.Build.0 = Release|Any CPU
		{1A18D70A-C496-49A1-9229-9122B0F187F8}.Release|x64.ActiveCfg = Release|Any CPU
		{1A18D70A-C496-49A1-9229-9122B0F187F8}.Release|x64.Build.0 = Release|Any CPU
		{1A18D70A-C496-49A1-9229-9122B0F187F8}.Release|x86.ActiveCfg = Release|Any CPU
		{1A18D70A-C496-49A1-9229-9122B0F187F8}.Release|x86.Build.0 = Release|Any CPU
		{1A18D70A-C496-49A1-9229-9122B0F187F8}.Signed|Any CPU.ActiveCfg = Signed|Any CPU
		{1A18D70A-C496-49A1-9229-9122B0F187F8}.Signed|Any CPU.Build.0 = Signed|Any CPU
		{1A18D70A-C496-49A1-9229-9122B0F187F8}.Signed|x64.ActiveCfg = Signed|Any CPU
		{1A18D70A-C496-49A1-9229-9122B0F187F8}.Signed|x64.Build.0 = Signed|Any CPU
		{1A18D70A-C496-49A1-9229-9122B0F187F8}.Signed|x86.ActiveCfg = Signed|Any CPU
		{1A18D70A-C496-49A1-9229-9122B0F187F8}.Signed|x86.Build.0 = Signed|Any CPU
		{6BF89AB7-E016-422B-AE54-B30C1072B011}.Debug|Any CPU.ActiveCfg = Debug|Any CPU
		{6BF89AB7-E016-422B-AE54-B30C1072B011}.Debug|Any CPU.Build.0 = Debug|Any CPU
		{6BF89AB7-E016-422B-AE54-B30C1072B011}.Debug|x64.ActiveCfg = Debug|Any CPU
		{6BF89AB7-E016-422B-AE54-B30C1072B011}.Debug|x64.Build.0 = Debug|Any CPU
		{6BF89AB7-E016-422B-AE54-B30C1072B011}.Debug|x86.ActiveCfg = Debug|Any CPU
		{6BF89AB7-E016-422B-AE54-B30C1072B011}.Debug|x86.Build.0 = Debug|Any CPU
		{6BF89AB7-E016-422B-AE54-B30C1072B011}.Perf|Any CPU.ActiveCfg = Signed|Any CPU
		{6BF89AB7-E016-422B-AE54-B30C1072B011}.Perf|Any CPU.Build.0 = Signed|Any CPU
		{6BF89AB7-E016-422B-AE54-B30C1072B011}.Perf|x64.ActiveCfg = Signed|Any CPU
		{6BF89AB7-E016-422B-AE54-B30C1072B011}.Perf|x64.Build.0 = Signed|Any CPU
		{6BF89AB7-E016-422B-AE54-B30C1072B011}.Perf|x86.ActiveCfg = Signed|Any CPU
		{6BF89AB7-E016-422B-AE54-B30C1072B011}.Perf|x86.Build.0 = Signed|Any CPU
		{6BF89AB7-E016-422B-AE54-B30C1072B011}.Release|Any CPU.ActiveCfg = Release|Any CPU
		{6BF89AB7-E016-422B-AE54-B30C1072B011}.Release|Any CPU.Build.0 = Release|Any CPU
		{6BF89AB7-E016-422B-AE54-B30C1072B011}.Release|x64.ActiveCfg = Release|Any CPU
		{6BF89AB7-E016-422B-AE54-B30C1072B011}.Release|x64.Build.0 = Release|Any CPU
		{6BF89AB7-E016-422B-AE54-B30C1072B011}.Release|x86.ActiveCfg = Release|Any CPU
		{6BF89AB7-E016-422B-AE54-B30C1072B011}.Release|x86.Build.0 = Release|Any CPU
		{6BF89AB7-E016-422B-AE54-B30C1072B011}.Signed|Any CPU.ActiveCfg = Signed|Any CPU
		{6BF89AB7-E016-422B-AE54-B30C1072B011}.Signed|Any CPU.Build.0 = Signed|Any CPU
		{6BF89AB7-E016-422B-AE54-B30C1072B011}.Signed|x64.ActiveCfg = Signed|Any CPU
		{6BF89AB7-E016-422B-AE54-B30C1072B011}.Signed|x64.Build.0 = Signed|Any CPU
		{6BF89AB7-E016-422B-AE54-B30C1072B011}.Signed|x86.ActiveCfg = Signed|Any CPU
		{6BF89AB7-E016-422B-AE54-B30C1072B011}.Signed|x86.Build.0 = Signed|Any CPU
	EndGlobalSection
	GlobalSection(SolutionProperties) = preSolution
		HideSolutionNode = FALSE
	EndGlobalSection
	GlobalSection(NestedProjects) = preSolution
		{A2C5F44E-4EF3-4E24-8FF7-E2D392A81016} = {F78C9A16-78B2-4100-BB38-3889C17D6D01}
		{D39B6BF5-FC00-4CB9-8B65-22332F3909D5} = {A2C5F44E-4EF3-4E24-8FF7-E2D392A81016}
		{BEEECBE0-E84C-4EB4-9F7C-90C19652D31C} = {F78C9A16-78B2-4100-BB38-3889C17D6D01}
		{5128A38C-059A-4DA8-B3AD-169C96C03EA3} = {BEEECBE0-E84C-4EB4-9F7C-90C19652D31C}
		{C25A958E-DCF0-41ED-82C6-80B1F2959440} = {F78C9A16-78B2-4100-BB38-3889C17D6D01}
		{09EE653E-A545-4D4A-8291-DC8B1FBBC62F} = {F78C9A16-78B2-4100-BB38-3889C17D6D01}
		{88811AFB-D7C4-AB5A-B1DE-955407F90D1B} = {A2C5F44E-4EF3-4E24-8FF7-E2D392A81016}
		{A9E3812C-982C-426F-987F-7882C712F64C} = {D39B6BF5-FC00-4CB9-8B65-22332F3909D5}
		{FBFEBD57-7B53-49E4-AEA9-90040936C70F} = {BEEECBE0-E84C-4EB4-9F7C-90C19652D31C}
		{B651D952-FDEC-4E46-8BA6-9C19B6766984} = {5128A38C-059A-4DA8-B3AD-169C96C03EA3}
		{A848F6A0-3EFB-480A-AE26-3EF8079C812D} = {C25A958E-DCF0-41ED-82C6-80B1F2959440}
		{1A18D70A-C496-49A1-9229-9122B0F187F8} = {C25A958E-DCF0-41ED-82C6-80B1F2959440}
		{E20C2F94-7804-486A-B017-EBA67E118167} = {F78C9A16-78B2-4100-BB38-3889C17D6D01}
		{6BF89AB7-E016-422B-AE54-B30C1072B011} = {E20C2F94-7804-486A-B017-EBA67E118167}
	EndGlobalSection
EndGlobal
