
Microsoft Visual Studio Solution File, Format Version 12.00
# Visual Studio 15
VisualStudioVersion = 15.0.26430.14
MinimumVisualStudioVersion = 10.0.40219.1
Project("{2150E333-8FDC-42A3-9474-1A3956D46DE8}") = "Microsoft.Azure.Devices.Proxy.Samples", "Microsoft.Azure.Devices.Proxy.Samples", "{F78C9A16-78B2-4100-BB38-3889C17D6D01}"
EndProject
Project("{2150E333-8FDC-42A3-9474-1A3956D46DE8}") = "Opc.Ua", "Opc.Ua", "{A2C5F44E-4EF3-4E24-8FF7-E2D392A81016}"
EndProject
Project("{2150E333-8FDC-42A3-9474-1A3956D46DE8}") = "Test", "Test", "{D39B6BF5-FC00-4CB9-8B65-22332F3909D5}"
EndProject
Project("{2150E333-8FDC-42A3-9474-1A3956D46DE8}") = "Vnc", "Vnc", "{BEEECBE0-E84C-4EB4-9F7C-90C19652D31C}"
EndProject
Project("{2150E333-8FDC-42A3-9474-1A3956D46DE8}") = "Test", "Test", "{5128A38C-059A-4DA8-B3AD-169C96C03EA3}"
EndProject
Project("{2150E333-8FDC-42A3-9474-1A3956D46DE8}") = "WebApp", "WebApp", "{C25A958E-DCF0-41ED-82C6-80B1F2959440}"
EndProject
Project("{9A19103F-16F7-4668-BE54-9A1E7A4F7556}") = "Microsoft.Azure.Devices.Proxy", "src\Microsoft.Azure.Devices.Proxy\Microsoft.Azure.Devices.Proxy.csproj", "{43311AFB-D7C4-4E5A-B1DE-855407F90D1B}"
EndProject
Project("{9A19103F-16F7-4668-BE54-9A1E7A4F7556}") = "Simple", "samples\simple\tcp\Simple.csproj", "{09EE653E-A545-4D4A-8291-DC8B1FBBC62F}"
EndProject
Project("{9A19103F-16F7-4668-BE54-9A1E7A4F7556}") = "Microsoft.Azure.Devices.Proxy.Opc.Ua", "samples\opc-ua\src\Microsoft.Azure.Devices.Proxy.Opc.Ua\Microsoft.Azure.Devices.Proxy.Opc.Ua.csproj", "{88811AFB-D7C4-AB5A-B1DE-955407F90D1B}"
EndProject
Project("{9A19103F-16F7-4668-BE54-9A1E7A4F7556}") = "Client", "samples\opc-ua\test\Client\Client.csproj", "{A9E3812C-982C-426F-987F-7882C712F64C}"
EndProject
Project("{9A19103F-16F7-4668-BE54-9A1E7A4F7556}") = "Server", "samples\vnc\test\Server\Server.csproj", "{B651D952-FDEC-4E46-8BA6-9C19B6766984}"
EndProject
Project("{9A19103F-16F7-4668-BE54-9A1E7A4F7556}") = "Microsoft.Azure.Devices.Proxy.Relay", "samples\provider\relay\src\Microsoft.Azure.Devices.Proxy.Relay\Microsoft.Azure.Devices.Proxy.Relay.csproj", "{A848F6A0-3EFB-480A-AE26-3EF8079C812D}"
EndProject
Project("{9A19103F-16F7-4668-BE54-9A1E7A4F7556}") = "Microsoft.Azure.Devices.Proxy.AspNet", "samples\provider\webapp\src\Microsoft.Azure.Devices.Proxy.AspNet\Microsoft.Azure.Devices.Proxy.AspNet.csproj", "{1A18D70A-C496-49A1-9229-9122B0F187F8}"
EndProject
Project("{2150E333-8FDC-42A3-9474-1A3956D46DE8}") = "Http", "Http", "{E20C2F94-7804-486A-B017-EBA67E118167}"
EndProject
Project("{9A19103F-16F7-4668-BE54-9A1E7A4F7556}") = "WebServer", "samples\http\WebServer.csproj", "{6BF89AB7-E016-422B-AE54-B30C1072B011}"
EndProject
Project("{9A19103F-16F7-4668-BE54-9A1E7A4F7556}") = "Netcat", "samples\netcat\Netcat.csproj", "{E7BFB277-62F2-4EC0-ACF1-7FEE80A03596}"
EndProject
Project("{9A19103F-16F7-4668-BE54-9A1E7A4F7556}") = "Client", "samples\vnc\src\Client\Client.csproj", "{08213F3E-2C57-4D95-A2CC-36F9EE6243B4}"
EndProject
Project("{9A19103F-16F7-4668-BE54-9A1E7A4F7556}") = "Browser", "samples\simple\dns\Browser.csproj", "{D59FA7CB-9BC3-4B7E-BC9D-37AB3F4CB141}"
EndProject
Project("{2150E333-8FDC-42A3-9474-1A3956D46DE8}") = "Simple", "Simple", "{511DC781-E4D9-43E0-A05D-5004518A229A}"
EndProject
Project("{2150E333-8FDC-42A3-9474-1A3956D46DE8}") = "Test", "Test", "{07E16244-0044-471C-BFFB-B8ED619C39B1}"
EndProject
Project("{9A19103F-16F7-4668-BE54-9A1E7A4F7556}") = "Microsoft.Azure.Devices.Proxy.Kestrel", "samples\provider\webapp\test\Host\Microsoft.Azure.Devices.Proxy.Kestrel.csproj", "{8FA6AA52-D439-4C55-A9DF-B5E4DC74FF1F}"
EndProject
Project("{2150E333-8FDC-42A3-9474-1A3956D46DE8}") = "Relay", "Relay", "{3517930C-066D-4DD4-A36E-398BEEEA6695}"
EndProject
Global
	GlobalSection(SolutionConfigurationPlatforms) = preSolution
		Debug|Any CPU = Debug|Any CPU
		Debug|net45 = Debug|net45
		Debug|net46 = Debug|net46
		Debug|x64 = Debug|x64
		Debug|x86 = Debug|x86
		Perf|Any CPU = Perf|Any CPU
		Perf|net45 = Perf|net45
		Perf|net46 = Perf|net46
		Perf|x64 = Perf|x64
		Perf|x86 = Perf|x86
		Release|Any CPU = Release|Any CPU
		Release|net45 = Release|net45
		Release|net46 = Release|net46
		Release|x64 = Release|x64
		Release|x86 = Release|x86
		Signed|Any CPU = Signed|Any CPU
		Signed|net45 = Signed|net45
		Signed|net46 = Signed|net46
		Signed|x64 = Signed|x64
		Signed|x86 = Signed|x86
	EndGlobalSection
	GlobalSection(ProjectConfigurationPlatforms) = postSolution
		{43311AFB-D7C4-4E5A-B1DE-855407F90D1B}.Debug|Any CPU.ActiveCfg = Debug|Any CPU
		{43311AFB-D7C4-4E5A-B1DE-855407F90D1B}.Debug|Any CPU.Build.0 = Debug|Any CPU
		{43311AFB-D7C4-4E5A-B1DE-855407F90D1B}.Debug|net45.ActiveCfg = Debug|Any CPU
		{43311AFB-D7C4-4E5A-B1DE-855407F90D1B}.Debug|net45.Build.0 = Debug|Any CPU
		{43311AFB-D7C4-4E5A-B1DE-855407F90D1B}.Debug|net46.ActiveCfg = Debug|Any CPU
		{43311AFB-D7C4-4E5A-B1DE-855407F90D1B}.Debug|net46.Build.0 = Debug|Any CPU
		{43311AFB-D7C4-4E5A-B1DE-855407F90D1B}.Debug|x64.ActiveCfg = Debug|Any CPU
		{43311AFB-D7C4-4E5A-B1DE-855407F90D1B}.Debug|x64.Build.0 = Debug|Any CPU
		{43311AFB-D7C4-4E5A-B1DE-855407F90D1B}.Debug|x86.ActiveCfg = Debug|Any CPU
		{43311AFB-D7C4-4E5A-B1DE-855407F90D1B}.Debug|x86.Build.0 = Debug|Any CPU
		{43311AFB-D7C4-4E5A-B1DE-855407F90D1B}.Perf|Any CPU.ActiveCfg = Signed|Any CPU
		{43311AFB-D7C4-4E5A-B1DE-855407F90D1B}.Perf|Any CPU.Build.0 = Signed|Any CPU
		{43311AFB-D7C4-4E5A-B1DE-855407F90D1B}.Perf|net45.ActiveCfg = Release|Any CPU
		{43311AFB-D7C4-4E5A-B1DE-855407F90D1B}.Perf|net45.Build.0 = Release|Any CPU
		{43311AFB-D7C4-4E5A-B1DE-855407F90D1B}.Perf|net46.ActiveCfg = Release|Any CPU
		{43311AFB-D7C4-4E5A-B1DE-855407F90D1B}.Perf|net46.Build.0 = Release|Any CPU
		{43311AFB-D7C4-4E5A-B1DE-855407F90D1B}.Perf|x64.ActiveCfg = Signed|Any CPU
		{43311AFB-D7C4-4E5A-B1DE-855407F90D1B}.Perf|x64.Build.0 = Signed|Any CPU
		{43311AFB-D7C4-4E5A-B1DE-855407F90D1B}.Perf|x86.ActiveCfg = Signed|Any CPU
		{43311AFB-D7C4-4E5A-B1DE-855407F90D1B}.Perf|x86.Build.0 = Signed|Any CPU
		{43311AFB-D7C4-4E5A-B1DE-855407F90D1B}.Release|Any CPU.ActiveCfg = Release|Any CPU
		{43311AFB-D7C4-4E5A-B1DE-855407F90D1B}.Release|Any CPU.Build.0 = Release|Any CPU
		{43311AFB-D7C4-4E5A-B1DE-855407F90D1B}.Release|net45.ActiveCfg = Release|Any CPU
		{43311AFB-D7C4-4E5A-B1DE-855407F90D1B}.Release|net45.Build.0 = Release|Any CPU
		{43311AFB-D7C4-4E5A-B1DE-855407F90D1B}.Release|net46.ActiveCfg = Release|Any CPU
		{43311AFB-D7C4-4E5A-B1DE-855407F90D1B}.Release|net46.Build.0 = Release|Any CPU
		{43311AFB-D7C4-4E5A-B1DE-855407F90D1B}.Release|x64.ActiveCfg = Release|Any CPU
		{43311AFB-D7C4-4E5A-B1DE-855407F90D1B}.Release|x64.Build.0 = Release|Any CPU
		{43311AFB-D7C4-4E5A-B1DE-855407F90D1B}.Release|x86.ActiveCfg = Release|Any CPU
		{43311AFB-D7C4-4E5A-B1DE-855407F90D1B}.Release|x86.Build.0 = Release|Any CPU
		{43311AFB-D7C4-4E5A-B1DE-855407F90D1B}.Signed|Any CPU.ActiveCfg = Signed|Any CPU
		{43311AFB-D7C4-4E5A-B1DE-855407F90D1B}.Signed|Any CPU.Build.0 = Signed|Any CPU
		{43311AFB-D7C4-4E5A-B1DE-855407F90D1B}.Signed|net45.ActiveCfg = Signed|Any CPU
		{43311AFB-D7C4-4E5A-B1DE-855407F90D1B}.Signed|net45.Build.0 = Signed|Any CPU
		{43311AFB-D7C4-4E5A-B1DE-855407F90D1B}.Signed|net46.ActiveCfg = Signed|Any CPU
		{43311AFB-D7C4-4E5A-B1DE-855407F90D1B}.Signed|net46.Build.0 = Signed|Any CPU
		{43311AFB-D7C4-4E5A-B1DE-855407F90D1B}.Signed|x64.ActiveCfg = Signed|Any CPU
		{43311AFB-D7C4-4E5A-B1DE-855407F90D1B}.Signed|x64.Build.0 = Signed|Any CPU
		{43311AFB-D7C4-4E5A-B1DE-855407F90D1B}.Signed|x86.ActiveCfg = Signed|Any CPU
		{43311AFB-D7C4-4E5A-B1DE-855407F90D1B}.Signed|x86.Build.0 = Signed|Any CPU
		{09EE653E-A545-4D4A-8291-DC8B1FBBC62F}.Debug|Any CPU.ActiveCfg = Debug|Any CPU
		{09EE653E-A545-4D4A-8291-DC8B1FBBC62F}.Debug|Any CPU.Build.0 = Debug|Any CPU
		{09EE653E-A545-4D4A-8291-DC8B1FBBC62F}.Debug|net45.ActiveCfg = Debug|net45
		{09EE653E-A545-4D4A-8291-DC8B1FBBC62F}.Debug|net45.Build.0 = Debug|net45
		{09EE653E-A545-4D4A-8291-DC8B1FBBC62F}.Debug|net46.ActiveCfg = Debug|net46
		{09EE653E-A545-4D4A-8291-DC8B1FBBC62F}.Debug|net46.Build.0 = Debug|net46
		{09EE653E-A545-4D4A-8291-DC8B1FBBC62F}.Debug|x64.ActiveCfg = Debug|Any CPU
		{09EE653E-A545-4D4A-8291-DC8B1FBBC62F}.Debug|x64.Build.0 = Debug|Any CPU
		{09EE653E-A545-4D4A-8291-DC8B1FBBC62F}.Debug|x86.ActiveCfg = Debug|Any CPU
		{09EE653E-A545-4D4A-8291-DC8B1FBBC62F}.Debug|x86.Build.0 = Debug|Any CPU
		{09EE653E-A545-4D4A-8291-DC8B1FBBC62F}.Perf|Any CPU.ActiveCfg = Signed|Any CPU
		{09EE653E-A545-4D4A-8291-DC8B1FBBC62F}.Perf|Any CPU.Build.0 = Signed|Any CPU
		{09EE653E-A545-4D4A-8291-DC8B1FBBC62F}.Perf|net45.ActiveCfg = Release|net45
		{09EE653E-A545-4D4A-8291-DC8B1FBBC62F}.Perf|net45.Build.0 = Release|net45
		{09EE653E-A545-4D4A-8291-DC8B1FBBC62F}.Perf|net46.ActiveCfg = Release|net46
		{09EE653E-A545-4D4A-8291-DC8B1FBBC62F}.Perf|net46.Build.0 = Release|net46
		{09EE653E-A545-4D4A-8291-DC8B1FBBC62F}.Perf|x64.ActiveCfg = Signed|Any CPU
		{09EE653E-A545-4D4A-8291-DC8B1FBBC62F}.Perf|x64.Build.0 = Signed|Any CPU
		{09EE653E-A545-4D4A-8291-DC8B1FBBC62F}.Perf|x86.ActiveCfg = Signed|Any CPU
		{09EE653E-A545-4D4A-8291-DC8B1FBBC62F}.Perf|x86.Build.0 = Signed|Any CPU
		{09EE653E-A545-4D4A-8291-DC8B1FBBC62F}.Release|Any CPU.ActiveCfg = Release|Any CPU
		{09EE653E-A545-4D4A-8291-DC8B1FBBC62F}.Release|Any CPU.Build.0 = Release|Any CPU
		{09EE653E-A545-4D4A-8291-DC8B1FBBC62F}.Release|net45.ActiveCfg = Release|net45
		{09EE653E-A545-4D4A-8291-DC8B1FBBC62F}.Release|net45.Build.0 = Release|net45
		{09EE653E-A545-4D4A-8291-DC8B1FBBC62F}.Release|net46.ActiveCfg = Release|net46
		{09EE653E-A545-4D4A-8291-DC8B1FBBC62F}.Release|net46.Build.0 = Release|net46
		{09EE653E-A545-4D4A-8291-DC8B1FBBC62F}.Release|x64.ActiveCfg = Release|Any CPU
		{09EE653E-A545-4D4A-8291-DC8B1FBBC62F}.Release|x64.Build.0 = Release|Any CPU
		{09EE653E-A545-4D4A-8291-DC8B1FBBC62F}.Release|x86.ActiveCfg = Release|Any CPU
		{09EE653E-A545-4D4A-8291-DC8B1FBBC62F}.Release|x86.Build.0 = Release|Any CPU
		{09EE653E-A545-4D4A-8291-DC8B1FBBC62F}.Signed|Any CPU.ActiveCfg = Signed|Any CPU
		{09EE653E-A545-4D4A-8291-DC8B1FBBC62F}.Signed|Any CPU.Build.0 = Signed|Any CPU
		{09EE653E-A545-4D4A-8291-DC8B1FBBC62F}.Signed|net45.ActiveCfg = Signed|net45
		{09EE653E-A545-4D4A-8291-DC8B1FBBC62F}.Signed|net45.Build.0 = Signed|net45
		{09EE653E-A545-4D4A-8291-DC8B1FBBC62F}.Signed|net46.ActiveCfg = Signed|net46
		{09EE653E-A545-4D4A-8291-DC8B1FBBC62F}.Signed|net46.Build.0 = Signed|net46
		{09EE653E-A545-4D4A-8291-DC8B1FBBC62F}.Signed|x64.ActiveCfg = Signed|Any CPU
		{09EE653E-A545-4D4A-8291-DC8B1FBBC62F}.Signed|x64.Build.0 = Signed|Any CPU
		{09EE653E-A545-4D4A-8291-DC8B1FBBC62F}.Signed|x86.ActiveCfg = Signed|Any CPU
		{09EE653E-A545-4D4A-8291-DC8B1FBBC62F}.Signed|x86.Build.0 = Signed|Any CPU
		{88811AFB-D7C4-AB5A-B1DE-955407F90D1B}.Debug|Any CPU.ActiveCfg = Debug|Any CPU
		{88811AFB-D7C4-AB5A-B1DE-955407F90D1B}.Debug|Any CPU.Build.0 = Debug|Any CPU
		{88811AFB-D7C4-AB5A-B1DE-955407F90D1B}.Debug|net45.ActiveCfg = Debug|Any CPU
		{88811AFB-D7C4-AB5A-B1DE-955407F90D1B}.Debug|net45.Build.0 = Debug|Any CPU
		{88811AFB-D7C4-AB5A-B1DE-955407F90D1B}.Debug|net46.ActiveCfg = Debug|net46
		{88811AFB-D7C4-AB5A-B1DE-955407F90D1B}.Debug|net46.Build.0 = Debug|net46
		{88811AFB-D7C4-AB5A-B1DE-955407F90D1B}.Debug|x64.ActiveCfg = Debug|Any CPU
		{88811AFB-D7C4-AB5A-B1DE-955407F90D1B}.Debug|x64.Build.0 = Debug|Any CPU
		{88811AFB-D7C4-AB5A-B1DE-955407F90D1B}.Debug|x86.ActiveCfg = Debug|Any CPU
		{88811AFB-D7C4-AB5A-B1DE-955407F90D1B}.Debug|x86.Build.0 = Debug|Any CPU
		{88811AFB-D7C4-AB5A-B1DE-955407F90D1B}.Perf|Any CPU.ActiveCfg = Signed|Any CPU
		{88811AFB-D7C4-AB5A-B1DE-955407F90D1B}.Perf|Any CPU.Build.0 = Signed|Any CPU
		{88811AFB-D7C4-AB5A-B1DE-955407F90D1B}.Perf|net45.ActiveCfg = Release|Any CPU
		{88811AFB-D7C4-AB5A-B1DE-955407F90D1B}.Perf|net45.Build.0 = Release|Any CPU
		{88811AFB-D7C4-AB5A-B1DE-955407F90D1B}.Perf|net46.ActiveCfg = Debug|net46
		{88811AFB-D7C4-AB5A-B1DE-955407F90D1B}.Perf|net46.Build.0 = Debug|net46
		{88811AFB-D7C4-AB5A-B1DE-955407F90D1B}.Perf|x64.ActiveCfg = Signed|Any CPU
		{88811AFB-D7C4-AB5A-B1DE-955407F90D1B}.Perf|x64.Build.0 = Signed|Any CPU
		{88811AFB-D7C4-AB5A-B1DE-955407F90D1B}.Perf|x86.ActiveCfg = Signed|Any CPU
		{88811AFB-D7C4-AB5A-B1DE-955407F90D1B}.Perf|x86.Build.0 = Signed|Any CPU
		{88811AFB-D7C4-AB5A-B1DE-955407F90D1B}.Release|Any CPU.ActiveCfg = Release|Any CPU
		{88811AFB-D7C4-AB5A-B1DE-955407F90D1B}.Release|Any CPU.Build.0 = Release|Any CPU
		{88811AFB-D7C4-AB5A-B1DE-955407F90D1B}.Release|net45.ActiveCfg = Release|Any CPU
		{88811AFB-D7C4-AB5A-B1DE-955407F90D1B}.Release|net45.Build.0 = Release|Any CPU
		{88811AFB-D7C4-AB5A-B1DE-955407F90D1B}.Release|net46.ActiveCfg = Release|net46
		{88811AFB-D7C4-AB5A-B1DE-955407F90D1B}.Release|net46.Build.0 = Release|net46
		{88811AFB-D7C4-AB5A-B1DE-955407F90D1B}.Release|x64.ActiveCfg = Release|Any CPU
		{88811AFB-D7C4-AB5A-B1DE-955407F90D1B}.Release|x64.Build.0 = Release|Any CPU
		{88811AFB-D7C4-AB5A-B1DE-955407F90D1B}.Release|x86.ActiveCfg = Release|Any CPU
		{88811AFB-D7C4-AB5A-B1DE-955407F90D1B}.Release|x86.Build.0 = Release|Any CPU
		{88811AFB-D7C4-AB5A-B1DE-955407F90D1B}.Signed|Any CPU.ActiveCfg = Signed|Any CPU
		{88811AFB-D7C4-AB5A-B1DE-955407F90D1B}.Signed|Any CPU.Build.0 = Signed|Any CPU
		{88811AFB-D7C4-AB5A-B1DE-955407F90D1B}.Signed|net45.ActiveCfg = Signed|Any CPU
		{88811AFB-D7C4-AB5A-B1DE-955407F90D1B}.Signed|net45.Build.0 = Signed|Any CPU
		{88811AFB-D7C4-AB5A-B1DE-955407F90D1B}.Signed|net46.ActiveCfg = Signed|net46
		{88811AFB-D7C4-AB5A-B1DE-955407F90D1B}.Signed|net46.Build.0 = Signed|net46
		{88811AFB-D7C4-AB5A-B1DE-955407F90D1B}.Signed|x64.ActiveCfg = Signed|Any CPU
		{88811AFB-D7C4-AB5A-B1DE-955407F90D1B}.Signed|x64.Build.0 = Signed|Any CPU
		{88811AFB-D7C4-AB5A-B1DE-955407F90D1B}.Signed|x86.ActiveCfg = Signed|Any CPU
		{88811AFB-D7C4-AB5A-B1DE-955407F90D1B}.Signed|x86.Build.0 = Signed|Any CPU
		{A9E3812C-982C-426F-987F-7882C712F64C}.Debug|Any CPU.ActiveCfg = Debug|Any CPU
		{A9E3812C-982C-426F-987F-7882C712F64C}.Debug|Any CPU.Build.0 = Debug|Any CPU
		{A9E3812C-982C-426F-987F-7882C712F64C}.Debug|net45.ActiveCfg = Debug|Any CPU
		{A9E3812C-982C-426F-987F-7882C712F64C}.Debug|net45.Build.0 = Debug|Any CPU
		{A9E3812C-982C-426F-987F-7882C712F64C}.Debug|net46.ActiveCfg = Debug|Any CPU
		{A9E3812C-982C-426F-987F-7882C712F64C}.Debug|net46.Build.0 = Debug|Any CPU
		{A9E3812C-982C-426F-987F-7882C712F64C}.Debug|x64.ActiveCfg = Debug|Any CPU
		{A9E3812C-982C-426F-987F-7882C712F64C}.Debug|x64.Build.0 = Debug|Any CPU
		{A9E3812C-982C-426F-987F-7882C712F64C}.Debug|x86.ActiveCfg = Debug|Any CPU
		{A9E3812C-982C-426F-987F-7882C712F64C}.Debug|x86.Build.0 = Debug|Any CPU
		{A9E3812C-982C-426F-987F-7882C712F64C}.Perf|Any CPU.ActiveCfg = Release|Any CPU
		{A9E3812C-982C-426F-987F-7882C712F64C}.Perf|Any CPU.Build.0 = Release|Any CPU
		{A9E3812C-982C-426F-987F-7882C712F64C}.Perf|net45.ActiveCfg = Release|Any CPU
		{A9E3812C-982C-426F-987F-7882C712F64C}.Perf|net45.Build.0 = Release|Any CPU
		{A9E3812C-982C-426F-987F-7882C712F64C}.Perf|net46.ActiveCfg = Release|Any CPU
		{A9E3812C-982C-426F-987F-7882C712F64C}.Perf|net46.Build.0 = Release|Any CPU
		{A9E3812C-982C-426F-987F-7882C712F64C}.Perf|x64.ActiveCfg = Release|Any CPU
		{A9E3812C-982C-426F-987F-7882C712F64C}.Perf|x64.Build.0 = Release|Any CPU
		{A9E3812C-982C-426F-987F-7882C712F64C}.Perf|x86.ActiveCfg = Release|Any CPU
		{A9E3812C-982C-426F-987F-7882C712F64C}.Perf|x86.Build.0 = Release|Any CPU
		{A9E3812C-982C-426F-987F-7882C712F64C}.Release|Any CPU.ActiveCfg = Release|Any CPU
		{A9E3812C-982C-426F-987F-7882C712F64C}.Release|Any CPU.Build.0 = Release|Any CPU
		{A9E3812C-982C-426F-987F-7882C712F64C}.Release|net45.ActiveCfg = Release|Any CPU
		{A9E3812C-982C-426F-987F-7882C712F64C}.Release|net45.Build.0 = Release|Any CPU
		{A9E3812C-982C-426F-987F-7882C712F64C}.Release|net46.ActiveCfg = Release|Any CPU
		{A9E3812C-982C-426F-987F-7882C712F64C}.Release|net46.Build.0 = Release|Any CPU
		{A9E3812C-982C-426F-987F-7882C712F64C}.Release|x64.ActiveCfg = Release|Any CPU
		{A9E3812C-982C-426F-987F-7882C712F64C}.Release|x64.Build.0 = Release|Any CPU
		{A9E3812C-982C-426F-987F-7882C712F64C}.Release|x86.ActiveCfg = Release|Any CPU
		{A9E3812C-982C-426F-987F-7882C712F64C}.Release|x86.Build.0 = Release|Any CPU
		{A9E3812C-982C-426F-987F-7882C712F64C}.Signed|Any CPU.ActiveCfg = Release|Any CPU
		{A9E3812C-982C-426F-987F-7882C712F64C}.Signed|Any CPU.Build.0 = Release|Any CPU
		{A9E3812C-982C-426F-987F-7882C712F64C}.Signed|net45.ActiveCfg = Release|Any CPU
		{A9E3812C-982C-426F-987F-7882C712F64C}.Signed|net45.Build.0 = Release|Any CPU
		{A9E3812C-982C-426F-987F-7882C712F64C}.Signed|net46.ActiveCfg = Release|Any CPU
		{A9E3812C-982C-426F-987F-7882C712F64C}.Signed|net46.Build.0 = Release|Any CPU
		{A9E3812C-982C-426F-987F-7882C712F64C}.Signed|x64.ActiveCfg = Release|Any CPU
		{A9E3812C-982C-426F-987F-7882C712F64C}.Signed|x64.Build.0 = Release|Any CPU
		{A9E3812C-982C-426F-987F-7882C712F64C}.Signed|x86.ActiveCfg = Release|Any CPU
		{A9E3812C-982C-426F-987F-7882C712F64C}.Signed|x86.Build.0 = Release|Any CPU
		{B651D952-FDEC-4E46-8BA6-9C19B6766984}.Debug|Any CPU.ActiveCfg = Debug|Any CPU
		{B651D952-FDEC-4E46-8BA6-9C19B6766984}.Debug|Any CPU.Build.0 = Debug|Any CPU
		{B651D952-FDEC-4E46-8BA6-9C19B6766984}.Debug|net45.ActiveCfg = Debug|Any CPU
		{B651D952-FDEC-4E46-8BA6-9C19B6766984}.Debug|net45.Build.0 = Debug|Any CPU
		{B651D952-FDEC-4E46-8BA6-9C19B6766984}.Debug|net46.ActiveCfg = Debug|Any CPU
		{B651D952-FDEC-4E46-8BA6-9C19B6766984}.Debug|net46.Build.0 = Debug|Any CPU
		{B651D952-FDEC-4E46-8BA6-9C19B6766984}.Debug|x64.ActiveCfg = Debug|Any CPU
		{B651D952-FDEC-4E46-8BA6-9C19B6766984}.Debug|x64.Build.0 = Debug|Any CPU
		{B651D952-FDEC-4E46-8BA6-9C19B6766984}.Debug|x86.ActiveCfg = Debug|Any CPU
		{B651D952-FDEC-4E46-8BA6-9C19B6766984}.Debug|x86.Build.0 = Debug|Any CPU
		{B651D952-FDEC-4E46-8BA6-9C19B6766984}.Perf|Any CPU.ActiveCfg = Perf|Any CPU
		{B651D952-FDEC-4E46-8BA6-9C19B6766984}.Perf|Any CPU.Build.0 = Perf|Any CPU
		{B651D952-FDEC-4E46-8BA6-9C19B6766984}.Perf|net45.ActiveCfg = Perf|Any CPU
		{B651D952-FDEC-4E46-8BA6-9C19B6766984}.Perf|net45.Build.0 = Perf|Any CPU
		{B651D952-FDEC-4E46-8BA6-9C19B6766984}.Perf|net46.ActiveCfg = Perf|Any CPU
		{B651D952-FDEC-4E46-8BA6-9C19B6766984}.Perf|net46.Build.0 = Perf|Any CPU
		{B651D952-FDEC-4E46-8BA6-9C19B6766984}.Perf|x64.ActiveCfg = Perf|Any CPU
		{B651D952-FDEC-4E46-8BA6-9C19B6766984}.Perf|x64.Build.0 = Perf|Any CPU
		{B651D952-FDEC-4E46-8BA6-9C19B6766984}.Perf|x86.ActiveCfg = Perf|Any CPU
		{B651D952-FDEC-4E46-8BA6-9C19B6766984}.Perf|x86.Build.0 = Perf|Any CPU
		{B651D952-FDEC-4E46-8BA6-9C19B6766984}.Release|Any CPU.ActiveCfg = Release|Any CPU
		{B651D952-FDEC-4E46-8BA6-9C19B6766984}.Release|Any CPU.Build.0 = Release|Any CPU
		{B651D952-FDEC-4E46-8BA6-9C19B6766984}.Release|net45.ActiveCfg = Release|Any CPU
		{B651D952-FDEC-4E46-8BA6-9C19B6766984}.Release|net45.Build.0 = Release|Any CPU
		{B651D952-FDEC-4E46-8BA6-9C19B6766984}.Release|net46.ActiveCfg = Release|Any CPU
		{B651D952-FDEC-4E46-8BA6-9C19B6766984}.Release|net46.Build.0 = Release|Any CPU
		{B651D952-FDEC-4E46-8BA6-9C19B6766984}.Release|x64.ActiveCfg = Release|Any CPU
		{B651D952-FDEC-4E46-8BA6-9C19B6766984}.Release|x64.Build.0 = Release|Any CPU
		{B651D952-FDEC-4E46-8BA6-9C19B6766984}.Release|x86.ActiveCfg = Release|Any CPU
		{B651D952-FDEC-4E46-8BA6-9C19B6766984}.Release|x86.Build.0 = Release|Any CPU
		{B651D952-FDEC-4E46-8BA6-9C19B6766984}.Signed|Any CPU.ActiveCfg = Release|Any CPU
		{B651D952-FDEC-4E46-8BA6-9C19B6766984}.Signed|Any CPU.Build.0 = Release|Any CPU
		{B651D952-FDEC-4E46-8BA6-9C19B6766984}.Signed|net45.ActiveCfg = Release|Any CPU
		{B651D952-FDEC-4E46-8BA6-9C19B6766984}.Signed|net45.Build.0 = Release|Any CPU
		{B651D952-FDEC-4E46-8BA6-9C19B6766984}.Signed|net46.ActiveCfg = Release|Any CPU
		{B651D952-FDEC-4E46-8BA6-9C19B6766984}.Signed|net46.Build.0 = Release|Any CPU
		{B651D952-FDEC-4E46-8BA6-9C19B6766984}.Signed|x64.ActiveCfg = Release|Any CPU
		{B651D952-FDEC-4E46-8BA6-9C19B6766984}.Signed|x64.Build.0 = Release|Any CPU
		{B651D952-FDEC-4E46-8BA6-9C19B6766984}.Signed|x86.ActiveCfg = Release|Any CPU
		{B651D952-FDEC-4E46-8BA6-9C19B6766984}.Signed|x86.Build.0 = Release|Any CPU
		{A848F6A0-3EFB-480A-AE26-3EF8079C812D}.Debug|Any CPU.ActiveCfg = Debug|Any CPU
		{A848F6A0-3EFB-480A-AE26-3EF8079C812D}.Debug|Any CPU.Build.0 = Debug|Any CPU
		{A848F6A0-3EFB-480A-AE26-3EF8079C812D}.Debug|net45.ActiveCfg = Debug|Any CPU
		{A848F6A0-3EFB-480A-AE26-3EF8079C812D}.Debug|net45.Build.0 = Debug|Any CPU
		{A848F6A0-3EFB-480A-AE26-3EF8079C812D}.Debug|net46.ActiveCfg = Debug|Any CPU
		{A848F6A0-3EFB-480A-AE26-3EF8079C812D}.Debug|net46.Build.0 = Debug|Any CPU
		{A848F6A0-3EFB-480A-AE26-3EF8079C812D}.Debug|x64.ActiveCfg = Debug|Any CPU
		{A848F6A0-3EFB-480A-AE26-3EF8079C812D}.Debug|x64.Build.0 = Debug|Any CPU
		{A848F6A0-3EFB-480A-AE26-3EF8079C812D}.Debug|x86.ActiveCfg = Debug|Any CPU
		{A848F6A0-3EFB-480A-AE26-3EF8079C812D}.Debug|x86.Build.0 = Debug|Any CPU
		{A848F6A0-3EFB-480A-AE26-3EF8079C812D}.Perf|Any CPU.ActiveCfg = Signed|Any CPU
		{A848F6A0-3EFB-480A-AE26-3EF8079C812D}.Perf|Any CPU.Build.0 = Signed|Any CPU
		{A848F6A0-3EFB-480A-AE26-3EF8079C812D}.Perf|net45.ActiveCfg = Release|Any CPU
		{A848F6A0-3EFB-480A-AE26-3EF8079C812D}.Perf|net45.Build.0 = Release|Any CPU
		{A848F6A0-3EFB-480A-AE26-3EF8079C812D}.Perf|net46.ActiveCfg = Release|Any CPU
		{A848F6A0-3EFB-480A-AE26-3EF8079C812D}.Perf|net46.Build.0 = Release|Any CPU
		{A848F6A0-3EFB-480A-AE26-3EF8079C812D}.Perf|x64.ActiveCfg = Signed|Any CPU
		{A848F6A0-3EFB-480A-AE26-3EF8079C812D}.Perf|x64.Build.0 = Signed|Any CPU
		{A848F6A0-3EFB-480A-AE26-3EF8079C812D}.Perf|x86.ActiveCfg = Signed|Any CPU
		{A848F6A0-3EFB-480A-AE26-3EF8079C812D}.Perf|x86.Build.0 = Signed|Any CPU
		{A848F6A0-3EFB-480A-AE26-3EF8079C812D}.Release|Any CPU.ActiveCfg = Release|Any CPU
		{A848F6A0-3EFB-480A-AE26-3EF8079C812D}.Release|Any CPU.Build.0 = Release|Any CPU
		{A848F6A0-3EFB-480A-AE26-3EF8079C812D}.Release|net45.ActiveCfg = Release|Any CPU
		{A848F6A0-3EFB-480A-AE26-3EF8079C812D}.Release|net45.Build.0 = Release|Any CPU
		{A848F6A0-3EFB-480A-AE26-3EF8079C812D}.Release|net46.ActiveCfg = Release|Any CPU
		{A848F6A0-3EFB-480A-AE26-3EF8079C812D}.Release|net46.Build.0 = Release|Any CPU
		{A848F6A0-3EFB-480A-AE26-3EF8079C812D}.Release|x64.ActiveCfg = Release|Any CPU
		{A848F6A0-3EFB-480A-AE26-3EF8079C812D}.Release|x64.Build.0 = Release|Any CPU
		{A848F6A0-3EFB-480A-AE26-3EF8079C812D}.Release|x86.ActiveCfg = Release|Any CPU
		{A848F6A0-3EFB-480A-AE26-3EF8079C812D}.Release|x86.Build.0 = Release|Any CPU
		{A848F6A0-3EFB-480A-AE26-3EF8079C812D}.Signed|Any CPU.ActiveCfg = Signed|Any CPU
		{A848F6A0-3EFB-480A-AE26-3EF8079C812D}.Signed|Any CPU.Build.0 = Signed|Any CPU
		{A848F6A0-3EFB-480A-AE26-3EF8079C812D}.Signed|net45.ActiveCfg = Signed|Any CPU
		{A848F6A0-3EFB-480A-AE26-3EF8079C812D}.Signed|net45.Build.0 = Signed|Any CPU
		{A848F6A0-3EFB-480A-AE26-3EF8079C812D}.Signed|net46.ActiveCfg = Signed|Any CPU
		{A848F6A0-3EFB-480A-AE26-3EF8079C812D}.Signed|net46.Build.0 = Signed|Any CPU
		{A848F6A0-3EFB-480A-AE26-3EF8079C812D}.Signed|x64.ActiveCfg = Signed|Any CPU
		{A848F6A0-3EFB-480A-AE26-3EF8079C812D}.Signed|x64.Build.0 = Signed|Any CPU
		{A848F6A0-3EFB-480A-AE26-3EF8079C812D}.Signed|x86.ActiveCfg = Signed|Any CPU
		{A848F6A0-3EFB-480A-AE26-3EF8079C812D}.Signed|x86.Build.0 = Signed|Any CPU
		{1A18D70A-C496-49A1-9229-9122B0F187F8}.Debug|Any CPU.ActiveCfg = Debug|Any CPU
		{1A18D70A-C496-49A1-9229-9122B0F187F8}.Debug|Any CPU.Build.0 = Debug|Any CPU
		{1A18D70A-C496-49A1-9229-9122B0F187F8}.Debug|net45.ActiveCfg = Debug|net45
		{1A18D70A-C496-49A1-9229-9122B0F187F8}.Debug|net45.Build.0 = Debug|net45
		{1A18D70A-C496-49A1-9229-9122B0F187F8}.Debug|net46.ActiveCfg = Debug|net46
		{1A18D70A-C496-49A1-9229-9122B0F187F8}.Debug|net46.Build.0 = Debug|net46
		{1A18D70A-C496-49A1-9229-9122B0F187F8}.Debug|x64.ActiveCfg = Debug|Any CPU
		{1A18D70A-C496-49A1-9229-9122B0F187F8}.Debug|x64.Build.0 = Debug|Any CPU
		{1A18D70A-C496-49A1-9229-9122B0F187F8}.Debug|x86.ActiveCfg = Debug|Any CPU
		{1A18D70A-C496-49A1-9229-9122B0F187F8}.Debug|x86.Build.0 = Debug|Any CPU
		{1A18D70A-C496-49A1-9229-9122B0F187F8}.Perf|Any CPU.ActiveCfg = Signed|Any CPU
		{1A18D70A-C496-49A1-9229-9122B0F187F8}.Perf|net45.ActiveCfg = Debug|net45
		{1A18D70A-C496-49A1-9229-9122B0F187F8}.Perf|net45.Build.0 = Debug|net45
		{1A18D70A-C496-49A1-9229-9122B0F187F8}.Perf|net46.ActiveCfg = Debug|net46
		{1A18D70A-C496-49A1-9229-9122B0F187F8}.Perf|net46.Build.0 = Debug|net46
		{1A18D70A-C496-49A1-9229-9122B0F187F8}.Perf|x64.ActiveCfg = Signed|Any CPU
		{1A18D70A-C496-49A1-9229-9122B0F187F8}.Perf|x86.ActiveCfg = Signed|Any CPU
		{1A18D70A-C496-49A1-9229-9122B0F187F8}.Release|Any CPU.ActiveCfg = Release|Any CPU
		{1A18D70A-C496-49A1-9229-9122B0F187F8}.Release|Any CPU.Build.0 = Release|Any CPU
		{1A18D70A-C496-49A1-9229-9122B0F187F8}.Release|net45.ActiveCfg = Release|net45
		{1A18D70A-C496-49A1-9229-9122B0F187F8}.Release|net45.Build.0 = Release|net45
		{1A18D70A-C496-49A1-9229-9122B0F187F8}.Release|net46.ActiveCfg = Release|net46
		{1A18D70A-C496-49A1-9229-9122B0F187F8}.Release|net46.Build.0 = Release|net46
		{1A18D70A-C496-49A1-9229-9122B0F187F8}.Release|x64.ActiveCfg = Release|Any CPU
		{1A18D70A-C496-49A1-9229-9122B0F187F8}.Release|x64.Build.0 = Release|Any CPU
		{1A18D70A-C496-49A1-9229-9122B0F187F8}.Release|x86.ActiveCfg = Release|Any CPU
		{1A18D70A-C496-49A1-9229-9122B0F187F8}.Release|x86.Build.0 = Release|Any CPU
		{1A18D70A-C496-49A1-9229-9122B0F187F8}.Signed|Any CPU.ActiveCfg = Signed|Any CPU
		{1A18D70A-C496-49A1-9229-9122B0F187F8}.Signed|Any CPU.Build.0 = Signed|Any CPU
		{1A18D70A-C496-49A1-9229-9122B0F187F8}.Signed|net45.ActiveCfg = Signed|net45
		{1A18D70A-C496-49A1-9229-9122B0F187F8}.Signed|net45.Build.0 = Signed|net45
		{1A18D70A-C496-49A1-9229-9122B0F187F8}.Signed|net46.ActiveCfg = Signed|net46
		{1A18D70A-C496-49A1-9229-9122B0F187F8}.Signed|net46.Build.0 = Signed|net46
		{1A18D70A-C496-49A1-9229-9122B0F187F8}.Signed|x64.ActiveCfg = Signed|Any CPU
		{1A18D70A-C496-49A1-9229-9122B0F187F8}.Signed|x64.Build.0 = Signed|Any CPU
		{1A18D70A-C496-49A1-9229-9122B0F187F8}.Signed|x86.ActiveCfg = Signed|Any CPU
		{1A18D70A-C496-49A1-9229-9122B0F187F8}.Signed|x86.Build.0 = Signed|Any CPU
		{6BF89AB7-E016-422B-AE54-B30C1072B011}.Debug|Any CPU.ActiveCfg = Debug|Any CPU
		{6BF89AB7-E016-422B-AE54-B30C1072B011}.Debug|Any CPU.Build.0 = Debug|Any CPU
		{6BF89AB7-E016-422B-AE54-B30C1072B011}.Debug|net45.ActiveCfg = Debug|net45
		{6BF89AB7-E016-422B-AE54-B30C1072B011}.Debug|net45.Build.0 = Debug|net45
		{6BF89AB7-E016-422B-AE54-B30C1072B011}.Debug|net46.ActiveCfg = Debug|net46
		{6BF89AB7-E016-422B-AE54-B30C1072B011}.Debug|net46.Build.0 = Debug|net46
		{6BF89AB7-E016-422B-AE54-B30C1072B011}.Debug|x64.ActiveCfg = Debug|Any CPU
		{6BF89AB7-E016-422B-AE54-B30C1072B011}.Debug|x64.Build.0 = Debug|Any CPU
		{6BF89AB7-E016-422B-AE54-B30C1072B011}.Debug|x86.ActiveCfg = Debug|Any CPU
		{6BF89AB7-E016-422B-AE54-B30C1072B011}.Debug|x86.Build.0 = Debug|Any CPU
		{6BF89AB7-E016-422B-AE54-B30C1072B011}.Perf|Any CPU.ActiveCfg = Signed|Any CPU
		{6BF89AB7-E016-422B-AE54-B30C1072B011}.Perf|Any CPU.Build.0 = Signed|Any CPU
		{6BF89AB7-E016-422B-AE54-B30C1072B011}.Perf|net45.ActiveCfg = Release|net45
		{6BF89AB7-E016-422B-AE54-B30C1072B011}.Perf|net45.Build.0 = Release|net45
		{6BF89AB7-E016-422B-AE54-B30C1072B011}.Perf|net46.ActiveCfg = Release|net46
		{6BF89AB7-E016-422B-AE54-B30C1072B011}.Perf|net46.Build.0 = Release|net46
		{6BF89AB7-E016-422B-AE54-B30C1072B011}.Perf|x64.ActiveCfg = Signed|Any CPU
		{6BF89AB7-E016-422B-AE54-B30C1072B011}.Perf|x64.Build.0 = Signed|Any CPU
		{6BF89AB7-E016-422B-AE54-B30C1072B011}.Perf|x86.ActiveCfg = Signed|Any CPU
		{6BF89AB7-E016-422B-AE54-B30C1072B011}.Perf|x86.Build.0 = Signed|Any CPU
		{6BF89AB7-E016-422B-AE54-B30C1072B011}.Release|Any CPU.ActiveCfg = Release|Any CPU
		{6BF89AB7-E016-422B-AE54-B30C1072B011}.Release|Any CPU.Build.0 = Release|Any CPU
		{6BF89AB7-E016-422B-AE54-B30C1072B011}.Release|net45.ActiveCfg = Release|net45
		{6BF89AB7-E016-422B-AE54-B30C1072B011}.Release|net45.Build.0 = Release|net45
		{6BF89AB7-E016-422B-AE54-B30C1072B011}.Release|net46.ActiveCfg = Release|net46
		{6BF89AB7-E016-422B-AE54-B30C1072B011}.Release|net46.Build.0 = Release|net46
		{6BF89AB7-E016-422B-AE54-B30C1072B011}.Release|x64.ActiveCfg = Release|Any CPU
		{6BF89AB7-E016-422B-AE54-B30C1072B011}.Release|x64.Build.0 = Release|Any CPU
		{6BF89AB7-E016-422B-AE54-B30C1072B011}.Release|x86.ActiveCfg = Release|Any CPU
		{6BF89AB7-E016-422B-AE54-B30C1072B011}.Release|x86.Build.0 = Release|Any CPU
		{6BF89AB7-E016-422B-AE54-B30C1072B011}.Signed|Any CPU.ActiveCfg = Signed|Any CPU
		{6BF89AB7-E016-422B-AE54-B30C1072B011}.Signed|Any CPU.Build.0 = Signed|Any CPU
		{6BF89AB7-E016-422B-AE54-B30C1072B011}.Signed|net45.ActiveCfg = Signed|net45
		{6BF89AB7-E016-422B-AE54-B30C1072B011}.Signed|net45.Build.0 = Signed|net45
		{6BF89AB7-E016-422B-AE54-B30C1072B011}.Signed|net46.ActiveCfg = Signed|net46
		{6BF89AB7-E016-422B-AE54-B30C1072B011}.Signed|net46.Build.0 = Signed|net46
		{6BF89AB7-E016-422B-AE54-B30C1072B011}.Signed|x64.ActiveCfg = Signed|Any CPU
		{6BF89AB7-E016-422B-AE54-B30C1072B011}.Signed|x64.Build.0 = Signed|Any CPU
		{6BF89AB7-E016-422B-AE54-B30C1072B011}.Signed|x86.ActiveCfg = Signed|Any CPU
		{6BF89AB7-E016-422B-AE54-B30C1072B011}.Signed|x86.Build.0 = Signed|Any CPU
		{E7BFB277-62F2-4EC0-ACF1-7FEE80A03596}.Debug|Any CPU.ActiveCfg = Debug|Any CPU
		{E7BFB277-62F2-4EC0-ACF1-7FEE80A03596}.Debug|Any CPU.Build.0 = Debug|Any CPU
		{E7BFB277-62F2-4EC0-ACF1-7FEE80A03596}.Debug|net45.ActiveCfg = Debug|net45
		{E7BFB277-62F2-4EC0-ACF1-7FEE80A03596}.Debug|net45.Build.0 = Debug|net45
		{E7BFB277-62F2-4EC0-ACF1-7FEE80A03596}.Debug|net46.ActiveCfg = Debug|net46
		{E7BFB277-62F2-4EC0-ACF1-7FEE80A03596}.Debug|net46.Build.0 = Debug|net46
		{E7BFB277-62F2-4EC0-ACF1-7FEE80A03596}.Debug|x64.ActiveCfg = Debug|Any CPU
		{E7BFB277-62F2-4EC0-ACF1-7FEE80A03596}.Debug|x64.Build.0 = Debug|Any CPU
		{E7BFB277-62F2-4EC0-ACF1-7FEE80A03596}.Debug|x86.ActiveCfg = Debug|Any CPU
		{E7BFB277-62F2-4EC0-ACF1-7FEE80A03596}.Debug|x86.Build.0 = Debug|Any CPU
		{E7BFB277-62F2-4EC0-ACF1-7FEE80A03596}.Perf|Any CPU.ActiveCfg = Release|Any CPU
		{E7BFB277-62F2-4EC0-ACF1-7FEE80A03596}.Perf|Any CPU.Build.0 = Release|Any CPU
		{E7BFB277-62F2-4EC0-ACF1-7FEE80A03596}.Perf|net45.ActiveCfg = Release|net45
		{E7BFB277-62F2-4EC0-ACF1-7FEE80A03596}.Perf|net45.Build.0 = Release|net45
		{E7BFB277-62F2-4EC0-ACF1-7FEE80A03596}.Perf|net46.ActiveCfg = Release|net46
		{E7BFB277-62F2-4EC0-ACF1-7FEE80A03596}.Perf|net46.Build.0 = Release|net46
		{E7BFB277-62F2-4EC0-ACF1-7FEE80A03596}.Perf|x64.ActiveCfg = Release|Any CPU
		{E7BFB277-62F2-4EC0-ACF1-7FEE80A03596}.Perf|x64.Build.0 = Release|Any CPU
		{E7BFB277-62F2-4EC0-ACF1-7FEE80A03596}.Perf|x86.ActiveCfg = Release|Any CPU
		{E7BFB277-62F2-4EC0-ACF1-7FEE80A03596}.Perf|x86.Build.0 = Release|Any CPU
		{E7BFB277-62F2-4EC0-ACF1-7FEE80A03596}.Release|Any CPU.ActiveCfg = Release|Any CPU
		{E7BFB277-62F2-4EC0-ACF1-7FEE80A03596}.Release|Any CPU.Build.0 = Release|Any CPU
		{E7BFB277-62F2-4EC0-ACF1-7FEE80A03596}.Release|net45.ActiveCfg = Release|net45
		{E7BFB277-62F2-4EC0-ACF1-7FEE80A03596}.Release|net45.Build.0 = Release|net45
		{E7BFB277-62F2-4EC0-ACF1-7FEE80A03596}.Release|net46.ActiveCfg = Release|net46
		{E7BFB277-62F2-4EC0-ACF1-7FEE80A03596}.Release|net46.Build.0 = Release|net46
		{E7BFB277-62F2-4EC0-ACF1-7FEE80A03596}.Release|x64.ActiveCfg = Release|Any CPU
		{E7BFB277-62F2-4EC0-ACF1-7FEE80A03596}.Release|x64.Build.0 = Release|Any CPU
		{E7BFB277-62F2-4EC0-ACF1-7FEE80A03596}.Release|x86.ActiveCfg = Release|Any CPU
		{E7BFB277-62F2-4EC0-ACF1-7FEE80A03596}.Release|x86.Build.0 = Release|Any CPU
		{E7BFB277-62F2-4EC0-ACF1-7FEE80A03596}.Signed|Any CPU.ActiveCfg = Signed|Any CPU
		{E7BFB277-62F2-4EC0-ACF1-7FEE80A03596}.Signed|Any CPU.Build.0 = Signed|Any CPU
		{E7BFB277-62F2-4EC0-ACF1-7FEE80A03596}.Signed|net45.ActiveCfg = Signed|net45
		{E7BFB277-62F2-4EC0-ACF1-7FEE80A03596}.Signed|net45.Build.0 = Signed|net45
		{E7BFB277-62F2-4EC0-ACF1-7FEE80A03596}.Signed|net46.ActiveCfg = Signed|net46
		{E7BFB277-62F2-4EC0-ACF1-7FEE80A03596}.Signed|net46.Build.0 = Signed|net46
		{E7BFB277-62F2-4EC0-ACF1-7FEE80A03596}.Signed|x64.ActiveCfg = Signed|Any CPU
		{E7BFB277-62F2-4EC0-ACF1-7FEE80A03596}.Signed|x64.Build.0 = Signed|Any CPU
		{E7BFB277-62F2-4EC0-ACF1-7FEE80A03596}.Signed|x86.ActiveCfg = Signed|Any CPU
		{E7BFB277-62F2-4EC0-ACF1-7FEE80A03596}.Signed|x86.Build.0 = Signed|Any CPU
		{08213F3E-2C57-4D95-A2CC-36F9EE6243B4}.Debug|Any CPU.ActiveCfg = Debug|Any CPU
		{08213F3E-2C57-4D95-A2CC-36F9EE6243B4}.Debug|Any CPU.Build.0 = Debug|Any CPU
		{08213F3E-2C57-4D95-A2CC-36F9EE6243B4}.Debug|net45.ActiveCfg = Debug|Any CPU
		{08213F3E-2C57-4D95-A2CC-36F9EE6243B4}.Debug|net45.Build.0 = Debug|Any CPU
		{08213F3E-2C57-4D95-A2CC-36F9EE6243B4}.Debug|net46.ActiveCfg = Debug|Any CPU
		{08213F3E-2C57-4D95-A2CC-36F9EE6243B4}.Debug|net46.Build.0 = Debug|Any CPU
		{08213F3E-2C57-4D95-A2CC-36F9EE6243B4}.Debug|x64.ActiveCfg = Debug|Any CPU
		{08213F3E-2C57-4D95-A2CC-36F9EE6243B4}.Debug|x64.Build.0 = Debug|Any CPU
		{08213F3E-2C57-4D95-A2CC-36F9EE6243B4}.Debug|x86.ActiveCfg = Debug|Any CPU
		{08213F3E-2C57-4D95-A2CC-36F9EE6243B4}.Debug|x86.Build.0 = Debug|Any CPU
		{08213F3E-2C57-4D95-A2CC-36F9EE6243B4}.Perf|Any CPU.ActiveCfg = Debug|Any CPU
		{08213F3E-2C57-4D95-A2CC-36F9EE6243B4}.Perf|Any CPU.Build.0 = Debug|Any CPU
		{08213F3E-2C57-4D95-A2CC-36F9EE6243B4}.Perf|net45.ActiveCfg = Debug|Any CPU
		{08213F3E-2C57-4D95-A2CC-36F9EE6243B4}.Perf|net45.Build.0 = Debug|Any CPU
		{08213F3E-2C57-4D95-A2CC-36F9EE6243B4}.Perf|net46.ActiveCfg = Debug|Any CPU
		{08213F3E-2C57-4D95-A2CC-36F9EE6243B4}.Perf|net46.Build.0 = Debug|Any CPU
		{08213F3E-2C57-4D95-A2CC-36F9EE6243B4}.Perf|x64.ActiveCfg = Debug|Any CPU
		{08213F3E-2C57-4D95-A2CC-36F9EE6243B4}.Perf|x64.Build.0 = Debug|Any CPU
		{08213F3E-2C57-4D95-A2CC-36F9EE6243B4}.Perf|x86.ActiveCfg = Debug|Any CPU
		{08213F3E-2C57-4D95-A2CC-36F9EE6243B4}.Perf|x86.Build.0 = Debug|Any CPU
		{08213F3E-2C57-4D95-A2CC-36F9EE6243B4}.Release|Any CPU.ActiveCfg = Release|Any CPU
		{08213F3E-2C57-4D95-A2CC-36F9EE6243B4}.Release|Any CPU.Build.0 = Release|Any CPU
		{08213F3E-2C57-4D95-A2CC-36F9EE6243B4}.Release|net45.ActiveCfg = Release|Any CPU
		{08213F3E-2C57-4D95-A2CC-36F9EE6243B4}.Release|net45.Build.0 = Release|Any CPU
		{08213F3E-2C57-4D95-A2CC-36F9EE6243B4}.Release|net46.ActiveCfg = Release|Any CPU
		{08213F3E-2C57-4D95-A2CC-36F9EE6243B4}.Release|net46.Build.0 = Release|Any CPU
		{08213F3E-2C57-4D95-A2CC-36F9EE6243B4}.Release|x64.ActiveCfg = Release|Any CPU
		{08213F3E-2C57-4D95-A2CC-36F9EE6243B4}.Release|x64.Build.0 = Release|Any CPU
		{08213F3E-2C57-4D95-A2CC-36F9EE6243B4}.Release|x86.ActiveCfg = Release|Any CPU
		{08213F3E-2C57-4D95-A2CC-36F9EE6243B4}.Release|x86.Build.0 = Release|Any CPU
		{08213F3E-2C57-4D95-A2CC-36F9EE6243B4}.Signed|Any CPU.ActiveCfg = Debug|Any CPU
		{08213F3E-2C57-4D95-A2CC-36F9EE6243B4}.Signed|Any CPU.Build.0 = Debug|Any CPU
		{08213F3E-2C57-4D95-A2CC-36F9EE6243B4}.Signed|net45.ActiveCfg = Debug|Any CPU
		{08213F3E-2C57-4D95-A2CC-36F9EE6243B4}.Signed|net45.Build.0 = Debug|Any CPU
		{08213F3E-2C57-4D95-A2CC-36F9EE6243B4}.Signed|net46.ActiveCfg = Debug|Any CPU
		{08213F3E-2C57-4D95-A2CC-36F9EE6243B4}.Signed|net46.Build.0 = Debug|Any CPU
		{08213F3E-2C57-4D95-A2CC-36F9EE6243B4}.Signed|x64.ActiveCfg = Debug|Any CPU
		{08213F3E-2C57-4D95-A2CC-36F9EE6243B4}.Signed|x64.Build.0 = Debug|Any CPU
		{08213F3E-2C57-4D95-A2CC-36F9EE6243B4}.Signed|x86.ActiveCfg = Debug|Any CPU
		{08213F3E-2C57-4D95-A2CC-36F9EE6243B4}.Signed|x86.Build.0 = Debug|Any CPU
		{D59FA7CB-9BC3-4B7E-BC9D-37AB3F4CB141}.Debug|Any CPU.ActiveCfg = Debug|Any CPU
		{D59FA7CB-9BC3-4B7E-BC9D-37AB3F4CB141}.Debug|Any CPU.Build.0 = Debug|Any CPU
		{D59FA7CB-9BC3-4B7E-BC9D-37AB3F4CB141}.Debug|net45.ActiveCfg = Debug|net45
		{D59FA7CB-9BC3-4B7E-BC9D-37AB3F4CB141}.Debug|net45.Build.0 = Debug|net45
		{D59FA7CB-9BC3-4B7E-BC9D-37AB3F4CB141}.Debug|net46.ActiveCfg = Debug|net46
		{D59FA7CB-9BC3-4B7E-BC9D-37AB3F4CB141}.Debug|net46.Build.0 = Debug|net46
		{D59FA7CB-9BC3-4B7E-BC9D-37AB3F4CB141}.Debug|x64.ActiveCfg = Debug|Any CPU
		{D59FA7CB-9BC3-4B7E-BC9D-37AB3F4CB141}.Debug|x64.Build.0 = Debug|Any CPU
		{D59FA7CB-9BC3-4B7E-BC9D-37AB3F4CB141}.Debug|x86.ActiveCfg = Debug|Any CPU
		{D59FA7CB-9BC3-4B7E-BC9D-37AB3F4CB141}.Debug|x86.Build.0 = Debug|Any CPU
		{D59FA7CB-9BC3-4B7E-BC9D-37AB3F4CB141}.Perf|Any CPU.ActiveCfg = Release|Any CPU
		{D59FA7CB-9BC3-4B7E-BC9D-37AB3F4CB141}.Perf|Any CPU.Build.0 = Release|Any CPU
		{D59FA7CB-9BC3-4B7E-BC9D-37AB3F4CB141}.Perf|net45.ActiveCfg = Release|net45
		{D59FA7CB-9BC3-4B7E-BC9D-37AB3F4CB141}.Perf|net45.Build.0 = Release|net45
		{D59FA7CB-9BC3-4B7E-BC9D-37AB3F4CB141}.Perf|net46.ActiveCfg = Release|net46
		{D59FA7CB-9BC3-4B7E-BC9D-37AB3F4CB141}.Perf|net46.Build.0 = Release|net46
		{D59FA7CB-9BC3-4B7E-BC9D-37AB3F4CB141}.Perf|x64.ActiveCfg = Release|Any CPU
		{D59FA7CB-9BC3-4B7E-BC9D-37AB3F4CB141}.Perf|x64.Build.0 = Release|Any CPU
		{D59FA7CB-9BC3-4B7E-BC9D-37AB3F4CB141}.Perf|x86.ActiveCfg = Release|Any CPU
		{D59FA7CB-9BC3-4B7E-BC9D-37AB3F4CB141}.Perf|x86.Build.0 = Release|Any CPU
		{D59FA7CB-9BC3-4B7E-BC9D-37AB3F4CB141}.Release|Any CPU.ActiveCfg = Release|Any CPU
		{D59FA7CB-9BC3-4B7E-BC9D-37AB3F4CB141}.Release|Any CPU.Build.0 = Release|Any CPU
		{D59FA7CB-9BC3-4B7E-BC9D-37AB3F4CB141}.Release|net45.ActiveCfg = Release|net45
		{D59FA7CB-9BC3-4B7E-BC9D-37AB3F4CB141}.Release|net45.Build.0 = Release|net45
		{D59FA7CB-9BC3-4B7E-BC9D-37AB3F4CB141}.Release|net46.ActiveCfg = Release|net46
		{D59FA7CB-9BC3-4B7E-BC9D-37AB3F4CB141}.Release|net46.Build.0 = Release|net46
		{D59FA7CB-9BC3-4B7E-BC9D-37AB3F4CB141}.Release|x64.ActiveCfg = Release|Any CPU
		{D59FA7CB-9BC3-4B7E-BC9D-37AB3F4CB141}.Release|x64.Build.0 = Release|Any CPU
		{D59FA7CB-9BC3-4B7E-BC9D-37AB3F4CB141}.Release|x86.ActiveCfg = Release|Any CPU
		{D59FA7CB-9BC3-4B7E-BC9D-37AB3F4CB141}.Release|x86.Build.0 = Release|Any CPU
		{D59FA7CB-9BC3-4B7E-BC9D-37AB3F4CB141}.Signed|Any CPU.ActiveCfg = Signed|Any CPU
		{D59FA7CB-9BC3-4B7E-BC9D-37AB3F4CB141}.Signed|Any CPU.Build.0 = Signed|Any CPU
		{D59FA7CB-9BC3-4B7E-BC9D-37AB3F4CB141}.Signed|net45.ActiveCfg = Signed|net45
		{D59FA7CB-9BC3-4B7E-BC9D-37AB3F4CB141}.Signed|net45.Build.0 = Signed|net45
		{D59FA7CB-9BC3-4B7E-BC9D-37AB3F4CB141}.Signed|net46.ActiveCfg = Signed|net46
		{D59FA7CB-9BC3-4B7E-BC9D-37AB3F4CB141}.Signed|net46.Build.0 = Signed|net46
		{D59FA7CB-9BC3-4B7E-BC9D-37AB3F4CB141}.Signed|x64.ActiveCfg = Signed|Any CPU
		{D59FA7CB-9BC3-4B7E-BC9D-37AB3F4CB141}.Signed|x64.Build.0 = Signed|Any CPU
		{D59FA7CB-9BC3-4B7E-BC9D-37AB3F4CB141}.Signed|x86.ActiveCfg = Signed|Any CPU
		{D59FA7CB-9BC3-4B7E-BC9D-37AB3F4CB141}.Signed|x86.Build.0 = Signed|Any CPU
		{8FA6AA52-D439-4C55-A9DF-B5E4DC74FF1F}.Debug|Any CPU.ActiveCfg = Debug|Any CPU
		{8FA6AA52-D439-4C55-A9DF-B5E4DC74FF1F}.Debug|Any CPU.Build.0 = Debug|Any CPU
		{8FA6AA52-D439-4C55-A9DF-B5E4DC74FF1F}.Debug|net45.ActiveCfg = Debug|net45
		{8FA6AA52-D439-4C55-A9DF-B5E4DC74FF1F}.Debug|net45.Build.0 = Debug|net45
		{8FA6AA52-D439-4C55-A9DF-B5E4DC74FF1F}.Debug|net46.ActiveCfg = Debug|net46
		{8FA6AA52-D439-4C55-A9DF-B5E4DC74FF1F}.Debug|net46.Build.0 = Debug|net46
		{8FA6AA52-D439-4C55-A9DF-B5E4DC74FF1F}.Debug|x64.ActiveCfg = Debug|Any CPU
		{8FA6AA52-D439-4C55-A9DF-B5E4DC74FF1F}.Debug|x64.Build.0 = Debug|Any CPU
		{8FA6AA52-D439-4C55-A9DF-B5E4DC74FF1F}.Debug|x86.ActiveCfg = Debug|Any CPU
		{8FA6AA52-D439-4C55-A9DF-B5E4DC74FF1F}.Debug|x86.Build.0 = Debug|Any CPU
		{8FA6AA52-D439-4C55-A9DF-B5E4DC74FF1F}.Perf|Any CPU.ActiveCfg = Signed|Any CPU
		{8FA6AA52-D439-4C55-A9DF-B5E4DC74FF1F}.Perf|Any CPU.Build.0 = Signed|Any CPU
		{8FA6AA52-D439-4C55-A9DF-B5E4DC74FF1F}.Perf|net45.ActiveCfg = Debug|net45
		{8FA6AA52-D439-4C55-A9DF-B5E4DC74FF1F}.Perf|net45.Build.0 = Debug|net45
		{8FA6AA52-D439-4C55-A9DF-B5E4DC74FF1F}.Perf|net46.ActiveCfg = Debug|net46
		{8FA6AA52-D439-4C55-A9DF-B5E4DC74FF1F}.Perf|net46.Build.0 = Debug|net46
		{8FA6AA52-D439-4C55-A9DF-B5E4DC74FF1F}.Perf|x64.ActiveCfg = Signed|Any CPU
		{8FA6AA52-D439-4C55-A9DF-B5E4DC74FF1F}.Perf|x64.Build.0 = Signed|Any CPU
		{8FA6AA52-D439-4C55-A9DF-B5E4DC74FF1F}.Perf|x86.ActiveCfg = Signed|Any CPU
		{8FA6AA52-D439-4C55-A9DF-B5E4DC74FF1F}.Perf|x86.Build.0 = Signed|Any CPU
		{8FA6AA52-D439-4C55-A9DF-B5E4DC74FF1F}.Release|Any CPU.ActiveCfg = Release|Any CPU
		{8FA6AA52-D439-4C55-A9DF-B5E4DC74FF1F}.Release|Any CPU.Build.0 = Release|Any CPU
		{8FA6AA52-D439-4C55-A9DF-B5E4DC74FF1F}.Release|net45.ActiveCfg = Release|net45
		{8FA6AA52-D439-4C55-A9DF-B5E4DC74FF1F}.Release|net45.Build.0 = Release|net45
		{8FA6AA52-D439-4C55-A9DF-B5E4DC74FF1F}.Release|net46.ActiveCfg = Release|net46
		{8FA6AA52-D439-4C55-A9DF-B5E4DC74FF1F}.Release|net46.Build.0 = Release|net46
		{8FA6AA52-D439-4C55-A9DF-B5E4DC74FF1F}.Release|x64.ActiveCfg = Release|Any CPU
		{8FA6AA52-D439-4C55-A9DF-B5E4DC74FF1F}.Release|x64.Build.0 = Release|Any CPU
		{8FA6AA52-D439-4C55-A9DF-B5E4DC74FF1F}.Release|x86.ActiveCfg = Release|Any CPU
		{8FA6AA52-D439-4C55-A9DF-B5E4DC74FF1F}.Release|x86.Build.0 = Release|Any CPU
		{8FA6AA52-D439-4C55-A9DF-B5E4DC74FF1F}.Signed|Any CPU.ActiveCfg = Signed|Any CPU
		{8FA6AA52-D439-4C55-A9DF-B5E4DC74FF1F}.Signed|Any CPU.Build.0 = Signed|Any CPU
		{8FA6AA52-D439-4C55-A9DF-B5E4DC74FF1F}.Signed|net45.ActiveCfg = Signed|net45
		{8FA6AA52-D439-4C55-A9DF-B5E4DC74FF1F}.Signed|net45.Build.0 = Signed|net45
		{8FA6AA52-D439-4C55-A9DF-B5E4DC74FF1F}.Signed|net46.ActiveCfg = Signed|net46
		{8FA6AA52-D439-4C55-A9DF-B5E4DC74FF1F}.Signed|net46.Build.0 = Signed|net46
		{8FA6AA52-D439-4C55-A9DF-B5E4DC74FF1F}.Signed|x64.ActiveCfg = Signed|Any CPU
		{8FA6AA52-D439-4C55-A9DF-B5E4DC74FF1F}.Signed|x64.Build.0 = Signed|Any CPU
		{8FA6AA52-D439-4C55-A9DF-B5E4DC74FF1F}.Signed|x86.ActiveCfg = Signed|Any CPU
		{8FA6AA52-D439-4C55-A9DF-B5E4DC74FF1F}.Signed|x86.Build.0 = Signed|Any CPU
	EndGlobalSection
	GlobalSection(SolutionProperties) = preSolution
		HideSolutionNode = FALSE
	EndGlobalSection
	GlobalSection(NestedProjects) = preSolution
		{A2C5F44E-4EF3-4E24-8FF7-E2D392A81016} = {F78C9A16-78B2-4100-BB38-3889C17D6D01}
		{D39B6BF5-FC00-4CB9-8B65-22332F3909D5} = {A2C5F44E-4EF3-4E24-8FF7-E2D392A81016}
		{BEEECBE0-E84C-4EB4-9F7C-90C19652D31C} = {F78C9A16-78B2-4100-BB38-3889C17D6D01}
		{5128A38C-059A-4DA8-B3AD-169C96C03EA3} = {BEEECBE0-E84C-4EB4-9F7C-90C19652D31C}
		{C25A958E-DCF0-41ED-82C6-80B1F2959440} = {F78C9A16-78B2-4100-BB38-3889C17D6D01}
		{09EE653E-A545-4D4A-8291-DC8B1FBBC62F} = {511DC781-E4D9-43E0-A05D-5004518A229A}
		{88811AFB-D7C4-AB5A-B1DE-955407F90D1B} = {A2C5F44E-4EF3-4E24-8FF7-E2D392A81016}
		{A9E3812C-982C-426F-987F-7882C712F64C} = {D39B6BF5-FC00-4CB9-8B65-22332F3909D5}
		{B651D952-FDEC-4E46-8BA6-9C19B6766984} = {5128A38C-059A-4DA8-B3AD-169C96C03EA3}
		{A848F6A0-3EFB-480A-AE26-3EF8079C812D} = {3517930C-066D-4DD4-A36E-398BEEEA6695}
		{1A18D70A-C496-49A1-9229-9122B0F187F8} = {C25A958E-DCF0-41ED-82C6-80B1F2959440}
		{E20C2F94-7804-486A-B017-EBA67E118167} = {F78C9A16-78B2-4100-BB38-3889C17D6D01}
		{6BF89AB7-E016-422B-AE54-B30C1072B011} = {E20C2F94-7804-486A-B017-EBA67E118167}
		{E7BFB277-62F2-4EC0-ACF1-7FEE80A03596} = {511DC781-E4D9-43E0-A05D-5004518A229A}
		{08213F3E-2C57-4D95-A2CC-36F9EE6243B4} = {BEEECBE0-E84C-4EB4-9F7C-90C19652D31C}
		{D59FA7CB-9BC3-4B7E-BC9D-37AB3F4CB141} = {511DC781-E4D9-43E0-A05D-5004518A229A}
		{511DC781-E4D9-43E0-A05D-5004518A229A} = {F78C9A16-78B2-4100-BB38-3889C17D6D01}
		{07E16244-0044-471C-BFFB-B8ED619C39B1} = {C25A958E-DCF0-41ED-82C6-80B1F2959440}
		{8FA6AA52-D439-4C55-A9DF-B5E4DC74FF1F} = {07E16244-0044-471C-BFFB-B8ED619C39B1}
		{3517930C-066D-4DD4-A36E-398BEEEA6695} = {F78C9A16-78B2-4100-BB38-3889C17D6D01}
	EndGlobalSection
EndGlobal
