<?xml version="1.0" encoding="utf-8"?>
<Project ToolsVersion="4.0" xmlns="http://schemas.microsoft.com/developer/msbuild/2003">
  <ItemGroup>
    <Filter Include="src">
      <UniqueIdentifier>{4359393c-76ed-4f8c-9aec-824f72a74235}</UniqueIdentifier>
    </Filter>
    <Filter Include="inc">
      <UniqueIdentifier>{d9d20835-f384-4c78-b4d0-85ca2feabeb6}</UniqueIdentifier>
    </Filter>
    <Filter Include="src\getopt">
      <UniqueIdentifier>{52266d31-f956-4c92-b71b-9d546cb649b9}</UniqueIdentifier>
    </Filter>
    <Filter Include="inc\getopt">
      <UniqueIdentifier>{b77b8941-6c24-4255-aa85-4d0b4fbd1ef2}</UniqueIdentifier>
    </Filter>
  </ItemGroup>
  <ItemGroup>
    <ClCompile Include="..\..\..\src\pal\pal_mt_win.c">
      <Filter>src</Filter>
    </ClCompile>
    <ClCompile Include="..\..\..\src\pal\pal_err_win.c">
      <Filter>src</Filter>
    </ClCompile>
    <ClCompile Include="..\..\..\src\pal\pal_proc_win.c">
      <Filter>src</Filter>
    </ClCompile>
    <ClCompile Include="..\..\..\src\pal\pal_file_win.c">
      <Filter>src</Filter>
    </ClCompile>
    <ClCompile Include="..\..\..\src\pal\pal_ws_win.c">
      <Filter>src</Filter>
    </ClCompile>
    <ClCompile Include="..\..\..\src\pal\pal_sk_win.c">
      <Filter>src</Filter>
    </ClCompile>
    <ClCompile Include="..\..\..\src\pal\pal_net_posix.c">
      <Filter>src</Filter>
    </ClCompile>
    <ClCompile Include="..\..\..\src\pal\pal_net_win.c">
      <Filter>src</Filter>
    </ClCompile>
    <ClCompile Include="..\..\..\src\pal\pal_time_win.c">
      <Filter>src</Filter>
    </ClCompile>
    <ClCompile Include="..\..\..\src\pal\pal_rand_win.c">
      <Filter>src</Filter>
    </ClCompile>
    <ClCompile Include="..\..\..\deps\getopt\src\getopt.c">
      <Filter>src\getopt</Filter>
    </ClCompile>
    <ClCompile Include="..\..\..\src\pal\pal_cred_win.c">
      <Filter>src</Filter>
    </ClCompile>
    <ClCompile Include="..\..\..\src\pal\pal_sd_mdns.c">
      <Filter>src</Filter>
    </ClCompile>
    <ClCompile Include="..\..\..\src\pal\pal_ev_win.c">
      <Filter>src</Filter>
    </ClCompile>
  </ItemGroup>
  <ItemGroup>
    <ClInclude Include="..\..\..\inc\os_win.h">
      <Filter>inc</Filter>
    </ClInclude>
    <ClInclude Include="..\..\..\inc\pal.h">
      <Filter>inc</Filter>
    </ClInclude>
    <ClInclude Include="..\..\..\inc\pal_err.h">
      <Filter>inc</Filter>
    </ClInclude>
    <ClInclude Include="..\..\..\inc\pal_ev.h">
      <Filter>inc</Filter>
    </ClInclude>
    <ClInclude Include="..\..\..\inc\pal_file.h">
      <Filter>inc</Filter>
    </ClInclude>
    <ClInclude Include="..\..\..\inc\pal_mt.h">
      <Filter>inc</Filter>
    </ClInclude>
    <ClInclude Include="..\..\..\inc\pal_net.h">
      <Filter>inc</Filter>
    </ClInclude>
    <ClInclude Include="..\..\..\inc\pal_proc.h">
      <Filter>inc</Filter>
    </ClInclude>
    <ClInclude Include="..\..\..\inc\pal_sk.h">
      <Filter>inc</Filter>
    </ClInclude>
    <ClInclude Include="..\..\..\inc\pal_types.h">
      <Filter>inc</Filter>
    </ClInclude>
    <ClInclude Include="..\..\..\inc\pal_ws.h">
      <Filter>inc</Filter>
    </ClInclude>
    <ClInclude Include="..\..\..\inc\pal_rand.h">
      <Filter>inc</Filter>
    </ClInclude>
    <ClInclude Include="..\..\..\deps\getopt\src\getopt.h">
      <Filter>inc\getopt</Filter>
    </ClInclude>
    <ClInclude Include="..\..\..\inc\pal_cred.h">
      <Filter>inc</Filter>
    </ClInclude>
    <ClInclude Include="..\..\..\inc\pal_sd.h">
      <Filter>inc</Filter>
    </ClInclude>
    <ClInclude Include="..\..\..\inc\pal_ev.h" />
  </ItemGroup>
</Project>