<?xml version="1.0" encoding="utf-8"?>
<Project ToolsVersion="4.0" xmlns="http://schemas.microsoft.com/developer/msbuild/2003">
  <ItemGroup>
    <Filter Include="src">
      <UniqueIdentifier>{9072c249-f23c-4d28-bb8c-1477765d4672}</UniqueIdentifier>
      <Extensions>cpp;c;cc;cxx;def;odl;idl;hpj;bat;asm;asmx</Extensions>
    </Filter>
    <Filter Include="inc">
      <UniqueIdentifier>{5f67f6c7-a500-4741-8a05-b1f478d58f06}</UniqueIdentifier>
      <Extensions>h;hh;hpp;hxx;hm;inl;inc;xsd</Extensions>
    </Filter>
    <Filter Include="src\shared">
      <UniqueIdentifier>{6f0e3056-b63d-4832-9758-12435f2e062d}</UniqueIdentifier>
      <Extensions>shared</Extensions>
    </Filter>
    <Filter Include="inc\shared">
      <UniqueIdentifier>{aefc37a6-f2cc-4094-8af2-5d7d8f06ace3}</UniqueIdentifier>
      <Extensions>shared</Extensions>
    </Filter>
    <Filter Include="inc\umqtt">
      <UniqueIdentifier>{94f96112-31ab-432a-a9d2-5f334d51a2ca}</UniqueIdentifier>
      <Extensions>umqtt</Extensions>
    </Filter>
    <Filter Include="src\umqtt">
      <UniqueIdentifier>{d523e737-ff49-4fd5-95f8-1c9716c33b0a}</UniqueIdentifier>
      <Extensions>umqtt</Extensions>
    </Filter>
  </ItemGroup>
  <ItemGroup>
    <ClCompile Include="$(MSBuildThisFileDirectory)..\..\..\deps\shared\adapters\agenttime.c">
      <Filter>src\shared</Filter>
    </ClCompile>
    <ClCompile Include="$(MSBuildThisFileDirectory)..\..\..\deps\shared\src\base64.c">
      <Filter>src\shared</Filter>
    </ClCompile>
    <ClCompile Include="$(MSBuildThisFileDirectory)..\..\..\deps\shared\src\buffer.c">
      <Filter>src\shared</Filter>
    </ClCompile>
    <ClCompile Include="$(MSBuildThisFileDirectory)..\..\..\deps\shared\src\consolelogger.c">
      <Filter>src\shared</Filter>
    </ClCompile>
    <ClCompile Include="$(MSBuildThisFileDirectory)..\..\..\deps\shared\src\constbuffer.c">
      <Filter>src\shared</Filter>
    </ClCompile>
    <ClCompile Include="$(MSBuildThisFileDirectory)..\..\..\deps\shared\src\constmap.c">
      <Filter>src\shared</Filter>
    </ClCompile>
    <ClCompile Include="$(MSBuildThisFileDirectory)..\..\..\deps\shared\src\crt_abstractions.c">
      <Filter>src\shared</Filter>
    </ClCompile>
    <ClCompile Include="$(MSBuildThisFileDirectory)..\..\..\deps\shared\src\doublylinkedlist.c">
      <Filter>src\shared</Filter>
    </ClCompile>
    <ClCompile Include="$(MSBuildThisFileDirectory)..\..\..\deps\shared\src\gballoc.c">
      <Filter>src\shared</Filter>
    </ClCompile>
    <ClCompile Include="$(MSBuildThisFileDirectory)..\..\..\deps\shared\src\hmac.c">
      <Filter>src\shared</Filter>
    </ClCompile>
    <ClCompile Include="$(MSBuildThisFileDirectory)..\..\..\deps\shared\src\hmacsha256.c">
      <Filter>src\shared</Filter>
    </ClCompile>
    <ClCompile Include="$(MSBuildThisFileDirectory)..\..\..\deps\shared\src\http_proxy_io.c">
      <Filter>src\shared</Filter>
    </ClCompile>
    <ClCompile Include="$(MSBuildThisFileDirectory)..\..\..\deps\shared\src\httpapiex.c">
      <Filter>src\shared</Filter>
    </ClCompile>
    <ClCompile Include="$(MSBuildThisFileDirectory)..\..\..\deps\shared\src\httpapiexsas.c">
      <Filter>src\shared</Filter>
    </ClCompile>
    <ClCompile Include="$(MSBuildThisFileDirectory)..\..\..\deps\shared\src\httpheaders.c">
      <Filter>src\shared</Filter>
    </ClCompile>
    <ClCompile Include="$(MSBuildThisFileDirectory)..\..\..\deps\shared\src\map.c">
      <Filter>src\shared</Filter>
    </ClCompile>
    <ClCompile Include="$(MSBuildThisFileDirectory)..\..\..\deps\shared\src\optionhandler.c">
      <Filter>src\shared</Filter>
    </ClCompile>
    <ClCompile Include="$(MSBuildThisFileDirectory)..\..\..\deps\shared\src\sastoken.c">
      <Filter>src\shared</Filter>
    </ClCompile>
    <ClCompile Include="$(MSBuildThisFileDirectory)..\..\..\deps\shared\src\sha1.c">
      <Filter>src\shared</Filter>
    </ClCompile>
    <ClCompile Include="$(MSBuildThisFileDirectory)..\..\..\deps\shared\src\sha224.c">
      <Filter>src\shared</Filter>
    </ClCompile>
    <ClCompile Include="$(MSBuildThisFileDirectory)..\..\..\deps\shared\src\sha384-512.c">
      <Filter>src\shared</Filter>
    </ClCompile>
    <ClCompile Include="$(MSBuildThisFileDirectory)..\..\..\deps\shared\src\singlylinkedlist.c">
      <Filter>src\shared</Filter>
    </ClCompile>
    <ClCompile Include="$(MSBuildThisFileDirectory)..\..\..\deps\shared\src\string_tokenizer.c">
      <Filter>src\shared</Filter>
    </ClCompile>
    <ClCompile Include="$(MSBuildThisFileDirectory)..\..\..\deps\shared\src\strings.c">
      <Filter>src\shared</Filter>
    </ClCompile>
    <ClCompile Include="$(MSBuildThisFileDirectory)..\..\..\deps\shared\src\urlencode.c">
      <Filter>src\shared</Filter>
    </ClCompile>
    <ClCompile Include="$(MSBuildThisFileDirectory)..\..\..\deps\shared\src\usha.c">
      <Filter>src\shared</Filter>
    </ClCompile>
    <ClCompile Include="$(MSBuildThisFileDirectory)..\..\..\deps\shared\src\utf8_checker.c">
      <Filter>src\shared</Filter>
    </ClCompile>
    <ClCompile Include="$(MSBuildThisFileDirectory)..\..\..\deps\shared\src\uws_client.c">
      <Filter>src\shared</Filter>
    </ClCompile>
    <ClCompile Include="$(MSBuildThisFileDirectory)..\..\..\deps\shared\src\uws_frame_encoder.c">
      <Filter>src\shared</Filter>
    </ClCompile>
    <ClCompile Include="$(MSBuildThisFileDirectory)..\..\..\deps\shared\src\vector.c">
      <Filter>src\shared</Filter>
    </ClCompile>
    <ClCompile Include="$(MSBuildThisFileDirectory)..\..\..\deps\shared\src\xio.c">
      <Filter>src\shared</Filter>
    </ClCompile>
    <ClCompile Include="$(MSBuildThisFileDirectory)..\..\..\deps\shared\src\xlogging.c">
      <Filter>src\shared</Filter>
    </ClCompile>
    <ClCompile Include="$(MSBuildThisFileDirectory)..\..\..\deps\umqtt\src\mqtt_client.c">
      <Filter>src\umqtt</Filter>
    </ClCompile>
    <ClCompile Include="$(MSBuildThisFileDirectory)..\..\..\deps\umqtt\src\mqtt_codec.c">
      <Filter>src\umqtt</Filter>
    </ClCompile>
    <ClCompile Include="$(MSBuildThisFileDirectory)..\..\..\deps\umqtt\src\mqtt_message.c">
      <Filter>src\umqtt</Filter>
    </ClCompile>
  </ItemGroup>
  <ItemGroup>
    <ClInclude Include="$(MSBuildThisFileDirectory)..\..\..\deps\umqtt\inc\azure_umqtt_c\mqtt_client.h">
      <Filter>inc\umqtt</Filter>
    </ClInclude>
    <ClInclude Include="$(MSBuildThisFileDirectory)..\..\..\deps\umqtt\inc\azure_umqtt_c\mqtt_codec.h">
      <Filter>inc\umqtt</Filter>
    </ClInclude>
    <ClInclude Include="$(MSBuildThisFileDirectory)..\..\..\deps\umqtt\inc\azure_umqtt_c\mqtt_message.h">
      <Filter>inc\umqtt</Filter>
    </ClInclude>
    <ClInclude Include="$(MSBuildThisFileDirectory)..\..\..\deps\shared\inc\azure_c_shared_utility\agenttime.h">
      <Filter>inc\shared</Filter>
    </ClInclude>
    <ClInclude Include="$(MSBuildThisFileDirectory)..\..\..\deps\shared\inc\azure_c_shared_utility\base64.h">
      <Filter>inc\shared</Filter>
    </ClInclude>
    <ClInclude Include="$(MSBuildThisFileDirectory)..\..\..\deps\shared\inc\azure_c_shared_utility\buffer_.h">
      <Filter>inc\shared</Filter>
    </ClInclude>
    <ClInclude Include="$(MSBuildThisFileDirectory)..\..\..\deps\shared\inc\azure_c_shared_utility\condition.h">
      <Filter>inc\shared</Filter>
    </ClInclude>
    <ClInclude Include="$(MSBuildThisFileDirectory)..\..\..\deps\shared\inc\azure_c_shared_utility\connection_string_parser.h">
      <Filter>inc\shared</Filter>
    </ClInclude>
    <ClInclude Include="$(MSBuildThisFileDirectory)..\..\..\deps\shared\inc\azure_c_shared_utility\consolelogger.h">
      <Filter>inc\shared</Filter>
    </ClInclude>
    <ClInclude Include="$(MSBuildThisFileDirectory)..\..\..\deps\shared\inc\azure_c_shared_utility\constbuffer.h">
      <Filter>inc\shared</Filter>
    </ClInclude>
    <ClInclude Include="$(MSBuildThisFileDirectory)..\..\..\deps\shared\inc\azure_c_shared_utility\constmap.h">
      <Filter>inc\shared</Filter>
    </ClInclude>
    <ClInclude Include="$(MSBuildThisFileDirectory)..\..\..\deps\shared\inc\azure_c_shared_utility\crt_abstractions.h">
      <Filter>inc\shared</Filter>
    </ClInclude>
    <ClInclude Include="$(MSBuildThisFileDirectory)..\..\..\deps\shared\inc\azure_c_shared_utility\doublylinkedlist.h">
      <Filter>inc\shared</Filter>
    </ClInclude>
    <ClInclude Include="$(MSBuildThisFileDirectory)..\..\..\deps\shared\inc\azure_c_shared_utility\gb_rand.h">
      <Filter>inc\shared</Filter>
    </ClInclude>
    <ClInclude Include="$(MSBuildThisFileDirectory)..\..\..\deps\shared\inc\azure_c_shared_utility\gb_stdio.h">
      <Filter>inc\shared</Filter>
    </ClInclude>
    <ClInclude Include="$(MSBuildThisFileDirectory)..\..\..\deps\shared\inc\azure_c_shared_utility\gb_time.h">
      <Filter>inc\shared</Filter>
    </ClInclude>
    <ClInclude Include="$(MSBuildThisFileDirectory)..\..\..\deps\shared\inc\azure_c_shared_utility\gballoc.h">
      <Filter>inc\shared</Filter>
    </ClInclude>
    <ClInclude Include="$(MSBuildThisFileDirectory)..\..\..\deps\shared\inc\azure_c_shared_utility\hmac.h">
      <Filter>inc\shared</Filter>
    </ClInclude>
    <ClInclude Include="$(MSBuildThisFileDirectory)..\..\..\deps\shared\inc\azure_c_shared_utility\hmacsha256.h">
      <Filter>inc\shared</Filter>
    </ClInclude>
    <ClInclude Include="$(MSBuildThisFileDirectory)..\..\..\deps\shared\inc\azure_c_shared_utility\http_proxy_io.h">
      <Filter>inc\shared</Filter>
    </ClInclude>
    <ClInclude Include="$(MSBuildThisFileDirectory)..\..\..\deps\shared\inc\azure_c_shared_utility\httpapi.h">
      <Filter>inc\shared</Filter>
    </ClInclude>
    <ClInclude Include="$(MSBuildThisFileDirectory)..\..\..\deps\shared\inc\azure_c_shared_utility\httpapiex.h">
      <Filter>inc\shared</Filter>
    </ClInclude>
    <ClInclude Include="$(MSBuildThisFileDirectory)..\..\..\deps\shared\inc\azure_c_shared_utility\httpapiexsas.h">
      <Filter>inc\shared</Filter>
    </ClInclude>
    <ClInclude Include="$(MSBuildThisFileDirectory)..\..\..\deps\shared\inc\azure_c_shared_utility\httpheaders.h">
      <Filter>inc\shared</Filter>
    </ClInclude>
    <ClInclude Include="$(MSBuildThisFileDirectory)..\..\..\deps\shared\inc\azure_c_shared_utility\lock.h">
      <Filter>inc\shared</Filter>
    </ClInclude>
    <ClInclude Include="$(MSBuildThisFileDirectory)..\..\..\deps\shared\inc\azure_c_shared_utility\macro_utils.h">
      <Filter>inc\shared</Filter>
    </ClInclude>
    <ClInclude Include="$(MSBuildThisFileDirectory)..\..\..\deps\shared\inc\azure_c_shared_utility\map.h">
      <Filter>inc\shared</Filter>
    </ClInclude>
    <ClInclude Include="$(MSBuildThisFileDirectory)..\..\..\deps\umqtt\inc\azure_umqtt_c\mqttconst.h">
      <Filter>inc\shared</Filter>
    </ClInclude>
    <ClInclude Include="$(MSBuildThisFileDirectory)..\..\..\deps\shared\inc\azure_c_shared_utility\optionhandler.h">
      <Filter>inc\shared</Filter>
    </ClInclude>
    <ClInclude Include="$(MSBuildThisFileDirectory)..\..\..\deps\shared\inc\azure_c_shared_utility\platform.h">
      <Filter>inc\shared</Filter>
    </ClInclude>
    <ClInclude Include="$(MSBuildThisFileDirectory)..\..\..\deps\shared\inc\azure_c_shared_utility\refcount.h">
      <Filter>inc\shared</Filter>
    </ClInclude>
    <ClInclude Include="$(MSBuildThisFileDirectory)..\..\..\deps\shared\inc\azure_c_shared_utility\sastoken.h">
      <Filter>inc\shared</Filter>
    </ClInclude>
    <ClInclude Include="$(MSBuildThisFileDirectory)..\..\..\deps\shared\inc\azure_c_shared_utility\sha.h">
      <Filter>inc\shared</Filter>
    </ClInclude>
    <ClInclude Include="$(MSBuildThisFileDirectory)..\..\..\deps\shared\inc\azure_c_shared_utility\sha-private.h">
      <Filter>inc\shared</Filter>
    </ClInclude>
    <ClInclude Include="$(MSBuildThisFileDirectory)..\..\..\deps\shared\inc\azure_c_shared_utility\shared_util_options.h">
      <Filter>inc\shared</Filter>
    </ClInclude>
    <ClInclude Include="$(MSBuildThisFileDirectory)..\..\..\deps\shared\inc\azure_c_shared_utility\singlylinkedlist.h">
      <Filter>inc\shared</Filter>
    </ClInclude>
    <ClInclude Include="$(MSBuildThisFileDirectory)..\..\..\deps\shared\inc\azure_c_shared_utility\socketio.h">
      <Filter>inc\shared</Filter>
    </ClInclude>
    <ClInclude Include="$(MSBuildThisFileDirectory)..\..\..\deps\shared\inc\azure_c_shared_utility\stdint_ce6.h">
      <Filter>inc\shared</Filter>
    </ClInclude>
    <ClInclude Include="$(MSBuildThisFileDirectory)..\..\..\deps\shared\inc\azure_c_shared_utility\string_tokenizer.h">
      <Filter>inc\shared</Filter>
    </ClInclude>
    <ClInclude Include="$(MSBuildThisFileDirectory)..\..\..\deps\shared\inc\azure_c_shared_utility\strings.h">
      <Filter>inc\shared</Filter>
    </ClInclude>
    <ClInclude Include="$(MSBuildThisFileDirectory)..\..\..\deps\shared\inc\azure_c_shared_utility\strings_types.h">
      <Filter>inc\shared</Filter>
    </ClInclude>
    <ClInclude Include="$(MSBuildThisFileDirectory)..\..\..\deps\shared\inc\azure_c_shared_utility\threadapi.h">
      <Filter>inc\shared</Filter>
    </ClInclude>
    <ClInclude Include="$(MSBuildThisFileDirectory)..\..\..\deps\shared\inc\azure_c_shared_utility\tickcounter.h">
      <Filter>inc\shared</Filter>
    </ClInclude>
    <ClInclude Include="$(MSBuildThisFileDirectory)..\..\..\deps\shared\inc\azure_c_shared_utility\tls_config.h">
      <Filter>inc\shared</Filter>
    </ClInclude>
    <ClInclude Include="$(MSBuildThisFileDirectory)..\..\..\deps\shared\inc\azure_c_shared_utility\tlsio.h">
      <Filter>inc\shared</Filter>
    </ClInclude>
    <ClInclude Include="$(MSBuildThisFileDirectory)..\..\..\deps\shared\inc\azure_c_shared_utility\tlsio_openssl.h">
      <Filter>inc\shared</Filter>
    </ClInclude>
    <ClInclude Include="$(MSBuildThisFileDirectory)..\..\..\deps\shared\inc\azure_c_shared_utility\tlsio_schannel.h">
      <Filter>inc\shared</Filter>
    </ClInclude>
    <ClInclude Include="$(MSBuildThisFileDirectory)..\..\..\deps\shared\inc\azure_c_shared_utility\tlsio_wolfssl.h">
      <Filter>inc\shared</Filter>
    </ClInclude>
    <ClInclude Include="$(MSBuildThisFileDirectory)..\..\..\deps\shared\inc\azure_c_shared_utility\umock_c_prod.h">
      <Filter>inc\shared</Filter>
    </ClInclude>
    <ClInclude Include="$(MSBuildThisFileDirectory)..\..\..\deps\shared\inc\azure_c_shared_utility\uniqueid.h">
      <Filter>inc\shared</Filter>
    </ClInclude>
    <ClInclude Include="$(MSBuildThisFileDirectory)..\..\..\deps\shared\inc\azure_c_shared_utility\urlencode.h">
      <Filter>inc\shared</Filter>
    </ClInclude>
    <ClInclude Include="$(MSBuildThisFileDirectory)..\..\..\deps\shared\inc\azure_c_shared_utility\utf8_checker.h">
      <Filter>inc\shared</Filter>
    </ClInclude>
    <ClInclude Include="$(MSBuildThisFileDirectory)..\..\..\deps\shared\inc\azure_c_shared_utility\uws_client.h">
      <Filter>inc\shared</Filter>
    </ClInclude>
    <ClInclude Include="$(MSBuildThisFileDirectory)..\..\..\deps\shared\inc\azure_c_shared_utility\uws_frame_encoder.h">
      <Filter>inc\shared</Filter>
    </ClInclude>
    <ClInclude Include="$(MSBuildThisFileDirectory)..\..\..\deps\shared\inc\azure_c_shared_utility\vector.h">
      <Filter>inc\shared</Filter>
    </ClInclude>
    <ClInclude Include="$(MSBuildThisFileDirectory)..\..\..\deps\shared\inc\azure_c_shared_utility\vector_types_internal.h">
      <Filter>inc\shared</Filter>
    </ClInclude>
    <ClInclude Include="$(MSBuildThisFileDirectory)..\..\..\deps\shared\inc\azure_c_shared_utility\wsio.h">
      <Filter>inc\shared</Filter>
    </ClInclude>
    <ClInclude Include="$(MSBuildThisFileDirectory)..\..\..\deps\shared\inc\azure_c_shared_utility\x509_openssl.h">
      <Filter>inc\shared</Filter>
    </ClInclude>
    <ClInclude Include="$(MSBuildThisFileDirectory)..\..\..\deps\shared\inc\azure_c_shared_utility\x509_schannel.h">
      <Filter>inc\shared</Filter>
    </ClInclude>
    <ClInclude Include="$(MSBuildThisFileDirectory)..\..\..\deps\shared\inc\azure_c_shared_utility\xio.h">
      <Filter>inc\shared</Filter>
    </ClInclude>
    <ClInclude Include="$(MSBuildThisFileDirectory)..\..\..\deps\shared\inc\azure_c_shared_utility\xlogging.h">
      <Filter>inc\shared</Filter>
    </ClInclude>
    <ClInclude Include="C:\git\iot-gateway-proxy\bld\src\libiotsdk\..\..\..\deps\shared\inc\azure_c_shared_utility\optimize_size.h">
      <Filter>inc</Filter>
    </ClInclude>
    <ClInclude Include="C:\git\iot-gateway-proxy\bld\src\libiotsdk\..\..\..\deps\shared\inc\azure_c_shared_utility\string_tokenizer_types.h">
      <Filter>inc</Filter>
    </ClInclude>
    <ClInclude Include="C:\git\iot-gateway-proxy\bld\src\libiotsdk\..\..\..\deps\shared\inc\azure_c_shared_utility\vector_types.h">
      <Filter>inc</Filter>
    </ClInclude>
  </ItemGroup>
</Project>